// !$*UTF8*$!
{
	archiveVersion = 1;
	classes = {
	};
	objectVersion = 46;
	objects = {

/* Begin PBXBuildFile section */
		110F58A81885B8450061BB0A /* audio.vox in Resources */ = {isa = PBXBuildFile; fileRef = 110F58A31885B8450061BB0A /* audio.vox */; };
		110F58A91885B8450061BB0A /* speech.vox in Resources */ = {isa = PBXBuildFile; fileRef = 110F58A41885B8450061BB0A /* speech.vox */; };
		117B8228194F2DA600542747 /* Images.xcassets in Resources */ = {isa = PBXBuildFile; fileRef = 117B8227194F2DA600542747 /* Images.xcassets */; };
		119FFB6A19D8713C00031D4B /* ac2game.dat in Resources */ = {isa = PBXBuildFile; fileRef = 119FFB6919D8713C00031D4B /* ac2game.dat */; };
		119FFB6C19D87B9C00031D4B /* ac2game.dat in Resources */ = {isa = PBXBuildFile; fileRef = 119FFB6B19D87B9C00031D4B /* ac2game.dat */; };
		119FFB7219D8829E00031D4B /* steam_appid.txt in Resources */ = {isa = PBXBuildFile; fileRef = 119FFB7119D8829E00031D4B /* steam_appid.txt */; };
		11C3C32C19D63B9700CE4E49 /* Images.xcassets in Resources */ = {isa = PBXBuildFile; fileRef = 117B8227194F2DA600542747 /* Images.xcassets */; };
		11C3C32D19D63B9700CE4E49 /* audio.vox in Resources */ = {isa = PBXBuildFile; fileRef = 110F58A31885B8450061BB0A /* audio.vox */; };
		11C3C32E19D63B9700CE4E49 /* speech.vox in Resources */ = {isa = PBXBuildFile; fileRef = 110F58A41885B8450061BB0A /* speech.vox */; };
		52B8A58F1D2777F300FA453F /* libsteam_api.dylib in Frameworks */ = {isa = PBXBuildFile; fileRef = 52B8A5801D2777F300FA453F /* libsteam_api.dylib */; };
		52B8A5901D2777F300FA453F /* AGSKit.framework in Frameworks */ = {isa = PBXBuildFile; fileRef = 52B8A5811D2777F300FA453F /* AGSKit.framework */; };
		52B8A5911D2777F300FA453F /* AGSKit.framework in Frameworks */ = {isa = PBXBuildFile; fileRef = 52B8A5811D2777F300FA453F /* AGSKit.framework */; };
		52B8A5921D2777F300FA453F /* libz.1.dylib in Frameworks */ = {isa = PBXBuildFile; fileRef = 52B8A5821D2777F300FA453F /* libz.1.dylib */; };
		52B8A5931D2777F300FA453F /* libz.1.dylib in Frameworks */ = {isa = PBXBuildFile; fileRef = 52B8A5821D2777F300FA453F /* libz.1.dylib */; };
		52B8A5941D2777F300FA453F /* libbz2.1.0.dylib in Frameworks */ = {isa = PBXBuildFile; fileRef = 52B8A5831D2777F300FA453F /* libbz2.1.0.dylib */; };
		52B8A5951D2777F300FA453F /* libbz2.1.0.dylib in Frameworks */ = {isa = PBXBuildFile; fileRef = 52B8A5831D2777F300FA453F /* libbz2.1.0.dylib */; };
		52B8A5961D2777F300FA453F /* CoreVideo.framework in Frameworks */ = {isa = PBXBuildFile; fileRef = 52B8A5841D2777F300FA453F /* CoreVideo.framework */; };
		52B8A5971D2777F300FA453F /* CoreVideo.framework in Frameworks */ = {isa = PBXBuildFile; fileRef = 52B8A5841D2777F300FA453F /* CoreVideo.framework */; };
		52B8A5981D2777F300FA453F /* Cocoa.framework in Frameworks */ = {isa = PBXBuildFile; fileRef = 52B8A5851D2777F300FA453F /* Cocoa.framework */; };
		52B8A5991D2777F300FA453F /* Cocoa.framework in Frameworks */ = {isa = PBXBuildFile; fileRef = 52B8A5851D2777F300FA453F /* Cocoa.framework */; };
		52B8A59A1D2777F300FA453F /* QuickTime.framework in Frameworks */ = {isa = PBXBuildFile; fileRef = 52B8A5861D2777F300FA453F /* QuickTime.framework */; };
		52B8A59B1D2777F300FA453F /* QuickTime.framework in Frameworks */ = {isa = PBXBuildFile; fileRef = 52B8A5861D2777F300FA453F /* QuickTime.framework */; };
		52B8A59C1D2777F300FA453F /* IOKit.framework in Frameworks */ = {isa = PBXBuildFile; fileRef = 52B8A5871D2777F300FA453F /* IOKit.framework */; };
		52B8A59D1D2777F300FA453F /* IOKit.framework in Frameworks */ = {isa = PBXBuildFile; fileRef = 52B8A5871D2777F300FA453F /* IOKit.framework */; };
		52B8A59E1D2777F300FA453F /* CoreAudio.framework in Frameworks */ = {isa = PBXBuildFile; fileRef = 52B8A5881D2777F300FA453F /* CoreAudio.framework */; };
		52B8A59F1D2777F300FA453F /* CoreAudio.framework in Frameworks */ = {isa = PBXBuildFile; fileRef = 52B8A5881D2777F300FA453F /* CoreAudio.framework */; };
		52B8A5A01D2777F300FA453F /* AudioUnit.framework in Frameworks */ = {isa = PBXBuildFile; fileRef = 52B8A5891D2777F300FA453F /* AudioUnit.framework */; };
		52B8A5A11D2777F300FA453F /* AudioUnit.framework in Frameworks */ = {isa = PBXBuildFile; fileRef = 52B8A5891D2777F300FA453F /* AudioUnit.framework */; };
		52B8A5A21D2777F300FA453F /* AppKit.framework in Frameworks */ = {isa = PBXBuildFile; fileRef = 52B8A58A1D2777F300FA453F /* AppKit.framework */; };
		52B8A5A31D2777F300FA453F /* AppKit.framework in Frameworks */ = {isa = PBXBuildFile; fileRef = 52B8A58A1D2777F300FA453F /* AppKit.framework */; };
		52B8A5A41D2777F300FA453F /* OpenGL.framework in Frameworks */ = {isa = PBXBuildFile; fileRef = 52B8A58B1D2777F300FA453F /* OpenGL.framework */; };
		52B8A5A51D2777F300FA453F /* OpenGL.framework in Frameworks */ = {isa = PBXBuildFile; fileRef = 52B8A58B1D2777F300FA453F /* OpenGL.framework */; };
		52B8A5A61D2777F300FA453F /* AudioToolbox.framework in Frameworks */ = {isa = PBXBuildFile; fileRef = 52B8A58C1D2777F300FA453F /* AudioToolbox.framework */; };
		52B8A5A71D2777F300FA453F /* AudioToolbox.framework in Frameworks */ = {isa = PBXBuildFile; fileRef = 52B8A58C1D2777F300FA453F /* AudioToolbox.framework */; };
		52C5C0181D2784D1001E3B10 /* plugin_registration.cpp in Sources */ = {isa = PBXBuildFile; fileRef = 52C5C0051D2784D1001E3B10 /* plugin_registration.cpp */; };
		52C5C01B1D2784D1001E3B10 /* steam_plugin_registration.cpp in Sources */ = {isa = PBXBuildFile; fileRef = 52C5C0071D2784D1001E3B10 /* steam_plugin_registration.cpp */; };
		52C5C01D1D2784D1001E3B10 /* AGSteam.cpp in Sources */ = {isa = PBXBuildFile; fileRef = 52C5C0091D2784D1001E3B10 /* AGSteam.cpp */; };
		52C5C01F1D2784D1001E3B10 /* SteamAchievements.cpp in Sources */ = {isa = PBXBuildFile; fileRef = 52C5C00B1D2784D1001E3B10 /* SteamAchievements.cpp */; };
		52C5C0211D2784D1001E3B10 /* SteamStats.cpp in Sources */ = {isa = PBXBuildFile; fileRef = 52C5C00D1D2784D1001E3B10 /* SteamStats.cpp */; };
		52C5C0231D2784D1001E3B10 /* win32fillin.cpp in Sources */ = {isa = PBXBuildFile; fileRef = 52C5C00F1D2784D1001E3B10 /* win32fillin.cpp */; };
		52C5C0241D2784D1001E3B10 /* agswadjetutil.cpp in Sources */ = {isa = PBXBuildFile; fileRef = 52C5C0141D2784D1001E3B10 /* agswadjetutil.cpp */; };
		52C5C0251D2784D1001E3B10 /* agswadjetutil.cpp in Sources */ = {isa = PBXBuildFile; fileRef = 52C5C0141D2784D1001E3B10 /* agswadjetutil.cpp */; };
		52C5C07A1D278590001E3B10 /* steam_appid.txt in CopyFiles */ = {isa = PBXBuildFile; fileRef = 119FFB7119D8829E00031D4B /* steam_appid.txt */; };
		52C5C07B1D278597001E3B10 /* libsteam_api.dylib in CopyFiles */ = {isa = PBXBuildFile; fileRef = 52B8A5801D2777F300FA453F /* libsteam_api.dylib */; settings = {ATTRIBUTES = (CodeSignOnCopy, ); }; };
/* End PBXBuildFile section */

/* Begin PBXCopyFilesBuildPhase section */
		11C3C47119D63B9700CE4E49 /* Copy Frameworks */ = {
			isa = PBXCopyFilesBuildPhase;
			buildActionMask = 2147483647;
			dstPath = "";
			dstSubfolderSpec = 10;
			files = (
			);
			name = "Copy Frameworks";
			runOnlyForDeploymentPostprocessing = 0;
		};
		52C5C0791D27858A001E3B10 /* CopyFiles */ = {
			isa = PBXCopyFilesBuildPhase;
			buildActionMask = 2147483647;
			dstPath = "";
			dstSubfolderSpec = 6;
			files = (
				52C5C07A1D278590001E3B10 /* steam_appid.txt in CopyFiles */,
				52C5C07B1D278597001E3B10 /* libsteam_api.dylib in CopyFiles */,
			);
			runOnlyForDeploymentPostprocessing = 0;
		};
		DBCDB734180EDC2A00FF80B1 /* Copy Frameworks */ = {
			isa = PBXCopyFilesBuildPhase;
			buildActionMask = 2147483647;
			dstPath = "";
			dstSubfolderSpec = 10;
			files = (
			);
			name = "Copy Frameworks";
			runOnlyForDeploymentPostprocessing = 0;
		};
/* End PBXCopyFilesBuildPhase section */

/* Begin PBXFileReference section */
		110F58A31885B8450061BB0A /* audio.vox */ = {isa = PBXFileReference; lastKnownFileType = file; name = audio.vox; path = game_files/audio.vox; sourceTree = "<group>"; };
		110F58A41885B8450061BB0A /* speech.vox */ = {isa = PBXFileReference; lastKnownFileType = file; name = speech.vox; path = game_files/speech.vox; sourceTree = "<group>"; };
		1171EACC19D8E5FD00C86442 /* Legacy_Steam-Info.plist */ = {isa = PBXFileReference; lastKnownFileType = text.plist.xml; path = "Legacy_Steam-Info.plist"; sourceTree = "<group>"; };
		117B8227194F2DA600542747 /* Images.xcassets */ = {isa = PBXFileReference; lastKnownFileType = folder.assetcatalog; name = Images.xcassets; path = Legacy/Images.xcassets; sourceTree = "<group>"; };
		119FFB6919D8713C00031D4B /* ac2game.dat */ = {isa = PBXFileReference; lastKnownFileType = file; name = ac2game.dat; path = game_files/steam/ac2game.dat; sourceTree = "<group>"; };
		119FFB6B19D87B9C00031D4B /* ac2game.dat */ = {isa = PBXFileReference; lastKnownFileType = file; name = ac2game.dat; path = game_files/ac2game.dat; sourceTree = "<group>"; };
		119FFB7119D8829E00031D4B /* steam_appid.txt */ = {isa = PBXFileReference; fileEncoding = 4; lastKnownFileType = text; name = steam_appid.txt; path = game_files/steam/steam_appid.txt; sourceTree = "<group>"; };
		11C3C47719D63B9700CE4E49 /* Blackwell-Legacy.app */ = {isa = PBXFileReference; explicitFileType = wrapper.application; includeInIndex = 0; path = "Blackwell-Legacy.app"; sourceTree = BUILT_PRODUCTS_DIR; };
		1D6058910D05DD3D006BFB54 /* Blackwell-Legacy.app */ = {isa = PBXFileReference; explicitFileType = wrapper.application; includeInIndex = 0; path = "Blackwell-Legacy.app"; sourceTree = BUILT_PRODUCTS_DIR; };
		32CA4F630368D1EE00C91783 /* Legacy_Prefix.pch */ = {isa = PBXFileReference; fileEncoding = 4; lastKnownFileType = sourcecode.c.h; path = Legacy_Prefix.pch; sourceTree = "<group>"; };
		52B8A5801D2777F300FA453F /* libsteam_api.dylib */ = {isa = PBXFileReference; lastKnownFileType = "compiled.mach-o.dylib"; name = libsteam_api.dylib; path = ../../../steamworks_sdk_137/redistributable_bin/osx32/libsteam_api.dylib; sourceTree = "<group>"; };
		52B8A5811D2777F300FA453F /* AGSKit.framework */ = {isa = PBXFileReference; lastKnownFileType = wrapper.framework; name = AGSKit.framework; path = "../../../../../Library/Developer/Xcode/DerivedData/Shivah-bvdbjpdvrygocqabamrdlibfocdt/Build/Products/Debug/AGSKit.framework"; sourceTree = "<group>"; };
		52B8A5821D2777F300FA453F /* libz.1.dylib */ = {isa = PBXFileReference; lastKnownFileType = "compiled.mach-o.dylib"; name = libz.1.dylib; path = /usr/lib/libz.1.dylib; sourceTree = "<absolute>"; };
		52B8A5831D2777F300FA453F /* libbz2.1.0.dylib */ = {isa = PBXFileReference; lastKnownFileType = "compiled.mach-o.dylib"; name = libbz2.1.0.dylib; path = /usr/lib/libbz2.1.0.dylib; sourceTree = "<absolute>"; };
		52B8A5841D2777F300FA453F /* CoreVideo.framework */ = {isa = PBXFileReference; lastKnownFileType = wrapper.framework; name = CoreVideo.framework; path = /Applications/Xcode.app/Contents/Developer/Platforms/MacOSX.platform/Developer/SDKs/MacOSX10.11.sdk/System/Library/Frameworks/CoreVideo.framework; sourceTree = "<absolute>"; };
		52B8A5851D2777F300FA453F /* Cocoa.framework */ = {isa = PBXFileReference; lastKnownFileType = wrapper.framework; name = Cocoa.framework; path = /Applications/Xcode.app/Contents/Developer/Platforms/MacOSX.platform/Developer/SDKs/MacOSX10.11.sdk/System/Library/Frameworks/Cocoa.framework; sourceTree = "<absolute>"; };
		52B8A5861D2777F300FA453F /* QuickTime.framework */ = {isa = PBXFileReference; lastKnownFileType = wrapper.framework; name = QuickTime.framework; path = /Applications/Xcode.app/Contents/Developer/Platforms/MacOSX.platform/Developer/SDKs/MacOSX10.11.sdk/System/Library/Frameworks/QuickTime.framework; sourceTree = "<absolute>"; };
		52B8A5871D2777F300FA453F /* IOKit.framework */ = {isa = PBXFileReference; lastKnownFileType = wrapper.framework; name = IOKit.framework; path = /Applications/Xcode.app/Contents/Developer/Platforms/MacOSX.platform/Developer/SDKs/MacOSX10.11.sdk/System/Library/Frameworks/IOKit.framework; sourceTree = "<absolute>"; };
		52B8A5881D2777F300FA453F /* CoreAudio.framework */ = {isa = PBXFileReference; lastKnownFileType = wrapper.framework; name = CoreAudio.framework; path = /Applications/Xcode.app/Contents/Developer/Platforms/MacOSX.platform/Developer/SDKs/MacOSX10.11.sdk/System/Library/Frameworks/CoreAudio.framework; sourceTree = "<absolute>"; };
		52B8A5891D2777F300FA453F /* AudioUnit.framework */ = {isa = PBXFileReference; lastKnownFileType = wrapper.framework; name = AudioUnit.framework; path = /Applications/Xcode.app/Contents/Developer/Platforms/MacOSX.platform/Developer/SDKs/MacOSX10.11.sdk/System/Library/Frameworks/AudioUnit.framework; sourceTree = "<absolute>"; };
		52B8A58A1D2777F300FA453F /* AppKit.framework */ = {isa = PBXFileReference; lastKnownFileType = wrapper.framework; name = AppKit.framework; path = /Applications/Xcode.app/Contents/Developer/Platforms/MacOSX.platform/Developer/SDKs/MacOSX10.11.sdk/System/Library/Frameworks/AppKit.framework; sourceTree = "<absolute>"; };
		52B8A58B1D2777F300FA453F /* OpenGL.framework */ = {isa = PBXFileReference; lastKnownFileType = wrapper.framework; name = OpenGL.framework; path = /Applications/Xcode.app/Contents/Developer/Platforms/MacOSX.platform/Developer/SDKs/MacOSX10.11.sdk/System/Library/Frameworks/OpenGL.framework; sourceTree = "<absolute>"; };
		52B8A58C1D2777F300FA453F /* AudioToolbox.framework */ = {isa = PBXFileReference; lastKnownFileType = wrapper.framework; name = AudioToolbox.framework; path = /Applications/Xcode.app/Contents/Developer/Platforms/MacOSX.platform/Developer/SDKs/MacOSX10.11.sdk/System/Library/Frameworks/AudioToolbox.framework; sourceTree = "<absolute>"; };
		52C5C0051D2784D1001E3B10 /* plugin_registration.cpp */ = {isa = PBXFileReference; fileEncoding = 4; lastKnownFileType = sourcecode.cpp.cpp; name = plugin_registration.cpp; path = ../OSX/xcode/wadjetcommon/plugin_registration.cpp; sourceTree = "<group>"; };
		52C5C0061D2784D1001E3B10 /* plugin_registration.hpp */ = {isa = PBXFileReference; fileEncoding = 4; lastKnownFileType = sourcecode.cpp.h; name = plugin_registration.hpp; path = ../OSX/xcode/wadjetcommon/plugin_registration.hpp; sourceTree = "<group>"; };
		52C5C0071D2784D1001E3B10 /* steam_plugin_registration.cpp */ = {isa = PBXFileReference; fileEncoding = 4; lastKnownFileType = sourcecode.cpp.cpp; name = steam_plugin_registration.cpp; path = ../OSX/xcode/wadjetcommon/steam_plugin_registration.cpp; sourceTree = "<group>"; };
		52C5C0081D2784D1001E3B10 /* steam_plugin_registration.hpp */ = {isa = PBXFileReference; fileEncoding = 4; lastKnownFileType = sourcecode.cpp.h; name = steam_plugin_registration.hpp; path = ../OSX/xcode/wadjetcommon/steam_plugin_registration.hpp; sourceTree = "<group>"; };
		52C5C0091D2784D1001E3B10 /* AGSteam.cpp */ = {isa = PBXFileReference; fileEncoding = 4; lastKnownFileType = sourcecode.cpp.cpp; name = AGSteam.cpp; path = ../OSX/xcode/agsteam/AGSteam.cpp; sourceTree = "<group>"; };
		52C5C00A1D2784D1001E3B10 /* AGSteam.h */ = {isa = PBXFileReference; fileEncoding = 4; lastKnownFileType = sourcecode.c.h; name = AGSteam.h; path = ../OSX/xcode/agsteam/AGSteam.h; sourceTree = "<group>"; };
		52C5C00B1D2784D1001E3B10 /* SteamAchievements.cpp */ = {isa = PBXFileReference; fileEncoding = 4; lastKnownFileType = sourcecode.cpp.cpp; name = SteamAchievements.cpp; path = ../OSX/xcode/agsteam/SteamAchievements.cpp; sourceTree = "<group>"; };
		52C5C00C1D2784D1001E3B10 /* SteamAchievements.h */ = {isa = PBXFileReference; fileEncoding = 4; lastKnownFileType = sourcecode.c.h; name = SteamAchievements.h; path = ../OSX/xcode/agsteam/SteamAchievements.h; sourceTree = "<group>"; };
		52C5C00D1D2784D1001E3B10 /* SteamStats.cpp */ = {isa = PBXFileReference; fileEncoding = 4; lastKnownFileType = sourcecode.cpp.cpp; name = SteamStats.cpp; path = ../OSX/xcode/agsteam/SteamStats.cpp; sourceTree = "<group>"; };
		52C5C00E1D2784D1001E3B10 /* SteamStats.h */ = {isa = PBXFileReference; fileEncoding = 4; lastKnownFileType = sourcecode.c.h; name = SteamStats.h; path = ../OSX/xcode/agsteam/SteamStats.h; sourceTree = "<group>"; };
		52C5C00F1D2784D1001E3B10 /* win32fillin.cpp */ = {isa = PBXFileReference; fileEncoding = 4; lastKnownFileType = sourcecode.cpp.cpp; name = win32fillin.cpp; path = ../OSX/xcode/agsteam/win32fillin.cpp; sourceTree = "<group>"; };
		52C5C0101D2784D1001E3B10 /* win32fillin.hpp */ = {isa = PBXFileReference; fileEncoding = 4; lastKnownFileType = sourcecode.cpp.h; name = win32fillin.hpp; path = ../OSX/xcode/agsteam/win32fillin.hpp; sourceTree = "<group>"; };
		52C5C0121D2784D1001E3B10 /* agsplugin.h */ = {isa = PBXFileReference; fileEncoding = 4; lastKnownFileType = sourcecode.c.h; path = agsplugin.h; sourceTree = "<group>"; };
		52C5C0141D2784D1001E3B10 /* agswadjetutil.cpp */ = {isa = PBXFileReference; fileEncoding = 4; lastKnownFileType = sourcecode.cpp.cpp; path = agswadjetutil.cpp; sourceTree = "<group>"; };
		52C5C0151D2784D1001E3B10 /* agswadjetutil.h */ = {isa = PBXFileReference; fileEncoding = 4; lastKnownFileType = sourcecode.c.h; path = agswadjetutil.h; sourceTree = "<group>"; };
		8D1107310486CEB800E47090 /* Legacy-Info.plist */ = {isa = PBXFileReference; fileEncoding = 4; lastKnownFileType = text.plist.xml; path = "Legacy-Info.plist"; plistStructureDefinitionIdentifier = "com.apple.xcode.plist.structure-definition.iphone.info-plist"; sourceTree = "<group>"; };
/* End PBXFileReference section */

/* Begin PBXFrameworksBuildPhase section */
		11C3C45D19D63B9700CE4E49 /* Frameworks */ = {
			isa = PBXFrameworksBuildPhase;
			buildActionMask = 2147483647;
			files = (
				52B8A59F1D2777F300FA453F /* CoreAudio.framework in Frameworks */,
				52B8A5951D2777F300FA453F /* libbz2.1.0.dylib in Frameworks */,
				52B8A58F1D2777F300FA453F /* libsteam_api.dylib in Frameworks */,
				52B8A59B1D2777F300FA453F /* QuickTime.framework in Frameworks */,
				52B8A59D1D2777F300FA453F /* IOKit.framework in Frameworks */,
				52B8A5A71D2777F300FA453F /* AudioToolbox.framework in Frameworks */,
				52B8A5A51D2777F300FA453F /* OpenGL.framework in Frameworks */,
				52B8A5A11D2777F300FA453F /* AudioUnit.framework in Frameworks */,
				52B8A5A31D2777F300FA453F /* AppKit.framework in Frameworks */,
				52B8A5991D2777F300FA453F /* Cocoa.framework in Frameworks */,
				52B8A5931D2777F300FA453F /* libz.1.dylib in Frameworks */,
				52B8A5911D2777F300FA453F /* AGSKit.framework in Frameworks */,
				52B8A5971D2777F300FA453F /* CoreVideo.framework in Frameworks */,
			);
			runOnlyForDeploymentPostprocessing = 0;
		};
		1D60588F0D05DD3D006BFB54 /* Frameworks */ = {
			isa = PBXFrameworksBuildPhase;
			buildActionMask = 2147483647;
			files = (
				52B8A59E1D2777F300FA453F /* CoreAudio.framework in Frameworks */,
				52B8A5941D2777F300FA453F /* libbz2.1.0.dylib in Frameworks */,
				52B8A59A1D2777F300FA453F /* QuickTime.framework in Frameworks */,
				52B8A59C1D2777F300FA453F /* IOKit.framework in Frameworks */,
				52B8A5A61D2777F300FA453F /* AudioToolbox.framework in Frameworks */,
				52B8A5A41D2777F300FA453F /* OpenGL.framework in Frameworks */,
				52B8A5A01D2777F300FA453F /* AudioUnit.framework in Frameworks */,
				52B8A5A21D2777F300FA453F /* AppKit.framework in Frameworks */,
				52B8A5981D2777F300FA453F /* Cocoa.framework in Frameworks */,
				52B8A5921D2777F300FA453F /* libz.1.dylib in Frameworks */,
				52B8A5901D2777F300FA453F /* AGSKit.framework in Frameworks */,
				52B8A5961D2777F300FA453F /* CoreVideo.framework in Frameworks */,
			);
			runOnlyForDeploymentPostprocessing = 0;
		};
/* End PBXFrameworksBuildPhase section */

/* Begin PBXGroup section */
		080E96DDFE201D6D7F000001 /* Classes */ = {
			isa = PBXGroup;
			children = (
			);
			path = Classes;
			sourceTree = "<group>";
		};
		19C28FACFE9D520D11CA2CBB /* Products */ = {
			isa = PBXGroup;
			children = (
				1D6058910D05DD3D006BFB54 /* Blackwell-Legacy.app */,
				11C3C47719D63B9700CE4E49 /* Blackwell-Legacy.app */,
			);
			name = Products;
			sourceTree = "<group>";
		};
		29B97314FDCFA39411CA2CEA /* CustomTemplate */ = {
			isa = PBXGroup;
			children = (
				52C5C0171D2784D1001E3B10 /* Plugins */,
				080E96DDFE201D6D7F000001 /* Classes */,
				29B97315FDCFA39411CA2CEA /* Other Sources */,
				29B97317FDCFA39411CA2CEA /* Resources */,
				29B97323FDCFA39411CA2CEA /* Frameworks */,
				19C28FACFE9D520D11CA2CBB /* Products */,
			);
			indentWidth = 2;
			name = CustomTemplate;
			sourceTree = "<group>";
			tabWidth = 2;
		};
		29B97315FDCFA39411CA2CEA /* Other Sources */ = {
			isa = PBXGroup;
			children = (
				32CA4F630368D1EE00C91783 /* Legacy_Prefix.pch */,
			);
			name = "Other Sources";
			sourceTree = "<group>";
		};
		29B97317FDCFA39411CA2CEA /* Resources */ = {
			isa = PBXGroup;
			children = (
				1171EACC19D8E5FD00C86442 /* Legacy_Steam-Info.plist */,
				119FFB7119D8829E00031D4B /* steam_appid.txt */,
				119FFB6B19D87B9C00031D4B /* ac2game.dat */,
				119FFB6919D8713C00031D4B /* ac2game.dat */,
				117B8227194F2DA600542747 /* Images.xcassets */,
				110F58A31885B8450061BB0A /* audio.vox */,
				110F58A41885B8450061BB0A /* speech.vox */,
				8D1107310486CEB800E47090 /* Legacy-Info.plist */,
			);
			name = Resources;
			sourceTree = "<group>";
		};
		29B97323FDCFA39411CA2CEA /* Frameworks */ = {
			isa = PBXGroup;
			children = (
				52B8A5801D2777F300FA453F /* libsteam_api.dylib */,
				52B8A5811D2777F300FA453F /* AGSKit.framework */,
				52B8A58D1D2777F300FA453F /* System Frameworks */,
			);
			name = Frameworks;
			path = ../../lib;
			sourceTree = "<group>";
		};
		52B8A58D1D2777F300FA453F /* System Frameworks */ = {
			isa = PBXGroup;
			children = (
				52B8A5821D2777F300FA453F /* libz.1.dylib */,
				52B8A5831D2777F300FA453F /* libbz2.1.0.dylib */,
				52B8A5841D2777F300FA453F /* CoreVideo.framework */,
				52B8A5851D2777F300FA453F /* Cocoa.framework */,
				52B8A5861D2777F300FA453F /* QuickTime.framework */,
				52B8A5871D2777F300FA453F /* IOKit.framework */,
				52B8A5881D2777F300FA453F /* CoreAudio.framework */,
				52B8A5891D2777F300FA453F /* AudioUnit.framework */,
				52B8A58A1D2777F300FA453F /* AppKit.framework */,
				52B8A58B1D2777F300FA453F /* OpenGL.framework */,
				52B8A58C1D2777F300FA453F /* AudioToolbox.framework */,
			);
			name = "System Frameworks";
			sourceTree = "<group>";
		};
		52C5C0111D2784D1001E3B10 /* AGSteam */ = {
			isa = PBXGroup;
			children = (
				52C5C0091D2784D1001E3B10 /* AGSteam.cpp */,
				52C5C00A1D2784D1001E3B10 /* AGSteam.h */,
				52C5C00B1D2784D1001E3B10 /* SteamAchievements.cpp */,
				52C5C00C1D2784D1001E3B10 /* SteamAchievements.h */,
				52C5C00D1D2784D1001E3B10 /* SteamStats.cpp */,
				52C5C00E1D2784D1001E3B10 /* SteamStats.h */,
				52C5C00F1D2784D1001E3B10 /* win32fillin.cpp */,
				52C5C0101D2784D1001E3B10 /* win32fillin.hpp */,
			);
			name = AGSteam;
			sourceTree = "<group>";
		};
		52C5C0131D2784D1001E3B10 /* plugin */ = {
			isa = PBXGroup;
			children = (
				52C5C0121D2784D1001E3B10 /* agsplugin.h */,
			);
			name = plugin;
			path = ../Engine/plugin;
			sourceTree = "<group>";
		};
		52C5C0161D2784D1001E3B10 /* agswadjetutil */ = {
			isa = PBXGroup;
			children = (
				52C5C0141D2784D1001E3B10 /* agswadjetutil.cpp */,
				52C5C0151D2784D1001E3B10 /* agswadjetutil.h */,
			);
			path = agswadjetutil;
			sourceTree = "<group>";
		};
		52C5C0171D2784D1001E3B10 /* Plugins */ = {
			isa = PBXGroup;
			children = (
				52C5C0051D2784D1001E3B10 /* plugin_registration.cpp */,
				52C5C0061D2784D1001E3B10 /* plugin_registration.hpp */,
				52C5C0071D2784D1001E3B10 /* steam_plugin_registration.cpp */,
				52C5C0081D2784D1001E3B10 /* steam_plugin_registration.hpp */,
				52C5C0111D2784D1001E3B10 /* AGSteam */,
				52C5C0131D2784D1001E3B10 /* plugin */,
				52C5C0161D2784D1001E3B10 /* agswadjetutil */,
			);
			name = Plugins;
			path = "/Users/nick.sonneveld/src/ags-paid/ags/OSX/xcode/unbound/../../../Plugins";
			sourceTree = "<absolute>";
		};
/* End PBXGroup section */

/* Begin PBXNativeTarget section */
		11C3C32919D63B9700CE4E49 /* Legacy_Steam */ = {
			isa = PBXNativeTarget;
			buildConfigurationList = 11C3C47419D63B9700CE4E49 /* Build configuration list for PBXNativeTarget "Legacy_Steam" */;
			buildPhases = (
				11C3C32A19D63B9700CE4E49 /* Resources */,
				11C3C32F19D63B9700CE4E49 /* Sources */,
				11C3C45D19D63B9700CE4E49 /* Frameworks */,
				11C3C47119D63B9700CE4E49 /* Copy Frameworks */,
				52C5C0791D27858A001E3B10 /* CopyFiles */,
			);
			buildRules = (
			);
			dependencies = (
			);
			name = Legacy_Steam;
			productName = Legacy;
			productReference = 11C3C47719D63B9700CE4E49 /* Blackwell-Legacy.app */;
			productType = "com.apple.product-type.application";
		};
		1D6058900D05DD3D006BFB54 /* Legacy */ = {
			isa = PBXNativeTarget;
			buildConfigurationList = 1D6058960D05DD3E006BFB54 /* Build configuration list for PBXNativeTarget "Legacy" */;
			buildPhases = (
				1D60588D0D05DD3D006BFB54 /* Resources */,
				1D60588E0D05DD3D006BFB54 /* Sources */,
				1D60588F0D05DD3D006BFB54 /* Frameworks */,
				DBCDB734180EDC2A00FF80B1 /* Copy Frameworks */,
			);
			buildRules = (
			);
			dependencies = (
			);
			name = Legacy;
			productName = Legacy;
			productReference = 1D6058910D05DD3D006BFB54 /* Blackwell-Legacy.app */;
			productType = "com.apple.product-type.application";
		};
/* End PBXNativeTarget section */

/* Begin PBXProject section */
		29B97313FDCFA39411CA2CEA /* Project object */ = {
			isa = PBXProject;
			attributes = {
				LastUpgradeCheck = 0600;
				TargetAttributes = {
					1D6058900D05DD3D006BFB54 = {
						DevelopmentTeam = 69P49K3LPW;
					};
				};
			};
			buildConfigurationList = C01FCF4E08A954540054247B /* Build configuration list for PBXProject "Legacy" */;
			compatibilityVersion = "Xcode 3.2";
			developmentRegion = English;
			hasScannedForEncodings = 1;
			knownRegions = (
				English,
				Japanese,
				French,
				German,
				en,
				Base,
			);
			mainGroup = 29B97314FDCFA39411CA2CEA /* CustomTemplate */;
			projectDirPath = "";
			projectRoot = "";
			targets = (
				1D6058900D05DD3D006BFB54 /* Legacy */,
				11C3C32919D63B9700CE4E49 /* Legacy_Steam */,
			);
		};
/* End PBXProject section */

/* Begin PBXResourcesBuildPhase section */
		11C3C32A19D63B9700CE4E49 /* Resources */ = {
			isa = PBXResourcesBuildPhase;
			buildActionMask = 2147483647;
			files = (
				119FFB7219D8829E00031D4B /* steam_appid.txt in Resources */,
				11C3C32C19D63B9700CE4E49 /* Images.xcassets in Resources */,
				11C3C32D19D63B9700CE4E49 /* audio.vox in Resources */,
				119FFB6A19D8713C00031D4B /* ac2game.dat in Resources */,
				11C3C32E19D63B9700CE4E49 /* speech.vox in Resources */,
			);
			runOnlyForDeploymentPostprocessing = 0;
		};
		1D60588D0D05DD3D006BFB54 /* Resources */ = {
			isa = PBXResourcesBuildPhase;
			buildActionMask = 2147483647;
			files = (
				117B8228194F2DA600542747 /* Images.xcassets in Resources */,
				110F58A81885B8450061BB0A /* audio.vox in Resources */,
				119FFB6C19D87B9C00031D4B /* ac2game.dat in Resources */,
				110F58A91885B8450061BB0A /* speech.vox in Resources */,
			);
			runOnlyForDeploymentPostprocessing = 0;
		};
/* End PBXResourcesBuildPhase section */

/* Begin PBXSourcesBuildPhase section */
		11C3C32F19D63B9700CE4E49 /* Sources */ = {
			isa = PBXSourcesBuildPhase;
			buildActionMask = 2147483647;
			files = (
				52C5C01F1D2784D1001E3B10 /* SteamAchievements.cpp in Sources */,
				52C5C0251D2784D1001E3B10 /* agswadjetutil.cpp in Sources */,
				52C5C0231D2784D1001E3B10 /* win32fillin.cpp in Sources */,
				52C5C01B1D2784D1001E3B10 /* steam_plugin_registration.cpp in Sources */,
				52C5C0211D2784D1001E3B10 /* SteamStats.cpp in Sources */,
				52C5C01D1D2784D1001E3B10 /* AGSteam.cpp in Sources */,
			);
			runOnlyForDeploymentPostprocessing = 0;
		};
		1D60588E0D05DD3D006BFB54 /* Sources */ = {
			isa = PBXSourcesBuildPhase;
			buildActionMask = 2147483647;
			files = (
				52C5C0241D2784D1001E3B10 /* agswadjetutil.cpp in Sources */,
				52C5C0181D2784D1001E3B10 /* plugin_registration.cpp in Sources */,
			);
			runOnlyForDeploymentPostprocessing = 0;
		};
/* End PBXSourcesBuildPhase section */

/* Begin XCBuildConfiguration section */
		11C3C47519D63B9700CE4E49 /* Debug */ = {
			isa = XCBuildConfiguration;
			buildSettings = {
				ALWAYS_SEARCH_USER_PATHS = NO;
				ASSETCATALOG_COMPILER_APPICON_NAME = AppIcon;
				COMBINE_HIDPI_IMAGES = NO;
				GCC_DYNAMIC_NO_PIC = NO;
				GCC_PRECOMPILE_PREFIX_HEADER = YES;
				GCC_PREFIX_HEADER = Legacy_Prefix.pch;
				INFOPLIST_FILE = "Legacy_Steam-Info.plist";
				LD_RUNPATH_SEARCH_PATHS = "@executable_path/../Frameworks";
				LIBRARY_SEARCH_PATHS = "/Users/nick.sonneveld/src/ags-paid/steamworks_sdk_137/redistributable_bin/osx32";
				PRODUCT_NAME = "Blackwell-Legacy";
				USER_HEADER_SEARCH_PATHS = "$(SOURCE_ROOT)/../steamworks_sdk/public";
			};
			name = Debug;
		};
		11C3C47619D63B9700CE4E49 /* Release */ = {
			isa = XCBuildConfiguration;
			buildSettings = {
				ALWAYS_SEARCH_USER_PATHS = NO;
				ASSETCATALOG_COMPILER_APPICON_NAME = AppIcon;
				COMBINE_HIDPI_IMAGES = NO;
				GCC_PRECOMPILE_PREFIX_HEADER = YES;
				GCC_PREFIX_HEADER = Legacy_Prefix.pch;
				INFOPLIST_FILE = "Legacy_Steam-Info.plist";
				LD_RUNPATH_SEARCH_PATHS = "@executable_path/../Frameworks";
				LIBRARY_SEARCH_PATHS = "/Users/nick.sonneveld/src/ags-paid/steamworks_sdk_137/redistributable_bin/osx32";
				PRODUCT_NAME = "Blackwell-Legacy";
				USER_HEADER_SEARCH_PATHS = "$(SOURCE_ROOT)/../steamworks_sdk/public";
			};
			name = Release;
		};
		1D6058940D05DD3E006BFB54 /* Debug */ = {
			isa = XCBuildConfiguration;
			buildSettings = {
				ALWAYS_SEARCH_USER_PATHS = NO;
				ASSETCATALOG_COMPILER_APPICON_NAME = AppIcon;
				COMBINE_HIDPI_IMAGES = NO;
				GCC_DYNAMIC_NO_PIC = NO;
				GCC_PRECOMPILE_PREFIX_HEADER = YES;
				GCC_PREFIX_HEADER = Legacy_Prefix.pch;
				INFOPLIST_FILE = "Legacy-Info.plist";
				LD_RUNPATH_SEARCH_PATHS = "@executable_path/../Frameworks";
				PRODUCT_NAME = "Blackwell-Legacy";
			};
			name = Debug;
		};
		1D6058950D05DD3E006BFB54 /* Release */ = {
			isa = XCBuildConfiguration;
			buildSettings = {
				ALWAYS_SEARCH_USER_PATHS = NO;
				ASSETCATALOG_COMPILER_APPICON_NAME = AppIcon;
				COMBINE_HIDPI_IMAGES = NO;
				GCC_PRECOMPILE_PREFIX_HEADER = YES;
				GCC_PREFIX_HEADER = Legacy_Prefix.pch;
				INFOPLIST_FILE = "Legacy-Info.plist";
				LD_RUNPATH_SEARCH_PATHS = "@executable_path/../Frameworks";
				PRODUCT_NAME = "Blackwell-Legacy";
			};
			name = Release;
		};
		C01FCF4F08A954540054247B /* Debug */ = {
			isa = XCBuildConfiguration;
			buildSettings = {
				ALWAYS_SEARCH_USER_PATHS = NO;
				CLANG_CXX_LANGUAGE_STANDARD = "gnu++98";
				CLANG_WARN_BOOL_CONVERSION = YES;
				CLANG_WARN_CONSTANT_CONVERSION = YES;
				CLANG_WARN_DIRECT_OBJC_ISA_USAGE = YES_ERROR;
				CLANG_WARN_EMPTY_BODY = YES;
				CLANG_WARN_ENUM_CONVERSION = YES;
				CLANG_WARN_INT_CONVERSION = YES;
				CLANG_WARN_OBJC_ROOT_CLASS = YES_ERROR;
				CLANG_WARN_UNREACHABLE_CODE = YES;
				CLANG_WARN__DUPLICATE_METHOD_MATCH = YES;
				DEBUG_INFORMATION_FORMAT = dwarf;
				ENABLE_STRICT_OBJC_MSGSEND = YES;
				ENABLE_TESTABILITY = YES;
				GCC_C_LANGUAGE_STANDARD = gnu99;
				GCC_NO_COMMON_BLOCKS = YES;
				GCC_OPTIMIZATION_LEVEL = 0;
				GCC_PREPROCESSOR_DEFINITIONS = (
					DISABLE_MPEG_AUDIO,
					AGS_INVERTED_COLOR_ORDER,
					MAC_VERSION,
					BUILTIN_PLUGINS,
					DEBUG,
				);
				GCC_WARN_64_TO_32_BIT_CONVERSION = YES;
				GCC_WARN_ABOUT_RETURN_TYPE = YES_ERROR;
				GCC_WARN_UNDECLARED_SELECTOR = YES;
				GCC_WARN_UNINITIALIZED_AUTOS = YES_AGGRESSIVE;
				GCC_WARN_UNUSED_FUNCTION = YES;
				GCC_WARN_UNUSED_VARIABLE = YES;
				MACOSX_DEPLOYMENT_TARGET = 10.7;
				ONLY_ACTIVE_ARCH = YES;
				SDKROOT = macosx;
			};
			name = Debug;
		};
		C01FCF5008A954540054247B /* Release */ = {
			isa = XCBuildConfiguration;
			buildSettings = {
				ALWAYS_SEARCH_USER_PATHS = NO;
				CLANG_CXX_LANGUAGE_STANDARD = "gnu++98";
				CLANG_WARN_BOOL_CONVERSION = YES;
				CLANG_WARN_CONSTANT_CONVERSION = YES;
				CLANG_WARN_DIRECT_OBJC_ISA_USAGE = YES_ERROR;
				CLANG_WARN_EMPTY_BODY = YES;
				CLANG_WARN_ENUM_CONVERSION = YES;
				CLANG_WARN_INT_CONVERSION = YES;
				CLANG_WARN_OBJC_ROOT_CLASS = YES_ERROR;
				CLANG_WARN_UNREACHABLE_CODE = YES;
				CLANG_WARN__DUPLICATE_METHOD_MATCH = YES;
				DEBUG_INFORMATION_FORMAT = "dwarf-with-dsym";
				ENABLE_NS_ASSERTIONS = NO;
				ENABLE_STRICT_OBJC_MSGSEND = YES;
				GCC_C_LANGUAGE_STANDARD = gnu99;
				GCC_NO_COMMON_BLOCKS = YES;
				GCC_PREPROCESSOR_DEFINITIONS = (
					DISABLE_MPEG_AUDIO,
					AGS_INVERTED_COLOR_ORDER,
					MAC_VERSION,
					BUILTIN_PLUGINS,
				);
				GCC_WARN_64_TO_32_BIT_CONVERSION = YES;
				GCC_WARN_ABOUT_RETURN_TYPE = YES_ERROR;
				GCC_WARN_UNDECLARED_SELECTOR = YES;
				GCC_WARN_UNINITIALIZED_AUTOS = YES_AGGRESSIVE;
				GCC_WARN_UNUSED_FUNCTION = YES;
				GCC_WARN_UNUSED_VARIABLE = YES;
				MACOSX_DEPLOYMENT_TARGET = 10.7;
				OTHER_CFLAGS = "-DNS_BLOCK_ASSERTIONS=1";
				OTHER_CPLUSPLUSFLAGS = "$(OTHER_CFLAGS)";
				SDKROOT = macosx;
			};
			name = Release;
		};
/* End XCBuildConfiguration section */

/* Begin XCConfigurationList section */
		11C3C47419D63B9700CE4E49 /* Build configuration list for PBXNativeTarget "Legacy_Steam" */ = {
			isa = XCConfigurationList;
			buildConfigurations = (
				11C3C47519D63B9700CE4E49 /* Debug */,
				11C3C47619D63B9700CE4E49 /* Release */,
			);
			defaultConfigurationIsVisible = 0;
			defaultConfigurationName = Release;
		};
		1D6058960D05DD3E006BFB54 /* Build configuration list for PBXNativeTarget "Legacy" */ = {
			isa = XCConfigurationList;
			buildConfigurations = (
				1D6058940D05DD3E006BFB54 /* Debug */,
				1D6058950D05DD3E006BFB54 /* Release */,
			);
			defaultConfigurationIsVisible = 0;
			defaultConfigurationName = Release;
		};
		C01FCF4E08A954540054247B /* Build configuration list for PBXProject "Legacy" */ = {
			isa = XCConfigurationList;
			buildConfigurations = (
				C01FCF4F08A954540054247B /* Debug */,
				C01FCF5008A954540054247B /* Release */,
			);
			defaultConfigurationIsVisible = 0;
			defaultConfigurationName = Release;
		};
/* End XCConfigurationList section */
	};
	rootObject = 29B97313FDCFA39411CA2CEA /* Project object */;
}
