// !$*UTF8*$!
{
	archiveVersion = 1;
	classes = {
	};
	objectVersion = 46;
	objects = {

/* Begin PBXBuildFile section */
		110F58A71885B8450061BB0A /* ac2game.dat in Resources */ = {isa = PBXBuildFile; fileRef = 110F58A21885B8450061BB0A /* ac2game.dat */; };
		110F58A81885B8450061BB0A /* audio.vox in Resources */ = {isa = PBXBuildFile; fileRef = 110F58A31885B8450061BB0A /* audio.vox */; };
		110F58A91885B8450061BB0A /* speech.vox in Resources */ = {isa = PBXBuildFile; fileRef = 110F58A41885B8450061BB0A /* speech.vox */; };
		1171E97419D8C4B100C86442 /* Images.xcassets in Resources */ = {isa = PBXBuildFile; fileRef = 11C5699119586DB30096BB80 /* Images.xcassets */; };
		1171E97519D8C4B100C86442 /* audio.vox in Resources */ = {isa = PBXBuildFile; fileRef = 110F58A31885B8450061BB0A /* audio.vox */; };
		1171E97619D8C4B100C86442 /* speech.vox in Resources */ = {isa = PBXBuildFile; fileRef = 110F58A41885B8450061BB0A /* speech.vox */; };
		1171EAC519D8E2FC00C86442 /* ac2game.dat in Resources */ = {isa = PBXBuildFile; fileRef = 1171EAC419D8E2FC00C86442 /* ac2game.dat */; };
		1171EAC719D8E32200C86442 /* steam_appid.txt in Resources */ = {isa = PBXBuildFile; fileRef = 1171EAC619D8E32200C86442 /* steam_appid.txt */; };
		11C5699219586DB30096BB80 /* Images.xcassets in Resources */ = {isa = PBXBuildFile; fileRef = 11C5699119586DB30096BB80 /* Images.xcassets */; };
		52B8A53F1D2777E300FA453F /* libsteam_api.dylib in Frameworks */ = {isa = PBXBuildFile; fileRef = 52B8A5301D2777E300FA453F /* libsteam_api.dylib */; };
		52B8A5401D2777E300FA453F /* AGSKit.framework in Frameworks */ = {isa = PBXBuildFile; fileRef = 52B8A5311D2777E300FA453F /* AGSKit.framework */; };
		52B8A5411D2777E300FA453F /* AGSKit.framework in Frameworks */ = {isa = PBXBuildFile; fileRef = 52B8A5311D2777E300FA453F /* AGSKit.framework */; };
		52B8A5421D2777E300FA453F /* libz.1.dylib in Frameworks */ = {isa = PBXBuildFile; fileRef = 52B8A5321D2777E300FA453F /* libz.1.dylib */; };
		52B8A5431D2777E300FA453F /* libz.1.dylib in Frameworks */ = {isa = PBXBuildFile; fileRef = 52B8A5321D2777E300FA453F /* libz.1.dylib */; };
		52B8A5441D2777E300FA453F /* libbz2.1.0.dylib in Frameworks */ = {isa = PBXBuildFile; fileRef = 52B8A5331D2777E300FA453F /* libbz2.1.0.dylib */; };
		52B8A5451D2777E300FA453F /* libbz2.1.0.dylib in Frameworks */ = {isa = PBXBuildFile; fileRef = 52B8A5331D2777E300FA453F /* libbz2.1.0.dylib */; };
		52B8A5461D2777E300FA453F /* CoreVideo.framework in Frameworks */ = {isa = PBXBuildFile; fileRef = 52B8A5341D2777E300FA453F /* CoreVideo.framework */; };
		52B8A5471D2777E300FA453F /* CoreVideo.framework in Frameworks */ = {isa = PBXBuildFile; fileRef = 52B8A5341D2777E300FA453F /* CoreVideo.framework */; };
		52B8A5481D2777E300FA453F /* Cocoa.framework in Frameworks */ = {isa = PBXBuildFile; fileRef = 52B8A5351D2777E300FA453F /* Cocoa.framework */; };
		52B8A5491D2777E300FA453F /* Cocoa.framework in Frameworks */ = {isa = PBXBuildFile; fileRef = 52B8A5351D2777E300FA453F /* Cocoa.framework */; };
		52B8A54C1D2777E300FA453F /* IOKit.framework in Frameworks */ = {isa = PBXBuildFile; fileRef = 52B8A5371D2777E300FA453F /* IOKit.framework */; };
		52B8A54D1D2777E300FA453F /* IOKit.framework in Frameworks */ = {isa = PBXBuildFile; fileRef = 52B8A5371D2777E300FA453F /* IOKit.framework */; };
		52B8A54E1D2777E300FA453F /* CoreAudio.framework in Frameworks */ = {isa = PBXBuildFile; fileRef = 52B8A5381D2777E300FA453F /* CoreAudio.framework */; };
		52B8A54F1D2777E300FA453F /* CoreAudio.framework in Frameworks */ = {isa = PBXBuildFile; fileRef = 52B8A5381D2777E300FA453F /* CoreAudio.framework */; };
		52B8A5501D2777E300FA453F /* AudioUnit.framework in Frameworks */ = {isa = PBXBuildFile; fileRef = 52B8A5391D2777E300FA453F /* AudioUnit.framework */; };
		52B8A5511D2777E300FA453F /* AudioUnit.framework in Frameworks */ = {isa = PBXBuildFile; fileRef = 52B8A5391D2777E300FA453F /* AudioUnit.framework */; };
		52B8A5521D2777E300FA453F /* AppKit.framework in Frameworks */ = {isa = PBXBuildFile; fileRef = 52B8A53A1D2777E300FA453F /* AppKit.framework */; };
		52B8A5531D2777E300FA453F /* AppKit.framework in Frameworks */ = {isa = PBXBuildFile; fileRef = 52B8A53A1D2777E300FA453F /* AppKit.framework */; };
		52B8A5541D2777E300FA453F /* OpenGL.framework in Frameworks */ = {isa = PBXBuildFile; fileRef = 52B8A53B1D2777E300FA453F /* OpenGL.framework */; };
		52B8A5551D2777E300FA453F /* OpenGL.framework in Frameworks */ = {isa = PBXBuildFile; fileRef = 52B8A53B1D2777E300FA453F /* OpenGL.framework */; };
		52B8A5561D2777E300FA453F /* AudioToolbox.framework in Frameworks */ = {isa = PBXBuildFile; fileRef = 52B8A53C1D2777E300FA453F /* AudioToolbox.framework */; };
		52B8A5571D2777E300FA453F /* AudioToolbox.framework in Frameworks */ = {isa = PBXBuildFile; fileRef = 52B8A53C1D2777E300FA453F /* AudioToolbox.framework */; };
		52C5BFCD1D27838E001E3B10 /* AGSteam.cpp in Sources */ = {isa = PBXBuildFile; fileRef = 52C5BFBB1D27838E001E3B10 /* AGSteam.cpp */; };
		52C5BFCF1D27838E001E3B10 /* SteamAchievements.cpp in Sources */ = {isa = PBXBuildFile; fileRef = 52C5BFBD1D27838E001E3B10 /* SteamAchievements.cpp */; };
		52C5BFD11D27838E001E3B10 /* SteamStats.cpp in Sources */ = {isa = PBXBuildFile; fileRef = 52C5BFBF1D27838E001E3B10 /* SteamStats.cpp */; };
		52C5BFD31D27838E001E3B10 /* win32fillin.cpp in Sources */ = {isa = PBXBuildFile; fileRef = 52C5BFC11D27838E001E3B10 /* win32fillin.cpp */; };
		52C5BFD41D27838E001E3B10 /* agswadjetutil.cpp in Sources */ = {isa = PBXBuildFile; fileRef = 52C5BFC61D27838E001E3B10 /* agswadjetutil.cpp */; };
		52C5BFD51D27838E001E3B10 /* agswadjetutil.cpp in Sources */ = {isa = PBXBuildFile; fileRef = 52C5BFC61D27838E001E3B10 /* agswadjetutil.cpp */; };
		52C5BFD71D2783CF001E3B10 /* libsteam_api.dylib in CopyFiles */ = {isa = PBXBuildFile; fileRef = 52B8A5301D2777E300FA453F /* libsteam_api.dylib */; settings = {ATTRIBUTES = (CodeSignOnCopy, ); }; };
		52C5BFD81D2783D4001E3B10 /* steam_appid.txt in CopyFiles */ = {isa = PBXBuildFile; fileRef = 1171EAC619D8E32200C86442 /* steam_appid.txt */; };
		52C5BFDD1D278470001E3B10 /* plugin_registration.cpp in Sources */ = {isa = PBXBuildFile; fileRef = 52C5BFD91D278470001E3B10 /* plugin_registration.cpp */; };
		52C5BFE01D278470001E3B10 /* steam_plugin_registration.cpp in Sources */ = {isa = PBXBuildFile; fileRef = 52C5BFDB1D278470001E3B10 /* steam_plugin_registration.cpp */; };
/* End PBXBuildFile section */

/* Begin PBXCopyFilesBuildPhase section */
		1171EAB919D8C4B100C86442 /* Copy Frameworks */ = {
			isa = PBXCopyFilesBuildPhase;
			buildActionMask = 2147483647;
			dstPath = "";
			dstSubfolderSpec = 10;
			files = (
			);
			name = "Copy Frameworks";
			runOnlyForDeploymentPostprocessing = 0;
		};
		52C5BFD61D2783BC001E3B10 /* CopyFiles */ = {
			isa = PBXCopyFilesBuildPhase;
			buildActionMask = 2147483647;
			dstPath = "";
			dstSubfolderSpec = 6;
			files = (
				52C5BFD71D2783CF001E3B10 /* libsteam_api.dylib in CopyFiles */,
				52C5BFD81D2783D4001E3B10 /* steam_appid.txt in CopyFiles */,
			);
			runOnlyForDeploymentPostprocessing = 0;
		};
		DBCDB734180EDC2A00FF80B1 /* Copy Frameworks */ = {
			isa = PBXCopyFilesBuildPhase;
			buildActionMask = 2147483647;
			dstPath = "";
			dstSubfolderSpec = 10;
			files = (
			);
			name = "Copy Frameworks";
			runOnlyForDeploymentPostprocessing = 0;
		};
/* End PBXCopyFilesBuildPhase section */

/* Begin PBXFileReference section */
		110F58A21885B8450061BB0A /* ac2game.dat */ = {isa = PBXFileReference; lastKnownFileType = file; name = ac2game.dat; path = game_files/ac2game.dat; sourceTree = "<group>"; };
		110F58A31885B8450061BB0A /* audio.vox */ = {isa = PBXFileReference; lastKnownFileType = file; name = audio.vox; path = game_files/audio.vox; sourceTree = "<group>"; };
		110F58A41885B8450061BB0A /* speech.vox */ = {isa = PBXFileReference; lastKnownFileType = file; name = speech.vox; path = game_files/speech.vox; sourceTree = "<group>"; };
		1171EABF19D8C4B100C86442 /* Unbound_Steam.app */ = {isa = PBXFileReference; explicitFileType = wrapper.application; includeInIndex = 0; path = Unbound_Steam.app; sourceTree = BUILT_PRODUCTS_DIR; };
		1171EAC119D8C82500C86442 /* Unbound_Steam-Info.plist */ = {isa = PBXFileReference; fileEncoding = 4; lastKnownFileType = text.plist.xml; path = "Unbound_Steam-Info.plist"; sourceTree = "<group>"; };
		1171EAC419D8E2FC00C86442 /* ac2game.dat */ = {isa = PBXFileReference; lastKnownFileType = file; name = ac2game.dat; path = game_files/Steam/ac2game.dat; sourceTree = "<group>"; };
		1171EAC619D8E32200C86442 /* steam_appid.txt */ = {isa = PBXFileReference; fileEncoding = 4; lastKnownFileType = text; name = steam_appid.txt; path = game_files/Steam/steam_appid.txt; sourceTree = "<group>"; };
		11C5699119586DB30096BB80 /* Images.xcassets */ = {isa = PBXFileReference; lastKnownFileType = folder.assetcatalog; name = Images.xcassets; path = Unbound/Images.xcassets; sourceTree = "<group>"; };
		1D6058910D05DD3D006BFB54 /* Blackwell-Unbound.app */ = {isa = PBXFileReference; explicitFileType = wrapper.application; includeInIndex = 0; path = "Blackwell-Unbound.app"; sourceTree = BUILT_PRODUCTS_DIR; };
		32CA4F630368D1EE00C91783 /* Unbound_Prefix.pch */ = {isa = PBXFileReference; fileEncoding = 4; lastKnownFileType = sourcecode.c.h; path = Unbound_Prefix.pch; sourceTree = "<group>"; };
		52B8A5301D2777E300FA453F /* libsteam_api.dylib */ = {isa = PBXFileReference; lastKnownFileType = "compiled.mach-o.dylib"; name = libsteam_api.dylib; path = redistributable_bin/osx32/libsteam_api.dylib; sourceTree = steamworks_sdk; };
		52B8A5311D2777E300FA453F /* AGSKit.framework */ = {isa = PBXFileReference; lastKnownFileType = wrapper.framework; path = AGSKit.framework; sourceTree = BUILT_PRODUCTS_DIR; };
		52B8A5321D2777E300FA453F /* libz.1.dylib */ = {isa = PBXFileReference; lastKnownFileType = "compiled.mach-o.dylib"; name = libz.1.dylib; path = /usr/lib/libz.1.dylib; sourceTree = "<absolute>"; };
		52B8A5331D2777E300FA453F /* libbz2.1.0.dylib */ = {isa = PBXFileReference; lastKnownFileType = "compiled.mach-o.dylib"; name = libbz2.1.0.dylib; path = /usr/lib/libbz2.1.0.dylib; sourceTree = "<absolute>"; };
		52B8A5341D2777E300FA453F /* CoreVideo.framework */ = {isa = PBXFileReference; lastKnownFileType = wrapper.framework; name = CoreVideo.framework; path = /Applications/Xcode.app/Contents/Developer/Platforms/MacOSX.platform/Developer/SDKs/MacOSX10.11.sdk/System/Library/Frameworks/CoreVideo.framework; sourceTree = "<absolute>"; };
		52B8A5351D2777E300FA453F /* Cocoa.framework */ = {isa = PBXFileReference; lastKnownFileType = wrapper.framework; name = Cocoa.framework; path = /Applications/Xcode.app/Contents/Developer/Platforms/MacOSX.platform/Developer/SDKs/MacOSX10.11.sdk/System/Library/Frameworks/Cocoa.framework; sourceTree = "<absolute>"; };
		52B8A5371D2777E300FA453F /* IOKit.framework */ = {isa = PBXFileReference; lastKnownFileType = wrapper.framework; name = IOKit.framework; path = /Applications/Xcode.app/Contents/Developer/Platforms/MacOSX.platform/Developer/SDKs/MacOSX10.11.sdk/System/Library/Frameworks/IOKit.framework; sourceTree = "<absolute>"; };
		52B8A5381D2777E300FA453F /* CoreAudio.framework */ = {isa = PBXFileReference; lastKnownFileType = wrapper.framework; name = CoreAudio.framework; path = /Applications/Xcode.app/Contents/Developer/Platforms/MacOSX.platform/Developer/SDKs/MacOSX10.11.sdk/System/Library/Frameworks/CoreAudio.framework; sourceTree = "<absolute>"; };
		52B8A5391D2777E300FA453F /* AudioUnit.framework */ = {isa = PBXFileReference; lastKnownFileType = wrapper.framework; name = AudioUnit.framework; path = /Applications/Xcode.app/Contents/Developer/Platforms/MacOSX.platform/Developer/SDKs/MacOSX10.11.sdk/System/Library/Frameworks/AudioUnit.framework; sourceTree = "<absolute>"; };
		52B8A53A1D2777E300FA453F /* AppKit.framework */ = {isa = PBXFileReference; lastKnownFileType = wrapper.framework; name = AppKit.framework; path = /Applications/Xcode.app/Contents/Developer/Platforms/MacOSX.platform/Developer/SDKs/MacOSX10.11.sdk/System/Library/Frameworks/AppKit.framework; sourceTree = "<absolute>"; };
		52B8A53B1D2777E300FA453F /* OpenGL.framework */ = {isa = PBXFileReference; lastKnownFileType = wrapper.framework; name = OpenGL.framework; path = /Applications/Xcode.app/Contents/Developer/Platforms/MacOSX.platform/Developer/SDKs/MacOSX10.11.sdk/System/Library/Frameworks/OpenGL.framework; sourceTree = "<absolute>"; };
		52B8A53C1D2777E300FA453F /* AudioToolbox.framework */ = {isa = PBXFileReference; lastKnownFileType = wrapper.framework; name = AudioToolbox.framework; path = /Applications/Xcode.app/Contents/Developer/Platforms/MacOSX.platform/Developer/SDKs/MacOSX10.11.sdk/System/Library/Frameworks/AudioToolbox.framework; sourceTree = "<absolute>"; };
		52C5BFBB1D27838E001E3B10 /* AGSteam.cpp */ = {isa = PBXFileReference; fileEncoding = 4; lastKnownFileType = sourcecode.cpp.cpp; name = AGSteam.cpp; path = ../OSX/xcode/agsteam/AGSteam.cpp; sourceTree = "<group>"; };
		52C5BFBC1D27838E001E3B10 /* AGSteam.h */ = {isa = PBXFileReference; fileEncoding = 4; lastKnownFileType = sourcecode.c.h; name = AGSteam.h; path = ../OSX/xcode/agsteam/AGSteam.h; sourceTree = "<group>"; };
		52C5BFBD1D27838E001E3B10 /* SteamAchievements.cpp */ = {isa = PBXFileReference; fileEncoding = 4; lastKnownFileType = sourcecode.cpp.cpp; name = SteamAchievements.cpp; path = ../OSX/xcode/agsteam/SteamAchievements.cpp; sourceTree = "<group>"; };
		52C5BFBE1D27838E001E3B10 /* SteamAchievements.h */ = {isa = PBXFileReference; fileEncoding = 4; lastKnownFileType = sourcecode.c.h; name = SteamAchievements.h; path = ../OSX/xcode/agsteam/SteamAchievements.h; sourceTree = "<group>"; };
		52C5BFBF1D27838E001E3B10 /* SteamStats.cpp */ = {isa = PBXFileReference; fileEncoding = 4; lastKnownFileType = sourcecode.cpp.cpp; name = SteamStats.cpp; path = ../OSX/xcode/agsteam/SteamStats.cpp; sourceTree = "<group>"; };
		52C5BFC01D27838E001E3B10 /* SteamStats.h */ = {isa = PBXFileReference; fileEncoding = 4; lastKnownFileType = sourcecode.c.h; name = SteamStats.h; path = ../OSX/xcode/agsteam/SteamStats.h; sourceTree = "<group>"; };
		52C5BFC11D27838E001E3B10 /* win32fillin.cpp */ = {isa = PBXFileReference; fileEncoding = 4; lastKnownFileType = sourcecode.cpp.cpp; name = win32fillin.cpp; path = ../OSX/xcode/agsteam/win32fillin.cpp; sourceTree = "<group>"; };
		52C5BFC21D27838E001E3B10 /* win32fillin.hpp */ = {isa = PBXFileReference; fileEncoding = 4; lastKnownFileType = sourcecode.cpp.h; name = win32fillin.hpp; path = ../OSX/xcode/agsteam/win32fillin.hpp; sourceTree = "<group>"; };
		52C5BFC41D27838E001E3B10 /* agsplugin.h */ = {isa = PBXFileReference; fileEncoding = 4; lastKnownFileType = sourcecode.c.h; path = agsplugin.h; sourceTree = "<group>"; };
		52C5BFC61D27838E001E3B10 /* agswadjetutil.cpp */ = {isa = PBXFileReference; fileEncoding = 4; lastKnownFileType = sourcecode.cpp.cpp; path = agswadjetutil.cpp; sourceTree = "<group>"; };
		52C5BFC71D27838E001E3B10 /* agswadjetutil.h */ = {isa = PBXFileReference; fileEncoding = 4; lastKnownFileType = sourcecode.c.h; path = agswadjetutil.h; sourceTree = "<group>"; };
		52C5BFD91D278470001E3B10 /* plugin_registration.cpp */ = {isa = PBXFileReference; fileEncoding = 4; lastKnownFileType = sourcecode.cpp.cpp; name = plugin_registration.cpp; path = ../OSX/xcode/wadjetcommon/plugin_registration.cpp; sourceTree = "<group>"; };
		52C5BFDA1D278470001E3B10 /* plugin_registration.hpp */ = {isa = PBXFileReference; fileEncoding = 4; lastKnownFileType = sourcecode.cpp.h; name = plugin_registration.hpp; path = ../OSX/xcode/wadjetcommon/plugin_registration.hpp; sourceTree = "<group>"; };
		52C5BFDB1D278470001E3B10 /* steam_plugin_registration.cpp */ = {isa = PBXFileReference; fileEncoding = 4; lastKnownFileType = sourcecode.cpp.cpp; name = steam_plugin_registration.cpp; path = ../OSX/xcode/wadjetcommon/steam_plugin_registration.cpp; sourceTree = "<group>"; };
		52C5BFDC1D278470001E3B10 /* steam_plugin_registration.hpp */ = {isa = PBXFileReference; fileEncoding = 4; lastKnownFileType = sourcecode.cpp.h; name = steam_plugin_registration.hpp; path = ../OSX/xcode/wadjetcommon/steam_plugin_registration.hpp; sourceTree = "<group>"; };
		8D1107310486CEB800E47090 /* Unbound-Info.plist */ = {isa = PBXFileReference; fileEncoding = 4; lastKnownFileType = text.plist.xml; path = "Unbound-Info.plist"; plistStructureDefinitionIdentifier = "com.apple.xcode.plist.structure-definition.iphone.info-plist"; sourceTree = "<group>"; };
/* End PBXFileReference section */

/* Begin PBXFrameworksBuildPhase section */
		1171EAA519D8C4B100C86442 /* Frameworks */ = {
			isa = PBXFrameworksBuildPhase;
			buildActionMask = 2147483647;
			files = (
				52B8A54F1D2777E300FA453F /* CoreAudio.framework in Frameworks */,
				52B8A5451D2777E300FA453F /* libbz2.1.0.dylib in Frameworks */,
				52B8A53F1D2777E300FA453F /* libsteam_api.dylib in Frameworks */,
				52B8A54D1D2777E300FA453F /* IOKit.framework in Frameworks */,
				52B8A5571D2777E300FA453F /* AudioToolbox.framework in Frameworks */,
				52B8A5551D2777E300FA453F /* OpenGL.framework in Frameworks */,
				52B8A5511D2777E300FA453F /* AudioUnit.framework in Frameworks */,
				52B8A5531D2777E300FA453F /* AppKit.framework in Frameworks */,
				52B8A5491D2777E300FA453F /* Cocoa.framework in Frameworks */,
				52B8A5431D2777E300FA453F /* libz.1.dylib in Frameworks */,
				52B8A5411D2777E300FA453F /* AGSKit.framework in Frameworks */,
				52B8A5471D2777E300FA453F /* CoreVideo.framework in Frameworks */,
			);
			runOnlyForDeploymentPostprocessing = 0;
		};
		1D60588F0D05DD3D006BFB54 /* Frameworks */ = {
			isa = PBXFrameworksBuildPhase;
			buildActionMask = 2147483647;
			files = (
				52B8A54E1D2777E300FA453F /* CoreAudio.framework in Frameworks */,
				52B8A5441D2777E300FA453F /* libbz2.1.0.dylib in Frameworks */,
				52B8A54C1D2777E300FA453F /* IOKit.framework in Frameworks */,
				52B8A5561D2777E300FA453F /* AudioToolbox.framework in Frameworks */,
				52B8A5541D2777E300FA453F /* OpenGL.framework in Frameworks */,
				52B8A5501D2777E300FA453F /* AudioUnit.framework in Frameworks */,
				52B8A5521D2777E300FA453F /* AppKit.framework in Frameworks */,
				52B8A5481D2777E300FA453F /* Cocoa.framework in Frameworks */,
				52B8A5421D2777E300FA453F /* libz.1.dylib in Frameworks */,
				52B8A5401D2777E300FA453F /* AGSKit.framework in Frameworks */,
				52B8A5461D2777E300FA453F /* CoreVideo.framework in Frameworks */,
			);
			runOnlyForDeploymentPostprocessing = 0;
		};
/* End PBXFrameworksBuildPhase section */

/* Begin PBXGroup section */
		080E96DDFE201D6D7F000001 /* Classes */ = {
			isa = PBXGroup;
			children = (
			);
			path = Classes;
			sourceTree = "<group>";
		};
		19C28FACFE9D520D11CA2CBB /* Products */ = {
			isa = PBXGroup;
			children = (
				1D6058910D05DD3D006BFB54 /* Blackwell-Unbound.app */,
				1171EABF19D8C4B100C86442 /* Unbound_Steam.app */,
			);
			name = Products;
			sourceTree = "<group>";
		};
		29B97314FDCFA39411CA2CEA /* CustomTemplate */ = {
			isa = PBXGroup;
			children = (
				52C5BFC91D27838E001E3B10 /* Plugins */,
				080E96DDFE201D6D7F000001 /* Classes */,
				29B97315FDCFA39411CA2CEA /* Other Sources */,
				29B97317FDCFA39411CA2CEA /* Resources */,
				29B97323FDCFA39411CA2CEA /* Frameworks */,
				19C28FACFE9D520D11CA2CBB /* Products */,
			);
			indentWidth = 2;
			name = CustomTemplate;
			sourceTree = "<group>";
			tabWidth = 2;
		};
		29B97315FDCFA39411CA2CEA /* Other Sources */ = {
			isa = PBXGroup;
			children = (
				32CA4F630368D1EE00C91783 /* Unbound_Prefix.pch */,
			);
			name = "Other Sources";
			sourceTree = "<group>";
		};
		29B97317FDCFA39411CA2CEA /* Resources */ = {
			isa = PBXGroup;
			children = (
				1171EAC619D8E32200C86442 /* steam_appid.txt */,
				1171EAC419D8E2FC00C86442 /* ac2game.dat */,
				1171EAC119D8C82500C86442 /* Unbound_Steam-Info.plist */,
				11C5699119586DB30096BB80 /* Images.xcassets */,
				110F58A21885B8450061BB0A /* ac2game.dat */,
				110F58A31885B8450061BB0A /* audio.vox */,
				110F58A41885B8450061BB0A /* speech.vox */,
				8D1107310486CEB800E47090 /* Unbound-Info.plist */,
			);
			name = Resources;
			sourceTree = "<group>";
		};
		29B97323FDCFA39411CA2CEA /* Frameworks */ = {
			isa = PBXGroup;
			children = (
				52B8A5301D2777E300FA453F /* libsteam_api.dylib */,
				52B8A5311D2777E300FA453F /* AGSKit.framework */,
				52B8A53D1D2777E300FA453F /* System Frameworks */,
			);
			name = Frameworks;
			path = ../../lib;
			sourceTree = "<group>";
		};
		52B8A53D1D2777E300FA453F /* System Frameworks */ = {
			isa = PBXGroup;
			children = (
				52B8A5321D2777E300FA453F /* libz.1.dylib */,
				52B8A5331D2777E300FA453F /* libbz2.1.0.dylib */,
				52B8A5341D2777E300FA453F /* CoreVideo.framework */,
				52B8A5351D2777E300FA453F /* Cocoa.framework */,
				52B8A5371D2777E300FA453F /* IOKit.framework */,
				52B8A5381D2777E300FA453F /* CoreAudio.framework */,
				52B8A5391D2777E300FA453F /* AudioUnit.framework */,
				52B8A53A1D2777E300FA453F /* AppKit.framework */,
				52B8A53B1D2777E300FA453F /* OpenGL.framework */,
				52B8A53C1D2777E300FA453F /* AudioToolbox.framework */,
			);
			name = "System Frameworks";
			sourceTree = "<group>";
		};
		52C5BFC31D27838E001E3B10 /* AGSteam */ = {
			isa = PBXGroup;
			children = (
				52C5BFBB1D27838E001E3B10 /* AGSteam.cpp */,
				52C5BFBC1D27838E001E3B10 /* AGSteam.h */,
				52C5BFBD1D27838E001E3B10 /* SteamAchievements.cpp */,
				52C5BFBE1D27838E001E3B10 /* SteamAchievements.h */,
				52C5BFBF1D27838E001E3B10 /* SteamStats.cpp */,
				52C5BFC01D27838E001E3B10 /* SteamStats.h */,
				52C5BFC11D27838E001E3B10 /* win32fillin.cpp */,
				52C5BFC21D27838E001E3B10 /* win32fillin.hpp */,
			);
			name = AGSteam;
			sourceTree = "<group>";
		};
		52C5BFC51D27838E001E3B10 /* plugin */ = {
			isa = PBXGroup;
			children = (
				52C5BFC41D27838E001E3B10 /* agsplugin.h */,
			);
			name = plugin;
			path = ../Engine/plugin;
			sourceTree = "<group>";
		};
		52C5BFC81D27838E001E3B10 /* agswadjetutil */ = {
			isa = PBXGroup;
			children = (
				52C5BFC61D27838E001E3B10 /* agswadjetutil.cpp */,
				52C5BFC71D27838E001E3B10 /* agswadjetutil.h */,
			);
			path = agswadjetutil;
			sourceTree = "<group>";
		};
		52C5BFC91D27838E001E3B10 /* Plugins */ = {
			isa = PBXGroup;
			children = (
				52C5BFD91D278470001E3B10 /* plugin_registration.cpp */,
				52C5BFDA1D278470001E3B10 /* plugin_registration.hpp */,
				52C5BFDB1D278470001E3B10 /* steam_plugin_registration.cpp */,
				52C5BFDC1D278470001E3B10 /* steam_plugin_registration.hpp */,
				52C5BFC31D27838E001E3B10 /* AGSteam */,
				52C5BFC51D27838E001E3B10 /* plugin */,
				52C5BFC81D27838E001E3B10 /* agswadjetutil */,
			);
			name = Plugins;
			path = ../../../Plugins;
			sourceTree = "<group>";
		};
/* End PBXGroup section */

/* Begin PBXNativeTarget section */
		1171E97119D8C4B100C86442 /* Unbound_Steam */ = {
			isa = PBXNativeTarget;
			buildConfigurationList = 1171EABC19D8C4B100C86442 /* Build configuration list for PBXNativeTarget "Unbound_Steam" */;
			buildPhases = (
				1171E97219D8C4B100C86442 /* Resources */,
				1171E97719D8C4B100C86442 /* Sources */,
				1171EAA519D8C4B100C86442 /* Frameworks */,
				1171EAB919D8C4B100C86442 /* Copy Frameworks */,
				52C5BFD61D2783BC001E3B10 /* CopyFiles */,
			);
			buildRules = (
			);
			dependencies = (
			);
			name = Unbound_Steam;
			productName = Legacy;
			productReference = 1171EABF19D8C4B100C86442 /* Unbound_Steam.app */;
			productType = "com.apple.product-type.application";
		};
		1D6058900D05DD3D006BFB54 /* Unbound */ = {
			isa = PBXNativeTarget;
			buildConfigurationList = 1D6058960D05DD3E006BFB54 /* Build configuration list for PBXNativeTarget "Unbound" */;
			buildPhases = (
				1D60588D0D05DD3D006BFB54 /* Resources */,
				1D60588E0D05DD3D006BFB54 /* Sources */,
				1D60588F0D05DD3D006BFB54 /* Frameworks */,
				DBCDB734180EDC2A00FF80B1 /* Copy Frameworks */,
			);
			buildRules = (
			);
			dependencies = (
			);
			name = Unbound;
			productName = Legacy;
			productReference = 1D6058910D05DD3D006BFB54 /* Blackwell-Unbound.app */;
			productType = "com.apple.product-type.application";
		};
/* End PBXNativeTarget section */

/* Begin PBXProject section */
		29B97313FDCFA39411CA2CEA /* Project object */ = {
			isa = PBXProject;
			attributes = {
				LastUpgradeCheck = 0910;
				TargetAttributes = {
					1D6058900D05DD3D006BFB54 = {
						DevelopmentTeam = 69P49K3LPW;
					};
				};
			};
			buildConfigurationList = C01FCF4E08A954540054247B /* Build configuration list for PBXProject "Unbound" */;
			compatibilityVersion = "Xcode 3.2";
			developmentRegion = English;
			hasScannedForEncodings = 1;
			knownRegions = (
				English,
				Japanese,
				French,
				German,
				en,
				Base,
			);
			mainGroup = 29B97314FDCFA39411CA2CEA /* CustomTemplate */;
			projectDirPath = "";
			projectRoot = "";
			targets = (
				1D6058900D05DD3D006BFB54 /* Unbound */,
				1171E97119D8C4B100C86442 /* Unbound_Steam */,
			);
		};
/* End PBXProject section */

/* Begin PBXResourcesBuildPhase section */
		1171E97219D8C4B100C86442 /* Resources */ = {
			isa = PBXResourcesBuildPhase;
			buildActionMask = 2147483647;
			files = (
				1171EAC719D8E32200C86442 /* steam_appid.txt in Resources */,
				1171E97419D8C4B100C86442 /* Images.xcassets in Resources */,
				1171E97519D8C4B100C86442 /* audio.vox in Resources */,
				1171E97619D8C4B100C86442 /* speech.vox in Resources */,
				1171EAC519D8E2FC00C86442 /* ac2game.dat in Resources */,
			);
			runOnlyForDeploymentPostprocessing = 0;
		};
		1D60588D0D05DD3D006BFB54 /* Resources */ = {
			isa = PBXResourcesBuildPhase;
			buildActionMask = 2147483647;
			files = (
				110F58A71885B8450061BB0A /* ac2game.dat in Resources */,
				11C5699219586DB30096BB80 /* Images.xcassets in Resources */,
				110F58A81885B8450061BB0A /* audio.vox in Resources */,
				110F58A91885B8450061BB0A /* speech.vox in Resources */,
			);
			runOnlyForDeploymentPostprocessing = 0;
		};
/* End PBXResourcesBuildPhase section */

/* Begin PBXSourcesBuildPhase section */
		1171E97719D8C4B100C86442 /* Sources */ = {
			isa = PBXSourcesBuildPhase;
			buildActionMask = 2147483647;
			files = (
				52C5BFE01D278470001E3B10 /* steam_plugin_registration.cpp in Sources */,
				52C5BFD11D27838E001E3B10 /* SteamStats.cpp in Sources */,
				52C5BFCF1D27838E001E3B10 /* SteamAchievements.cpp in Sources */,
				52C5BFCD1D27838E001E3B10 /* AGSteam.cpp in Sources */,
				52C5BFD31D27838E001E3B10 /* win32fillin.cpp in Sources */,
				52C5BFD51D27838E001E3B10 /* agswadjetutil.cpp in Sources */,
			);
			runOnlyForDeploymentPostprocessing = 0;
		};
		1D60588E0D05DD3D006BFB54 /* Sources */ = {
			isa = PBXSourcesBuildPhase;
			buildActionMask = 2147483647;
			files = (
				52C5BFDD1D278470001E3B10 /* plugin_registration.cpp in Sources */,
				52C5BFD41D27838E001E3B10 /* agswadjetutil.cpp in Sources */,
			);
			runOnlyForDeploymentPostprocessing = 0;
		};
/* End PBXSourcesBuildPhase section */

/* Begin XCBuildConfiguration section */
		1171EABD19D8C4B100C86442 /* Debug */ = {
			isa = XCBuildConfiguration;
			buildSettings = {
				ALWAYS_SEARCH_USER_PATHS = NO;
				ASSETCATALOG_COMPILER_APPICON_NAME = AppIcon;
				COMBINE_HIDPI_IMAGES = NO;
				GCC_DYNAMIC_NO_PIC = NO;
				GCC_PRECOMPILE_PREFIX_HEADER = YES;
				GCC_PREFIX_HEADER = Unbound_Prefix.pch;
				INFOPLIST_FILE = "Unbound_Steam-Info.plist";
				LD_RUNPATH_SEARCH_PATHS = "@executable_path/../Frameworks";
				LIBRARY_SEARCH_PATHS = "$(steamworks_sdk)/redistributable_bin/osx32";
				PRODUCT_BUNDLE_IDENTIFIER = "com.wadjeteyegames.mac.${PRODUCT_NAME:rfc1034identifier}";
				PRODUCT_NAME = Unbound_Steam;
				USER_HEADER_SEARCH_PATHS = "$(steamworks_sdk)/public";
			};
			name = Debug;
		};
		1171EABE19D8C4B100C86442 /* Release */ = {
			isa = XCBuildConfiguration;
			buildSettings = {
				ALWAYS_SEARCH_USER_PATHS = NO;
				ASSETCATALOG_COMPILER_APPICON_NAME = AppIcon;
				COMBINE_HIDPI_IMAGES = NO;
				GCC_PRECOMPILE_PREFIX_HEADER = YES;
				GCC_PREFIX_HEADER = Unbound_Prefix.pch;
				INFOPLIST_FILE = "Unbound_Steam-Info.plist";
				LD_RUNPATH_SEARCH_PATHS = "@executable_path/../Frameworks";
				LIBRARY_SEARCH_PATHS = "$(steamworks_sdk)/redistributable_bin/osx32";
				PRODUCT_BUNDLE_IDENTIFIER = "com.wadjeteyegames.mac.${PRODUCT_NAME:rfc1034identifier}";
				PRODUCT_NAME = Unbound_Steam;
				USER_HEADER_SEARCH_PATHS = "$(steamworks_sdk)/public";
			};
			name = Release;
		};
		1D6058940D05DD3E006BFB54 /* Debug */ = {
			isa = XCBuildConfiguration;
			buildSettings = {
				ALWAYS_SEARCH_USER_PATHS = NO;
				ASSETCATALOG_COMPILER_APPICON_NAME = AppIcon;
				COMBINE_HIDPI_IMAGES = NO;
				GCC_DYNAMIC_NO_PIC = NO;
				GCC_PRECOMPILE_PREFIX_HEADER = YES;
				GCC_PREFIX_HEADER = Unbound_Prefix.pch;
				INFOPLIST_FILE = "Unbound-Info.plist";
				LD_RUNPATH_SEARCH_PATHS = "@executable_path/../Frameworks";
				PRODUCT_BUNDLE_IDENTIFIER = "com.wadjeteyegames.mac.${PRODUCT_NAME:rfc1034identifier}";
				PRODUCT_NAME = "Blackwell-Unbound";
			};
			name = Debug;
		};
		1D6058950D05DD3E006BFB54 /* Release */ = {
			isa = XCBuildConfiguration;
			buildSettings = {
				ALWAYS_SEARCH_USER_PATHS = NO;
				ASSETCATALOG_COMPILER_APPICON_NAME = AppIcon;
				COMBINE_HIDPI_IMAGES = NO;
				GCC_PRECOMPILE_PREFIX_HEADER = YES;
				GCC_PREFIX_HEADER = Unbound_Prefix.pch;
				INFOPLIST_FILE = "Unbound-Info.plist";
				LD_RUNPATH_SEARCH_PATHS = "@executable_path/../Frameworks";
				PRODUCT_BUNDLE_IDENTIFIER = "com.wadjeteyegames.mac.${PRODUCT_NAME:rfc1034identifier}";
				PRODUCT_NAME = "Blackwell-Unbound";
			};
			name = Release;
		};
		C01FCF4F08A954540054247B /* Debug */ = {
			isa = XCBuildConfiguration;
			buildSettings = {
				ALWAYS_SEARCH_USER_PATHS = NO;
				CLANG_ANALYZER_LOCALIZABILITY_NONLOCALIZED = YES;
				CLANG_CXX_LANGUAGE_STANDARD = "gnu++98";
				CLANG_WARN_BLOCK_CAPTURE_AUTORELEASING = YES;
				CLANG_WARN_BOOL_CONVERSION = YES;
				CLANG_WARN_COMMA = YES;
				CLANG_WARN_CONSTANT_CONVERSION = YES;
				CLANG_WARN_DIRECT_OBJC_ISA_USAGE = YES_ERROR;
				CLANG_WARN_EMPTY_BODY = YES;
				CLANG_WARN_ENUM_CONVERSION = YES;
				CLANG_WARN_INFINITE_RECURSION = YES;
				CLANG_WARN_INT_CONVERSION = YES;
				CLANG_WARN_NON_LITERAL_NULL_CONVERSION = YES;
				CLANG_WARN_OBJC_LITERAL_CONVERSION = YES;
				CLANG_WARN_OBJC_ROOT_CLASS = YES_ERROR;
				CLANG_WARN_RANGE_LOOP_ANALYSIS = YES;
				CLANG_WARN_STRICT_PROTOTYPES = YES;
				CLANG_WARN_SUSPICIOUS_MOVE = YES;
				CLANG_WARN_UNREACHABLE_CODE = YES;
				CLANG_WARN__DUPLICATE_METHOD_MATCH = YES;
				DEBUG_INFORMATION_FORMAT = dwarf;
				ENABLE_STRICT_OBJC_MSGSEND = YES;
				ENABLE_TESTABILITY = YES;
				GCC_C_LANGUAGE_STANDARD = gnu99;
				GCC_NO_COMMON_BLOCKS = YES;
				GCC_OPTIMIZATION_LEVEL = 0;
				GCC_PREPROCESSOR_DEFINITIONS = (
					DISABLE_MPEG_AUDIO,
					AGS_INVERTED_COLOR_ORDER,
					MAC_VERSION,
					BUILTIN_PLUGINS,
					DEBUG,
				);
				GCC_WARN_64_TO_32_BIT_CONVERSION = YES;
				GCC_WARN_ABOUT_RETURN_TYPE = YES_ERROR;
				GCC_WARN_UNDECLARED_SELECTOR = YES;
				GCC_WARN_UNINITIALIZED_AUTOS = YES_AGGRESSIVE;
				GCC_WARN_UNUSED_FUNCTION = YES;
				GCC_WARN_UNUSED_VARIABLE = YES;
				MACOSX_DEPLOYMENT_TARGET = 10.7;
				ONLY_ACTIVE_ARCH = YES;
				SDKROOT = macosx;
			};
			name = Debug;
		};
		C01FCF5008A954540054247B /* Release */ = {
			isa = XCBuildConfiguration;
			buildSettings = {
				ALWAYS_SEARCH_USER_PATHS = NO;
				CLANG_ANALYZER_LOCALIZABILITY_NONLOCALIZED = YES;
				CLANG_CXX_LANGUAGE_STANDARD = "gnu++98";
				CLANG_WARN_BLOCK_CAPTURE_AUTORELEASING = YES;
				CLANG_WARN_BOOL_CONVERSION = YES;
				CLANG_WARN_COMMA = YES;
				CLANG_WARN_CONSTANT_CONVERSION = YES;
				CLANG_WARN_DIRECT_OBJC_ISA_USAGE = YES_ERROR;
				CLANG_WARN_EMPTY_BODY = YES;
				CLANG_WARN_ENUM_CONVERSION = YES;
				CLANG_WARN_INFINITE_RECURSION = YES;
				CLANG_WARN_INT_CONVERSION = YES;
				CLANG_WARN_NON_LITERAL_NULL_CONVERSION = YES;
				CLANG_WARN_OBJC_LITERAL_CONVERSION = YES;
				CLANG_WARN_OBJC_ROOT_CLASS = YES_ERROR;
				CLANG_WARN_RANGE_LOOP_ANALYSIS = YES;
				CLANG_WARN_STRICT_PROTOTYPES = YES;
				CLANG_WARN_SUSPICIOUS_MOVE = YES;
				CLANG_WARN_UNREACHABLE_CODE = YES;
				CLANG_WARN__DUPLICATE_METHOD_MATCH = YES;
				DEBUG_INFORMATION_FORMAT = "dwarf-with-dsym";
				ENABLE_NS_ASSERTIONS = NO;
				ENABLE_STRICT_OBJC_MSGSEND = YES;
				GCC_C_LANGUAGE_STANDARD = gnu99;
				GCC_NO_COMMON_BLOCKS = YES;
				GCC_PREPROCESSOR_DEFINITIONS = (
					DISABLE_MPEG_AUDIO,
					AGS_INVERTED_COLOR_ORDER,
					MAC_VERSION,
					BUILTIN_PLUGINS,
				);
				GCC_WARN_64_TO_32_BIT_CONVERSION = YES;
				GCC_WARN_ABOUT_RETURN_TYPE = YES_ERROR;
				GCC_WARN_UNDECLARED_SELECTOR = YES;
				GCC_WARN_UNINITIALIZED_AUTOS = YES_AGGRESSIVE;
				GCC_WARN_UNUSED_FUNCTION = YES;
				GCC_WARN_UNUSED_VARIABLE = YES;
				MACOSX_DEPLOYMENT_TARGET = 10.7;
				OTHER_CFLAGS = "-DNS_BLOCK_ASSERTIONS=1";
				OTHER_CPLUSPLUSFLAGS = "$(OTHER_CFLAGS)";
				SDKROOT = macosx;
			};
			name = Release;
		};
/* End XCBuildConfiguration section */

/* Begin XCConfigurationList section */
		1171EABC19D8C4B100C86442 /* Build configuration list for PBXNativeTarget "Unbound_Steam" */ = {
			isa = XCConfigurationList;
			buildConfigurations = (
				1171EABD19D8C4B100C86442 /* Debug */,
				1171EABE19D8C4B100C86442 /* Release */,
			);
			defaultConfigurationIsVisible = 0;
			defaultConfigurationName = Release;
		};
		1D6058960D05DD3E006BFB54 /* Build configuration list for PBXNativeTarget "Unbound" */ = {
			isa = XCConfigurationList;
			buildConfigurations = (
				1D6058940D05DD3E006BFB54 /* Debug */,
				1D6058950D05DD3E006BFB54 /* Release */,
			);
			defaultConfigurationIsVisible = 0;
			defaultConfigurationName = Release;
		};
		C01FCF4E08A954540054247B /* Build configuration list for PBXProject "Unbound" */ = {
			isa = XCConfigurationList;
			buildConfigurations = (
				C01FCF4F08A954540054247B /* Debug */,
				C01FCF5008A954540054247B /* Release */,
			);
			defaultConfigurationIsVisible = 0;
			defaultConfigurationName = Release;
		};
/* End XCConfigurationList section */
	};
	rootObject = 29B97313FDCFA39411CA2CEA /* Project object */;
}
