// !$*UTF8*$!
{
	archiveVersion = 1;
	classes = {
	};
	objectVersion = 46;
	objects = {

/* Begin PBXBuildFile section */
		110F58A81885B8450061BB0A /* audio.vox in Resources */ = {isa = PBXBuildFile; fileRef = 110F58A31885B8450061BB0A /* audio.vox */; };
		110F58A91885B8450061BB0A /* speech.vox in Resources */ = {isa = PBXBuildFile; fileRef = 110F58A41885B8450061BB0A /* speech.vox */; };
		11617D3D19C20D4100F5A88A /* Images.xcassets in Resources */ = {isa = PBXBuildFile; fileRef = 11B215D419B0FD3000E8FA42 /* Images.xcassets */; };
		11617D3E19C20D4100F5A88A /* audio.vox in Resources */ = {isa = PBXBuildFile; fileRef = 110F58A31885B8450061BB0A /* audio.vox */; };
		11617D3F19C20D4100F5A88A /* speech.vox in Resources */ = {isa = PBXBuildFile; fileRef = 110F58A41885B8450061BB0A /* speech.vox */; };
		11617E8B19C20D6700F5A88A /* ac2game.dat in Resources */ = {isa = PBXBuildFile; fileRef = 11617E8A19C20D6700F5A88A /* ac2game.dat */; };
		119DA6B619DD927D00E7F388 /* speech.vox in Resources */ = {isa = PBXBuildFile; fileRef = 119DA6B519DD927D00E7F388 /* speech.vox */; };
		119DA6B719DD927D00E7F388 /* speech.vox in Resources */ = {isa = PBXBuildFile; fileRef = 119DA6B519DD927D00E7F388 /* speech.vox */; };
		11B215D519B0FD3000E8FA42 /* Images.xcassets in Resources */ = {isa = PBXBuildFile; fileRef = 11B215D419B0FD3000E8FA42 /* Images.xcassets */; };
		11BB40B919F7F05B00AE4BF8 /* acsetup.cfg in Resources */ = {isa = PBXBuildFile; fileRef = 11BB40B819F7F05B00AE4BF8 /* acsetup.cfg */; };
		11BB40BA19F7F05B00AE4BF8 /* acsetup.cfg in Resources */ = {isa = PBXBuildFile; fileRef = 11BB40B819F7F05B00AE4BF8 /* acsetup.cfg */; };
		11BB40BE19F805F500AE4BF8 /* acsetup.cfg in Resources */ = {isa = PBXBuildFile; fileRef = 11BB40BD19F805F500AE4BF8 /* acsetup.cfg */; };
		11BB40BF19F805F500AE4BF8 /* acsetup.cfg in Resources */ = {isa = PBXBuildFile; fileRef = 11BB40BD19F805F500AE4BF8 /* acsetup.cfg */; };
		11FD002E19DC60F000C4A61D /* Images.xcassets in Resources */ = {isa = PBXBuildFile; fileRef = 11B215D419B0FD3000E8FA42 /* Images.xcassets */; };
		11FD002F19DC60F000C4A61D /* audio.vox in Resources */ = {isa = PBXBuildFile; fileRef = 110F58A31885B8450061BB0A /* audio.vox */; };
		11FD017D19DC85CE00C4A61D /* ac2game.dat in Resources */ = {isa = PBXBuildFile; fileRef = 11FD017C19DC85CE00C4A61D /* ac2game.dat */; };
		11FD017F19DC85DF00C4A61D /* ac2game.dat in Resources */ = {isa = PBXBuildFile; fileRef = 11FD017E19DC85DF00C4A61D /* ac2game.dat */; };
		11FD018119DC862800C4A61D /* steam_appid.txt in Resources */ = {isa = PBXBuildFile; fileRef = 11FD018019DC862800C4A61D /* steam_appid.txt */; };
		11FD018719DC86C000C4A61D /* Images.xcassets in Resources */ = {isa = PBXBuildFile; fileRef = 11B215D419B0FD3000E8FA42 /* Images.xcassets */; };
		11FD018819DC86C000C4A61D /* audio.vox in Resources */ = {isa = PBXBuildFile; fileRef = 110F58A31885B8450061BB0A /* audio.vox */; };
		11FD02DB19DC872400C4A61D /* ac2game.dat in Resources */ = {isa = PBXBuildFile; fileRef = 11FD02DA19DC872400C4A61D /* ac2game.dat */; };
		11FD02DD19DC872A00C4A61D /* steam_appid.txt in Resources */ = {isa = PBXBuildFile; fileRef = 11FD02DC19DC872A00C4A61D /* steam_appid.txt */; };
		52B8A5B71D27781300FA453F /* libsteam_api.dylib in Frameworks */ = {isa = PBXBuildFile; fileRef = 52B8A5A81D27781300FA453F /* libsteam_api.dylib */; };
		52B8A5B91D27781300FA453F /* libsteam_api.dylib in Frameworks */ = {isa = PBXBuildFile; fileRef = 52B8A5A81D27781300FA453F /* libsteam_api.dylib */; };
		52B8A5BA1D27781300FA453F /* AGSKit.framework in Frameworks */ = {isa = PBXBuildFile; fileRef = 52B8A5A91D27781300FA453F /* AGSKit.framework */; };
		52B8A5BB1D27781300FA453F /* AGSKit.framework in Frameworks */ = {isa = PBXBuildFile; fileRef = 52B8A5A91D27781300FA453F /* AGSKit.framework */; };
		52B8A5BC1D27781300FA453F /* AGSKit.framework in Frameworks */ = {isa = PBXBuildFile; fileRef = 52B8A5A91D27781300FA453F /* AGSKit.framework */; };
		52B8A5BD1D27781300FA453F /* AGSKit.framework in Frameworks */ = {isa = PBXBuildFile; fileRef = 52B8A5A91D27781300FA453F /* AGSKit.framework */; };
		52B8A5BE1D27781300FA453F /* libz.1.dylib in Frameworks */ = {isa = PBXBuildFile; fileRef = 52B8A5AA1D27781300FA453F /* libz.1.dylib */; };
		52B8A5BF1D27781300FA453F /* libz.1.dylib in Frameworks */ = {isa = PBXBuildFile; fileRef = 52B8A5AA1D27781300FA453F /* libz.1.dylib */; };
		52B8A5C01D27781300FA453F /* libz.1.dylib in Frameworks */ = {isa = PBXBuildFile; fileRef = 52B8A5AA1D27781300FA453F /* libz.1.dylib */; };
		52B8A5C11D27781300FA453F /* libz.1.dylib in Frameworks */ = {isa = PBXBuildFile; fileRef = 52B8A5AA1D27781300FA453F /* libz.1.dylib */; };
		52B8A5C21D27781300FA453F /* libbz2.1.0.dylib in Frameworks */ = {isa = PBXBuildFile; fileRef = 52B8A5AB1D27781300FA453F /* libbz2.1.0.dylib */; };
		52B8A5C31D27781300FA453F /* libbz2.1.0.dylib in Frameworks */ = {isa = PBXBuildFile; fileRef = 52B8A5AB1D27781300FA453F /* libbz2.1.0.dylib */; };
		52B8A5C41D27781300FA453F /* libbz2.1.0.dylib in Frameworks */ = {isa = PBXBuildFile; fileRef = 52B8A5AB1D27781300FA453F /* libbz2.1.0.dylib */; };
		52B8A5C51D27781300FA453F /* libbz2.1.0.dylib in Frameworks */ = {isa = PBXBuildFile; fileRef = 52B8A5AB1D27781300FA453F /* libbz2.1.0.dylib */; };
		52B8A5C61D27781300FA453F /* CoreVideo.framework in Frameworks */ = {isa = PBXBuildFile; fileRef = 52B8A5AC1D27781300FA453F /* CoreVideo.framework */; };
		52B8A5C71D27781300FA453F /* CoreVideo.framework in Frameworks */ = {isa = PBXBuildFile; fileRef = 52B8A5AC1D27781300FA453F /* CoreVideo.framework */; };
		52B8A5C81D27781300FA453F /* CoreVideo.framework in Frameworks */ = {isa = PBXBuildFile; fileRef = 52B8A5AC1D27781300FA453F /* CoreVideo.framework */; };
		52B8A5C91D27781300FA453F /* CoreVideo.framework in Frameworks */ = {isa = PBXBuildFile; fileRef = 52B8A5AC1D27781300FA453F /* CoreVideo.framework */; };
		52B8A5CA1D27781300FA453F /* Cocoa.framework in Frameworks */ = {isa = PBXBuildFile; fileRef = 52B8A5AD1D27781300FA453F /* Cocoa.framework */; };
		52B8A5CB1D27781300FA453F /* Cocoa.framework in Frameworks */ = {isa = PBXBuildFile; fileRef = 52B8A5AD1D27781300FA453F /* Cocoa.framework */; };
		52B8A5CC1D27781300FA453F /* Cocoa.framework in Frameworks */ = {isa = PBXBuildFile; fileRef = 52B8A5AD1D27781300FA453F /* Cocoa.framework */; };
		52B8A5CD1D27781300FA453F /* Cocoa.framework in Frameworks */ = {isa = PBXBuildFile; fileRef = 52B8A5AD1D27781300FA453F /* Cocoa.framework */; };
		52B8A5D21D27781300FA453F /* IOKit.framework in Frameworks */ = {isa = PBXBuildFile; fileRef = 52B8A5AF1D27781300FA453F /* IOKit.framework */; };
		52B8A5D31D27781300FA453F /* IOKit.framework in Frameworks */ = {isa = PBXBuildFile; fileRef = 52B8A5AF1D27781300FA453F /* IOKit.framework */; };
		52B8A5D41D27781300FA453F /* IOKit.framework in Frameworks */ = {isa = PBXBuildFile; fileRef = 52B8A5AF1D27781300FA453F /* IOKit.framework */; };
		52B8A5D51D27781300FA453F /* IOKit.framework in Frameworks */ = {isa = PBXBuildFile; fileRef = 52B8A5AF1D27781300FA453F /* IOKit.framework */; };
		52B8A5D61D27781300FA453F /* CoreAudio.framework in Frameworks */ = {isa = PBXBuildFile; fileRef = 52B8A5B01D27781300FA453F /* CoreAudio.framework */; };
		52B8A5D71D27781300FA453F /* CoreAudio.framework in Frameworks */ = {isa = PBXBuildFile; fileRef = 52B8A5B01D27781300FA453F /* CoreAudio.framework */; };
		52B8A5D81D27781300FA453F /* CoreAudio.framework in Frameworks */ = {isa = PBXBuildFile; fileRef = 52B8A5B01D27781300FA453F /* CoreAudio.framework */; };
		52B8A5D91D27781300FA453F /* CoreAudio.framework in Frameworks */ = {isa = PBXBuildFile; fileRef = 52B8A5B01D27781300FA453F /* CoreAudio.framework */; };
		52B8A5DA1D27781300FA453F /* AudioUnit.framework in Frameworks */ = {isa = PBXBuildFile; fileRef = 52B8A5B11D27781300FA453F /* AudioUnit.framework */; };
		52B8A5DB1D27781300FA453F /* AudioUnit.framework in Frameworks */ = {isa = PBXBuildFile; fileRef = 52B8A5B11D27781300FA453F /* AudioUnit.framework */; };
		52B8A5DC1D27781300FA453F /* AudioUnit.framework in Frameworks */ = {isa = PBXBuildFile; fileRef = 52B8A5B11D27781300FA453F /* AudioUnit.framework */; };
		52B8A5DD1D27781300FA453F /* AudioUnit.framework in Frameworks */ = {isa = PBXBuildFile; fileRef = 52B8A5B11D27781300FA453F /* AudioUnit.framework */; };
		52B8A5DE1D27781300FA453F /* AppKit.framework in Frameworks */ = {isa = PBXBuildFile; fileRef = 52B8A5B21D27781300FA453F /* AppKit.framework */; };
		52B8A5DF1D27781300FA453F /* AppKit.framework in Frameworks */ = {isa = PBXBuildFile; fileRef = 52B8A5B21D27781300FA453F /* AppKit.framework */; };
		52B8A5E01D27781300FA453F /* AppKit.framework in Frameworks */ = {isa = PBXBuildFile; fileRef = 52B8A5B21D27781300FA453F /* AppKit.framework */; };
		52B8A5E11D27781300FA453F /* AppKit.framework in Frameworks */ = {isa = PBXBuildFile; fileRef = 52B8A5B21D27781300FA453F /* AppKit.framework */; };
		52B8A5E21D27781300FA453F /* OpenGL.framework in Frameworks */ = {isa = PBXBuildFile; fileRef = 52B8A5B31D27781300FA453F /* OpenGL.framework */; };
		52B8A5E31D27781300FA453F /* OpenGL.framework in Frameworks */ = {isa = PBXBuildFile; fileRef = 52B8A5B31D27781300FA453F /* OpenGL.framework */; };
		52B8A5E41D27781300FA453F /* OpenGL.framework in Frameworks */ = {isa = PBXBuildFile; fileRef = 52B8A5B31D27781300FA453F /* OpenGL.framework */; };
		52B8A5E51D27781300FA453F /* OpenGL.framework in Frameworks */ = {isa = PBXBuildFile; fileRef = 52B8A5B31D27781300FA453F /* OpenGL.framework */; };
		52B8A5E61D27781300FA453F /* AudioToolbox.framework in Frameworks */ = {isa = PBXBuildFile; fileRef = 52B8A5B41D27781300FA453F /* AudioToolbox.framework */; };
		52B8A5E71D27781300FA453F /* AudioToolbox.framework in Frameworks */ = {isa = PBXBuildFile; fileRef = 52B8A5B41D27781300FA453F /* AudioToolbox.framework */; };
		52B8A5E81D27781300FA453F /* AudioToolbox.framework in Frameworks */ = {isa = PBXBuildFile; fileRef = 52B8A5B41D27781300FA453F /* AudioToolbox.framework */; };
		52B8A5E91D27781300FA453F /* AudioToolbox.framework in Frameworks */ = {isa = PBXBuildFile; fileRef = 52B8A5B41D27781300FA453F /* AudioToolbox.framework */; };
		52C5C0391D2784E6001E3B10 /* plugin_registration.cpp in Sources */ = {isa = PBXBuildFile; fileRef = 52C5C0261D2784E6001E3B10 /* plugin_registration.cpp */; };
		52C5C03B1D2784E6001E3B10 /* plugin_registration.cpp in Sources */ = {isa = PBXBuildFile; fileRef = 52C5C0261D2784E6001E3B10 /* plugin_registration.cpp */; };
		52C5C03E1D2784E6001E3B10 /* steam_plugin_registration.cpp in Sources */ = {isa = PBXBuildFile; fileRef = 52C5C0281D2784E6001E3B10 /* steam_plugin_registration.cpp */; };
		52C5C0401D2784E6001E3B10 /* steam_plugin_registration.cpp in Sources */ = {isa = PBXBuildFile; fileRef = 52C5C0281D2784E6001E3B10 /* steam_plugin_registration.cpp */; };
		52C5C0421D2784E6001E3B10 /* AGSteam.cpp in Sources */ = {isa = PBXBuildFile; fileRef = 52C5C02A1D2784E6001E3B10 /* AGSteam.cpp */; };
		52C5C0441D2784E6001E3B10 /* AGSteam.cpp in Sources */ = {isa = PBXBuildFile; fileRef = 52C5C02A1D2784E6001E3B10 /* AGSteam.cpp */; };
		52C5C0461D2784E6001E3B10 /* SteamAchievements.cpp in Sources */ = {isa = PBXBuildFile; fileRef = 52C5C02C1D2784E6001E3B10 /* SteamAchievements.cpp */; };
		52C5C0481D2784E6001E3B10 /* SteamAchievements.cpp in Sources */ = {isa = PBXBuildFile; fileRef = 52C5C02C1D2784E6001E3B10 /* SteamAchievements.cpp */; };
		52C5C04A1D2784E6001E3B10 /* SteamStats.cpp in Sources */ = {isa = PBXBuildFile; fileRef = 52C5C02E1D2784E6001E3B10 /* SteamStats.cpp */; };
		52C5C04C1D2784E6001E3B10 /* SteamStats.cpp in Sources */ = {isa = PBXBuildFile; fileRef = 52C5C02E1D2784E6001E3B10 /* SteamStats.cpp */; };
		52C5C04E1D2784E6001E3B10 /* win32fillin.cpp in Sources */ = {isa = PBXBuildFile; fileRef = 52C5C0301D2784E6001E3B10 /* win32fillin.cpp */; };
		52C5C0501D2784E6001E3B10 /* win32fillin.cpp in Sources */ = {isa = PBXBuildFile; fileRef = 52C5C0301D2784E6001E3B10 /* win32fillin.cpp */; };
		52C5C0511D2784E6001E3B10 /* agswadjetutil.cpp in Sources */ = {isa = PBXBuildFile; fileRef = 52C5C0351D2784E6001E3B10 /* agswadjetutil.cpp */; };
		52C5C0521D2784E6001E3B10 /* agswadjetutil.cpp in Sources */ = {isa = PBXBuildFile; fileRef = 52C5C0351D2784E6001E3B10 /* agswadjetutil.cpp */; };
		52C5C0531D2784E6001E3B10 /* agswadjetutil.cpp in Sources */ = {isa = PBXBuildFile; fileRef = 52C5C0351D2784E6001E3B10 /* agswadjetutil.cpp */; };
		52C5C0541D2784E6001E3B10 /* agswadjetutil.cpp in Sources */ = {isa = PBXBuildFile; fileRef = 52C5C0351D2784E6001E3B10 /* agswadjetutil.cpp */; };
		52C5C07C1D2785D0001E3B10 /* steam_appid.txt in CopyFiles */ = {isa = PBXBuildFile; fileRef = 11FD018019DC862800C4A61D /* steam_appid.txt */; };
		52C5C07D1D2785D5001E3B10 /* libsteam_api.dylib in CopyFiles */ = {isa = PBXBuildFile; fileRef = 52B8A5A81D27781300FA453F /* libsteam_api.dylib */; settings = {ATTRIBUTES = (CodeSignOnCopy, ); }; };
		52C5C07E1D2785E0001E3B10 /* steam_appid.txt in CopyFiles */ = {isa = PBXBuildFile; fileRef = 11FD02DC19DC872A00C4A61D /* steam_appid.txt */; };
		52C5C07F1D2785E3001E3B10 /* libsteam_api.dylib in CopyFiles */ = {isa = PBXBuildFile; fileRef = 52B8A5A81D27781300FA453F /* libsteam_api.dylib */; settings = {ATTRIBUTES = (CodeSignOnCopy, ); }; };
/* End PBXBuildFile section */

/* Begin PBXCopyFilesBuildPhase section */
		11617E8219C20D4100F5A88A /* Copy Frameworks */ = {
			isa = PBXCopyFilesBuildPhase;
			buildActionMask = 2147483647;
			dstPath = "";
			dstSubfolderSpec = 10;
			files = (
			);
			name = "Copy Frameworks";
			runOnlyForDeploymentPostprocessing = 0;
		};
		11617E8C19C20FBF00F5A88A /* CopyFiles */ = {
			isa = PBXCopyFilesBuildPhase;
			buildActionMask = 2147483647;
			dstPath = "";
			dstSubfolderSpec = 6;
			files = (
			);
			runOnlyForDeploymentPostprocessing = 0;
		};
		11617E8F19C2101500F5A88A /* CopyFiles */ = {
			isa = PBXCopyFilesBuildPhase;
			buildActionMask = 2147483647;
			dstPath = "";
			dstSubfolderSpec = 6;
			files = (
				52C5C07C1D2785D0001E3B10 /* steam_appid.txt in CopyFiles */,
				52C5C07D1D2785D5001E3B10 /* libsteam_api.dylib in CopyFiles */,
			);
			runOnlyForDeploymentPostprocessing = 0;
		};
		11FD017319DC60F000C4A61D /* Copy Frameworks */ = {
			isa = PBXCopyFilesBuildPhase;
			buildActionMask = 2147483647;
			dstPath = "";
			dstSubfolderSpec = 10;
			files = (
			);
			name = "Copy Frameworks";
			runOnlyForDeploymentPostprocessing = 0;
		};
		11FD017619DC60F000C4A61D /* CopyFiles */ = {
			isa = PBXCopyFilesBuildPhase;
			buildActionMask = 2147483647;
			dstPath = "";
			dstSubfolderSpec = 6;
			files = (
			);
			runOnlyForDeploymentPostprocessing = 0;
		};
		11FD02CF19DC86C000C4A61D /* Copy Frameworks */ = {
			isa = PBXCopyFilesBuildPhase;
			buildActionMask = 2147483647;
			dstPath = "";
			dstSubfolderSpec = 10;
			files = (
			);
			name = "Copy Frameworks";
			runOnlyForDeploymentPostprocessing = 0;
		};
		11FD02D419DC86C000C4A61D /* CopyFiles */ = {
			isa = PBXCopyFilesBuildPhase;
			buildActionMask = 2147483647;
			dstPath = "";
			dstSubfolderSpec = 6;
			files = (
				52C5C07E1D2785E0001E3B10 /* steam_appid.txt in CopyFiles */,
				52C5C07F1D2785E3001E3B10 /* libsteam_api.dylib in CopyFiles */,
			);
			runOnlyForDeploymentPostprocessing = 0;
		};
		DBCDB734180EDC2A00FF80B1 /* Copy Frameworks */ = {
			isa = PBXCopyFilesBuildPhase;
			buildActionMask = 2147483647;
			dstPath = "";
			dstSubfolderSpec = 10;
			files = (
			);
			name = "Copy Frameworks";
			runOnlyForDeploymentPostprocessing = 0;
		};
/* End PBXCopyFilesBuildPhase section */

/* Begin PBXFileReference section */
		110F58A31885B8450061BB0A /* audio.vox */ = {isa = PBXFileReference; lastKnownFileType = file; name = audio.vox; path = game_files/audio.vox; sourceTree = "<group>"; };
		110F58A41885B8450061BB0A /* speech.vox */ = {isa = PBXFileReference; lastKnownFileType = file; name = speech.vox; path = game_files/speech.vox; sourceTree = "<group>"; };
		11617E8819C20D4100F5A88A /* GoldenWake.app */ = {isa = PBXFileReference; explicitFileType = wrapper.application; includeInIndex = 0; path = GoldenWake.app; sourceTree = BUILT_PRODUCTS_DIR; };
		11617E8919C20D4100F5A88A /* GoldenWake_Steam-Info.plist */ = {isa = PBXFileReference; lastKnownFileType = text.plist.xml; name = "GoldenWake_Steam-Info.plist"; path = "/Users/janetcampbell68/Documents/ags/OSX/xcode/golden_wake/GoldenWake_Steam-Info.plist"; sourceTree = "<absolute>"; };
		11617E8A19C20D6700F5A88A /* ac2game.dat */ = {isa = PBXFileReference; lastKnownFileType = file; name = ac2game.dat; path = game_files/steam/ac2game.dat; sourceTree = "<group>"; };
		119DA6B519DD927D00E7F388 /* speech.vox */ = {isa = PBXFileReference; lastKnownFileType = file; name = speech.vox; path = game_files_demo/speech.vox; sourceTree = "<group>"; };
		11B215D419B0FD3000E8FA42 /* Images.xcassets */ = {isa = PBXFileReference; lastKnownFileType = folder.assetcatalog; name = Images.xcassets; path = GoldenWake/Images.xcassets; sourceTree = "<group>"; };
		11BB40B819F7F05B00AE4BF8 /* acsetup.cfg */ = {isa = PBXFileReference; fileEncoding = 4; lastKnownFileType = text; name = acsetup.cfg; path = game_files/acsetup.cfg; sourceTree = "<group>"; };
		11BB40BD19F805F500AE4BF8 /* acsetup.cfg */ = {isa = PBXFileReference; fileEncoding = 4; lastKnownFileType = text; name = acsetup.cfg; path = game_files_demo/acsetup.cfg; sourceTree = "<group>"; };
		11FD017A19DC60F000C4A61D /* GoldenWake_Demo.app */ = {isa = PBXFileReference; explicitFileType = wrapper.application; includeInIndex = 0; path = GoldenWake_Demo.app; sourceTree = BUILT_PRODUCTS_DIR; };
		11FD017C19DC85CE00C4A61D /* ac2game.dat */ = {isa = PBXFileReference; lastKnownFileType = file; name = ac2game.dat; path = game_files/ac2game.dat; sourceTree = "<group>"; };
		11FD017E19DC85DF00C4A61D /* ac2game.dat */ = {isa = PBXFileReference; lastKnownFileType = file; name = ac2game.dat; path = game_files_demo/ac2game.dat; sourceTree = "<group>"; };
		11FD018019DC862800C4A61D /* steam_appid.txt */ = {isa = PBXFileReference; fileEncoding = 4; lastKnownFileType = text; name = steam_appid.txt; path = game_files/steam/steam_appid.txt; sourceTree = "<group>"; };
		11FD018219DC864300C4A61D /* GoldenWake_Demo-Info.plist */ = {isa = PBXFileReference; fileEncoding = 4; lastKnownFileType = text.plist.xml; path = "GoldenWake_Demo-Info.plist"; sourceTree = "<group>"; };
		11FD02D819DC86C000C4A61D /* GoldenWake_Steam_Demo.app */ = {isa = PBXFileReference; explicitFileType = wrapper.application; includeInIndex = 0; path = GoldenWake_Steam_Demo.app; sourceTree = BUILT_PRODUCTS_DIR; };
		11FD02DA19DC872400C4A61D /* ac2game.dat */ = {isa = PBXFileReference; lastKnownFileType = file; name = ac2game.dat; path = game_files_demo/steam/ac2game.dat; sourceTree = "<group>"; };
		11FD02DC19DC872A00C4A61D /* steam_appid.txt */ = {isa = PBXFileReference; fileEncoding = 4; lastKnownFileType = text; name = steam_appid.txt; path = game_files_demo/steam/steam_appid.txt; sourceTree = "<group>"; };
		1D6058910D05DD3D006BFB54 /* GoldenWake.app */ = {isa = PBXFileReference; explicitFileType = wrapper.application; includeInIndex = 0; path = GoldenWake.app; sourceTree = BUILT_PRODUCTS_DIR; };
		32CA4F630368D1EE00C91783 /* GoldenWake_Prefix.pch */ = {isa = PBXFileReference; fileEncoding = 4; lastKnownFileType = sourcecode.c.h; path = GoldenWake_Prefix.pch; sourceTree = "<group>"; };
		52B8A5A81D27781300FA453F /* libsteam_api.dylib */ = {isa = PBXFileReference; lastKnownFileType = "compiled.mach-o.dylib"; name = libsteam_api.dylib; path = redistributable_bin/osx32/libsteam_api.dylib; sourceTree = steamworks_sdk; };
		52B8A5A91D27781300FA453F /* AGSKit.framework */ = {isa = PBXFileReference; lastKnownFileType = wrapper.framework; path = AGSKit.framework; sourceTree = BUILT_PRODUCTS_DIR; };
		52B8A5AA1D27781300FA453F /* libz.1.dylib */ = {isa = PBXFileReference; lastKnownFileType = "compiled.mach-o.dylib"; name = libz.1.dylib; path = /usr/lib/libz.1.dylib; sourceTree = "<absolute>"; };
		52B8A5AB1D27781300FA453F /* libbz2.1.0.dylib */ = {isa = PBXFileReference; lastKnownFileType = "compiled.mach-o.dylib"; name = libbz2.1.0.dylib; path = /usr/lib/libbz2.1.0.dylib; sourceTree = "<absolute>"; };
		52B8A5AC1D27781300FA453F /* CoreVideo.framework */ = {isa = PBXFileReference; lastKnownFileType = wrapper.framework; name = CoreVideo.framework; path = /Applications/Xcode.app/Contents/Developer/Platforms/MacOSX.platform/Developer/SDKs/MacOSX10.11.sdk/System/Library/Frameworks/CoreVideo.framework; sourceTree = "<absolute>"; };
		52B8A5AD1D27781300FA453F /* Cocoa.framework */ = {isa = PBXFileReference; lastKnownFileType = wrapper.framework; name = Cocoa.framework; path = /Applications/Xcode.app/Contents/Developer/Platforms/MacOSX.platform/Developer/SDKs/MacOSX10.11.sdk/System/Library/Frameworks/Cocoa.framework; sourceTree = "<absolute>"; };
		52B8A5AF1D27781300FA453F /* IOKit.framework */ = {isa = PBXFileReference; lastKnownFileType = wrapper.framework; name = IOKit.framework; path = /Applications/Xcode.app/Contents/Developer/Platforms/MacOSX.platform/Developer/SDKs/MacOSX10.11.sdk/System/Library/Frameworks/IOKit.framework; sourceTree = "<absolute>"; };
		52B8A5B01D27781300FA453F /* CoreAudio.framework */ = {isa = PBXFileReference; lastKnownFileType = wrapper.framework; name = CoreAudio.framework; path = /Applications/Xcode.app/Contents/Developer/Platforms/MacOSX.platform/Developer/SDKs/MacOSX10.11.sdk/System/Library/Frameworks/CoreAudio.framework; sourceTree = "<absolute>"; };
		52B8A5B11D27781300FA453F /* AudioUnit.framework */ = {isa = PBXFileReference; lastKnownFileType = wrapper.framework; name = AudioUnit.framework; path = /Applications/Xcode.app/Contents/Developer/Platforms/MacOSX.platform/Developer/SDKs/MacOSX10.11.sdk/System/Library/Frameworks/AudioUnit.framework; sourceTree = "<absolute>"; };
		52B8A5B21D27781300FA453F /* AppKit.framework */ = {isa = PBXFileReference; lastKnownFileType = wrapper.framework; name = AppKit.framework; path = /Applications/Xcode.app/Contents/Developer/Platforms/MacOSX.platform/Developer/SDKs/MacOSX10.11.sdk/System/Library/Frameworks/AppKit.framework; sourceTree = "<absolute>"; };
		52B8A5B31D27781300FA453F /* OpenGL.framework */ = {isa = PBXFileReference; lastKnownFileType = wrapper.framework; name = OpenGL.framework; path = /Applications/Xcode.app/Contents/Developer/Platforms/MacOSX.platform/Developer/SDKs/MacOSX10.11.sdk/System/Library/Frameworks/OpenGL.framework; sourceTree = "<absolute>"; };
		52B8A5B41D27781300FA453F /* AudioToolbox.framework */ = {isa = PBXFileReference; lastKnownFileType = wrapper.framework; name = AudioToolbox.framework; path = /Applications/Xcode.app/Contents/Developer/Platforms/MacOSX.platform/Developer/SDKs/MacOSX10.11.sdk/System/Library/Frameworks/AudioToolbox.framework; sourceTree = "<absolute>"; };
		52C5C0261D2784E6001E3B10 /* plugin_registration.cpp */ = {isa = PBXFileReference; fileEncoding = 4; lastKnownFileType = sourcecode.cpp.cpp; name = plugin_registration.cpp; path = ../OSX/xcode/wadjetcommon/plugin_registration.cpp; sourceTree = "<group>"; };
		52C5C0271D2784E6001E3B10 /* plugin_registration.hpp */ = {isa = PBXFileReference; fileEncoding = 4; lastKnownFileType = sourcecode.cpp.h; name = plugin_registration.hpp; path = ../OSX/xcode/wadjetcommon/plugin_registration.hpp; sourceTree = "<group>"; };
		52C5C0281D2784E6001E3B10 /* steam_plugin_registration.cpp */ = {isa = PBXFileReference; fileEncoding = 4; lastKnownFileType = sourcecode.cpp.cpp; name = steam_plugin_registration.cpp; path = ../OSX/xcode/wadjetcommon/steam_plugin_registration.cpp; sourceTree = "<group>"; };
		52C5C0291D2784E6001E3B10 /* steam_plugin_registration.hpp */ = {isa = PBXFileReference; fileEncoding = 4; lastKnownFileType = sourcecode.cpp.h; name = steam_plugin_registration.hpp; path = ../OSX/xcode/wadjetcommon/steam_plugin_registration.hpp; sourceTree = "<group>"; };
		52C5C02A1D2784E6001E3B10 /* AGSteam.cpp */ = {isa = PBXFileReference; fileEncoding = 4; lastKnownFileType = sourcecode.cpp.cpp; name = AGSteam.cpp; path = ../OSX/xcode/agsteam/AGSteam.cpp; sourceTree = "<group>"; };
		52C5C02B1D2784E6001E3B10 /* AGSteam.h */ = {isa = PBXFileReference; fileEncoding = 4; lastKnownFileType = sourcecode.c.h; name = AGSteam.h; path = ../OSX/xcode/agsteam/AGSteam.h; sourceTree = "<group>"; };
		52C5C02C1D2784E6001E3B10 /* SteamAchievements.cpp */ = {isa = PBXFileReference; fileEncoding = 4; lastKnownFileType = sourcecode.cpp.cpp; name = SteamAchievements.cpp; path = ../OSX/xcode/agsteam/SteamAchievements.cpp; sourceTree = "<group>"; };
		52C5C02D1D2784E6001E3B10 /* SteamAchievements.h */ = {isa = PBXFileReference; fileEncoding = 4; lastKnownFileType = sourcecode.c.h; name = SteamAchievements.h; path = ../OSX/xcode/agsteam/SteamAchievements.h; sourceTree = "<group>"; };
		52C5C02E1D2784E6001E3B10 /* SteamStats.cpp */ = {isa = PBXFileReference; fileEncoding = 4; lastKnownFileType = sourcecode.cpp.cpp; name = SteamStats.cpp; path = ../OSX/xcode/agsteam/SteamStats.cpp; sourceTree = "<group>"; };
		52C5C02F1D2784E6001E3B10 /* SteamStats.h */ = {isa = PBXFileReference; fileEncoding = 4; lastKnownFileType = sourcecode.c.h; name = SteamStats.h; path = ../OSX/xcode/agsteam/SteamStats.h; sourceTree = "<group>"; };
		52C5C0301D2784E6001E3B10 /* win32fillin.cpp */ = {isa = PBXFileReference; fileEncoding = 4; lastKnownFileType = sourcecode.cpp.cpp; name = win32fillin.cpp; path = ../OSX/xcode/agsteam/win32fillin.cpp; sourceTree = "<group>"; };
		52C5C0311D2784E6001E3B10 /* win32fillin.hpp */ = {isa = PBXFileReference; fileEncoding = 4; lastKnownFileType = sourcecode.cpp.h; name = win32fillin.hpp; path = ../OSX/xcode/agsteam/win32fillin.hpp; sourceTree = "<group>"; };
		52C5C0331D2784E6001E3B10 /* agsplugin.h */ = {isa = PBXFileReference; fileEncoding = 4; lastKnownFileType = sourcecode.c.h; path = agsplugin.h; sourceTree = "<group>"; };
		52C5C0351D2784E6001E3B10 /* agswadjetutil.cpp */ = {isa = PBXFileReference; fileEncoding = 4; lastKnownFileType = sourcecode.cpp.cpp; path = agswadjetutil.cpp; sourceTree = "<group>"; };
		52C5C0361D2784E6001E3B10 /* agswadjetutil.h */ = {isa = PBXFileReference; fileEncoding = 4; lastKnownFileType = sourcecode.c.h; path = agswadjetutil.h; sourceTree = "<group>"; };
		8D1107310486CEB800E47090 /* GoldenWake-Info.plist */ = {isa = PBXFileReference; fileEncoding = 4; lastKnownFileType = text.plist.xml; path = "GoldenWake-Info.plist"; plistStructureDefinitionIdentifier = "com.apple.xcode.plist.structure-definition.iphone.info-plist"; sourceTree = "<group>"; };
/* End PBXFileReference section */

/* Begin PBXFrameworksBuildPhase section */
		11617E6E19C20D4100F5A88A /* Frameworks */ = {
			isa = PBXFrameworksBuildPhase;
			buildActionMask = 2147483647;
			files = (
				52B8A5D71D27781300FA453F /* CoreAudio.framework in Frameworks */,
				52B8A5C31D27781300FA453F /* libbz2.1.0.dylib in Frameworks */,
				52B8A5B71D27781300FA453F /* libsteam_api.dylib in Frameworks */,
				52B8A5D31D27781300FA453F /* IOKit.framework in Frameworks */,
				52B8A5E71D27781300FA453F /* AudioToolbox.framework in Frameworks */,
				52B8A5E31D27781300FA453F /* OpenGL.framework in Frameworks */,
				52B8A5DB1D27781300FA453F /* AudioUnit.framework in Frameworks */,
				52B8A5DF1D27781300FA453F /* AppKit.framework in Frameworks */,
				52B8A5CB1D27781300FA453F /* Cocoa.framework in Frameworks */,
				52B8A5BF1D27781300FA453F /* libz.1.dylib in Frameworks */,
				52B8A5BB1D27781300FA453F /* AGSKit.framework in Frameworks */,
				52B8A5C71D27781300FA453F /* CoreVideo.framework in Frameworks */,
			);
			runOnlyForDeploymentPostprocessing = 0;
		};
		11FD015F19DC60F000C4A61D /* Frameworks */ = {
			isa = PBXFrameworksBuildPhase;
			buildActionMask = 2147483647;
			files = (
				52B8A5D81D27781300FA453F /* CoreAudio.framework in Frameworks */,
				52B8A5C41D27781300FA453F /* libbz2.1.0.dylib in Frameworks */,
				52B8A5D41D27781300FA453F /* IOKit.framework in Frameworks */,
				52B8A5E81D27781300FA453F /* AudioToolbox.framework in Frameworks */,
				52B8A5E41D27781300FA453F /* OpenGL.framework in Frameworks */,
				52B8A5DC1D27781300FA453F /* AudioUnit.framework in Frameworks */,
				52B8A5E01D27781300FA453F /* AppKit.framework in Frameworks */,
				52B8A5CC1D27781300FA453F /* Cocoa.framework in Frameworks */,
				52B8A5C01D27781300FA453F /* libz.1.dylib in Frameworks */,
				52B8A5BC1D27781300FA453F /* AGSKit.framework in Frameworks */,
				52B8A5C81D27781300FA453F /* CoreVideo.framework in Frameworks */,
			);
			runOnlyForDeploymentPostprocessing = 0;
		};
		11FD02B919DC86C000C4A61D /* Frameworks */ = {
			isa = PBXFrameworksBuildPhase;
			buildActionMask = 2147483647;
			files = (
				52B8A5D91D27781300FA453F /* CoreAudio.framework in Frameworks */,
				52B8A5C51D27781300FA453F /* libbz2.1.0.dylib in Frameworks */,
				52B8A5B91D27781300FA453F /* libsteam_api.dylib in Frameworks */,
				52B8A5D51D27781300FA453F /* IOKit.framework in Frameworks */,
				52B8A5E91D27781300FA453F /* AudioToolbox.framework in Frameworks */,
				52B8A5E51D27781300FA453F /* OpenGL.framework in Frameworks */,
				52B8A5DD1D27781300FA453F /* AudioUnit.framework in Frameworks */,
				52B8A5E11D27781300FA453F /* AppKit.framework in Frameworks */,
				52B8A5CD1D27781300FA453F /* Cocoa.framework in Frameworks */,
				52B8A5C11D27781300FA453F /* libz.1.dylib in Frameworks */,
				52B8A5BD1D27781300FA453F /* AGSKit.framework in Frameworks */,
				52B8A5C91D27781300FA453F /* CoreVideo.framework in Frameworks */,
			);
			runOnlyForDeploymentPostprocessing = 0;
		};
		1D60588F0D05DD3D006BFB54 /* Frameworks */ = {
			isa = PBXFrameworksBuildPhase;
			buildActionMask = 2147483647;
			files = (
				52B8A5D61D27781300FA453F /* CoreAudio.framework in Frameworks */,
				52B8A5C21D27781300FA453F /* libbz2.1.0.dylib in Frameworks */,
				52B8A5D21D27781300FA453F /* IOKit.framework in Frameworks */,
				52B8A5E61D27781300FA453F /* AudioToolbox.framework in Frameworks */,
				52B8A5E21D27781300FA453F /* OpenGL.framework in Frameworks */,
				52B8A5DA1D27781300FA453F /* AudioUnit.framework in Frameworks */,
				52B8A5DE1D27781300FA453F /* AppKit.framework in Frameworks */,
				52B8A5CA1D27781300FA453F /* Cocoa.framework in Frameworks */,
				52B8A5BE1D27781300FA453F /* libz.1.dylib in Frameworks */,
				52B8A5BA1D27781300FA453F /* AGSKit.framework in Frameworks */,
				52B8A5C61D27781300FA453F /* CoreVideo.framework in Frameworks */,
			);
			runOnlyForDeploymentPostprocessing = 0;
		};
/* End PBXFrameworksBuildPhase section */

/* Begin PBXGroup section */
		080E96DDFE201D6D7F000001 /* Classes */ = {
			isa = PBXGroup;
			children = (
			);
			path = Classes;
			sourceTree = "<group>";
		};
		19C28FACFE9D520D11CA2CBB /* Products */ = {
			isa = PBXGroup;
			children = (
				1D6058910D05DD3D006BFB54 /* GoldenWake.app */,
				11617E8819C20D4100F5A88A /* GoldenWake.app */,
				11FD017A19DC60F000C4A61D /* GoldenWake_Demo.app */,
				11FD02D819DC86C000C4A61D /* GoldenWake_Steam_Demo.app */,
			);
			name = Products;
			sourceTree = "<group>";
		};
		29B97314FDCFA39411CA2CEA /* CustomTemplate */ = {
			isa = PBXGroup;
			children = (
				52C5C0381D2784E6001E3B10 /* Plugins */,
				080E96DDFE201D6D7F000001 /* Classes */,
				29B97315FDCFA39411CA2CEA /* Other Sources */,
				29B97317FDCFA39411CA2CEA /* Resources */,
				29B97323FDCFA39411CA2CEA /* Frameworks */,
				19C28FACFE9D520D11CA2CBB /* Products */,
			);
			indentWidth = 2;
			name = CustomTemplate;
			sourceTree = "<group>";
			tabWidth = 2;
		};
		29B97315FDCFA39411CA2CEA /* Other Sources */ = {
			isa = PBXGroup;
			children = (
				32CA4F630368D1EE00C91783 /* GoldenWake_Prefix.pch */,
			);
			name = "Other Sources";
			sourceTree = "<group>";
		};
		29B97317FDCFA39411CA2CEA /* Resources */ = {
			isa = PBXGroup;
			children = (
				11BB40BD19F805F500AE4BF8 /* acsetup.cfg */,
				11BB40B819F7F05B00AE4BF8 /* acsetup.cfg */,
				119DA6B519DD927D00E7F388 /* speech.vox */,
				11FD018219DC864300C4A61D /* GoldenWake_Demo-Info.plist */,
				11FD017C19DC85CE00C4A61D /* ac2game.dat */,
				11617E8A19C20D6700F5A88A /* ac2game.dat */,
				11FD017E19DC85DF00C4A61D /* ac2game.dat */,
				11FD02DA19DC872400C4A61D /* ac2game.dat */,
				11FD018019DC862800C4A61D /* steam_appid.txt */,
				11FD02DC19DC872A00C4A61D /* steam_appid.txt */,
				11617E8919C20D4100F5A88A /* GoldenWake_Steam-Info.plist */,
				11B215D419B0FD3000E8FA42 /* Images.xcassets */,
				110F58A31885B8450061BB0A /* audio.vox */,
				110F58A41885B8450061BB0A /* speech.vox */,
				8D1107310486CEB800E47090 /* GoldenWake-Info.plist */,
			);
			name = Resources;
			sourceTree = "<group>";
		};
		29B97323FDCFA39411CA2CEA /* Frameworks */ = {
			isa = PBXGroup;
			children = (
				52B8A5A81D27781300FA453F /* libsteam_api.dylib */,
				52B8A5A91D27781300FA453F /* AGSKit.framework */,
				52B8A5B51D27781300FA453F /* System Frameworks */,
			);
			name = Frameworks;
			path = ../../lib;
			sourceTree = "<group>";
		};
		52B8A5B51D27781300FA453F /* System Frameworks */ = {
			isa = PBXGroup;
			children = (
				52B8A5AA1D27781300FA453F /* libz.1.dylib */,
				52B8A5AB1D27781300FA453F /* libbz2.1.0.dylib */,
				52B8A5AC1D27781300FA453F /* CoreVideo.framework */,
				52B8A5AD1D27781300FA453F /* Cocoa.framework */,
				52B8A5AF1D27781300FA453F /* IOKit.framework */,
				52B8A5B01D27781300FA453F /* CoreAudio.framework */,
				52B8A5B11D27781300FA453F /* AudioUnit.framework */,
				52B8A5B21D27781300FA453F /* AppKit.framework */,
				52B8A5B31D27781300FA453F /* OpenGL.framework */,
				52B8A5B41D27781300FA453F /* AudioToolbox.framework */,
			);
			name = "System Frameworks";
			sourceTree = "<group>";
		};
		52C5C0321D2784E6001E3B10 /* AGSteam */ = {
			isa = PBXGroup;
			children = (
				52C5C02A1D2784E6001E3B10 /* AGSteam.cpp */,
				52C5C02B1D2784E6001E3B10 /* AGSteam.h */,
				52C5C02C1D2784E6001E3B10 /* SteamAchievements.cpp */,
				52C5C02D1D2784E6001E3B10 /* SteamAchievements.h */,
				52C5C02E1D2784E6001E3B10 /* SteamStats.cpp */,
				52C5C02F1D2784E6001E3B10 /* SteamStats.h */,
				52C5C0301D2784E6001E3B10 /* win32fillin.cpp */,
				52C5C0311D2784E6001E3B10 /* win32fillin.hpp */,
			);
			name = AGSteam;
			sourceTree = "<group>";
		};
		52C5C0341D2784E6001E3B10 /* plugin */ = {
			isa = PBXGroup;
			children = (
				52C5C0331D2784E6001E3B10 /* agsplugin.h */,
			);
			name = plugin;
			path = ../Engine/plugin;
			sourceTree = "<group>";
		};
		52C5C0371D2784E6001E3B10 /* agswadjetutil */ = {
			isa = PBXGroup;
			children = (
				52C5C0351D2784E6001E3B10 /* agswadjetutil.cpp */,
				52C5C0361D2784E6001E3B10 /* agswadjetutil.h */,
			);
			path = agswadjetutil;
			sourceTree = "<group>";
		};
		52C5C0381D2784E6001E3B10 /* Plugins */ = {
			isa = PBXGroup;
			children = (
				52C5C0261D2784E6001E3B10 /* plugin_registration.cpp */,
				52C5C0271D2784E6001E3B10 /* plugin_registration.hpp */,
				52C5C0281D2784E6001E3B10 /* steam_plugin_registration.cpp */,
				52C5C0291D2784E6001E3B10 /* steam_plugin_registration.hpp */,
				52C5C0321D2784E6001E3B10 /* AGSteam */,
				52C5C0341D2784E6001E3B10 /* plugin */,
				52C5C0371D2784E6001E3B10 /* agswadjetutil */,
			);
			name = Plugins;
			path = ../../../Plugins;
			sourceTree = "<group>";
		};
/* End PBXGroup section */

/* Begin PBXNativeTarget section */
		11617D3A19C20D4100F5A88A /* GoldenWake_Steam */ = {
			isa = PBXNativeTarget;
			buildConfigurationList = 11617E8519C20D4100F5A88A /* Build configuration list for PBXNativeTarget "GoldenWake_Steam" */;
			buildPhases = (
				11617D3B19C20D4100F5A88A /* Resources */,
				11617D4019C20D4100F5A88A /* Sources */,
				11617E6E19C20D4100F5A88A /* Frameworks */,
				11617E8219C20D4100F5A88A /* Copy Frameworks */,
				11617E8F19C2101500F5A88A /* CopyFiles */,
			);
			buildRules = (
			);
			dependencies = (
			);
			name = GoldenWake_Steam;
			productName = Legacy;
			productReference = 11617E8819C20D4100F5A88A /* GoldenWake.app */;
			productType = "com.apple.product-type.application";
		};
		11FD002B19DC60F000C4A61D /* GoldenWake_Demo */ = {
			isa = PBXNativeTarget;
			buildConfigurationList = 11FD017719DC60F000C4A61D /* Build configuration list for PBXNativeTarget "GoldenWake_Demo" */;
			buildPhases = (
				11FD002C19DC60F000C4A61D /* Resources */,
				11FD003119DC60F000C4A61D /* Sources */,
				11FD015F19DC60F000C4A61D /* Frameworks */,
				11FD017319DC60F000C4A61D /* Copy Frameworks */,
				11FD017619DC60F000C4A61D /* CopyFiles */,
			);
			buildRules = (
			);
			dependencies = (
			);
			name = GoldenWake_Demo;
			productName = Legacy;
			productReference = 11FD017A19DC60F000C4A61D /* GoldenWake_Demo.app */;
			productType = "com.apple.product-type.application";
		};
		11FD018419DC86C000C4A61D /* GoldenWake_Steam_Demo */ = {
			isa = PBXNativeTarget;
			buildConfigurationList = 11FD02D519DC86C000C4A61D /* Build configuration list for PBXNativeTarget "GoldenWake_Steam_Demo" */;
			buildPhases = (
				11FD018519DC86C000C4A61D /* Resources */,
				11FD018B19DC86C000C4A61D /* Sources */,
				11FD02B919DC86C000C4A61D /* Frameworks */,
				11FD02CF19DC86C000C4A61D /* Copy Frameworks */,
				11FD02D419DC86C000C4A61D /* CopyFiles */,
			);
			buildRules = (
			);
			dependencies = (
			);
			name = GoldenWake_Steam_Demo;
			productName = Legacy;
			productReference = 11FD02D819DC86C000C4A61D /* GoldenWake_Steam_Demo.app */;
			productType = "com.apple.product-type.application";
		};
		1D6058900D05DD3D006BFB54 /* GoldenWake */ = {
			isa = PBXNativeTarget;
			buildConfigurationList = 1D6058960D05DD3E006BFB54 /* Build configuration list for PBXNativeTarget "GoldenWake" */;
			buildPhases = (
				1D60588D0D05DD3D006BFB54 /* Resources */,
				1D60588E0D05DD3D006BFB54 /* Sources */,
				1D60588F0D05DD3D006BFB54 /* Frameworks */,
				DBCDB734180EDC2A00FF80B1 /* Copy Frameworks */,
				11617E8C19C20FBF00F5A88A /* CopyFiles */,
			);
			buildRules = (
			);
			dependencies = (
			);
			name = GoldenWake;
			productName = Legacy;
			productReference = 1D6058910D05DD3D006BFB54 /* GoldenWake.app */;
			productType = "com.apple.product-type.application";
		};
/* End PBXNativeTarget section */

/* Begin PBXProject section */
		29B97313FDCFA39411CA2CEA /* Project object */ = {
			isa = PBXProject;
			attributes = {
				LastUpgradeCheck = 0600;
				TargetAttributes = {
					1D6058900D05DD3D006BFB54 = {
						DevelopmentTeam = 69P49K3LPW;
					};
				};
			};
			buildConfigurationList = C01FCF4E08A954540054247B /* Build configuration list for PBXProject "GoldenWake" */;
			compatibilityVersion = "Xcode 3.2";
			developmentRegion = English;
			hasScannedForEncodings = 1;
			knownRegions = (
				English,
				Japanese,
				French,
				German,
				en,
				Base,
			);
			mainGroup = 29B97314FDCFA39411CA2CEA /* CustomTemplate */;
			projectDirPath = "";
			projectRoot = "";
			targets = (
				1D6058900D05DD3D006BFB54 /* GoldenWake */,
				11617D3A19C20D4100F5A88A /* GoldenWake_Steam */,
				11FD002B19DC60F000C4A61D /* GoldenWake_Demo */,
				11FD018419DC86C000C4A61D /* GoldenWake_Steam_Demo */,
			);
		};
/* End PBXProject section */

/* Begin PBXResourcesBuildPhase section */
		11617D3B19C20D4100F5A88A /* Resources */ = {
			isa = PBXResourcesBuildPhase;
			buildActionMask = 2147483647;
			files = (
				11FD018119DC862800C4A61D /* steam_appid.txt in Resources */,
				11617D3D19C20D4100F5A88A /* Images.xcassets in Resources */,
				11617D3E19C20D4100F5A88A /* audio.vox in Resources */,
				11617D3F19C20D4100F5A88A /* speech.vox in Resources */,
				11BB40BA19F7F05B00AE4BF8 /* acsetup.cfg in Resources */,
				11617E8B19C20D6700F5A88A /* ac2game.dat in Resources */,
			);
			runOnlyForDeploymentPostprocessing = 0;
		};
		11FD002C19DC60F000C4A61D /* Resources */ = {
			isa = PBXResourcesBuildPhase;
			buildActionMask = 2147483647;
			files = (
				11FD002E19DC60F000C4A61D /* Images.xcassets in Resources */,
				119DA6B619DD927D00E7F388 /* speech.vox in Resources */,
				11FD002F19DC60F000C4A61D /* audio.vox in Resources */,
				11BB40BE19F805F500AE4BF8 /* acsetup.cfg in Resources */,
				11FD017F19DC85DF00C4A61D /* ac2game.dat in Resources */,
			);
			runOnlyForDeploymentPostprocessing = 0;
		};
		11FD018519DC86C000C4A61D /* Resources */ = {
			isa = PBXResourcesBuildPhase;
			buildActionMask = 2147483647;
			files = (
				11FD018719DC86C000C4A61D /* Images.xcassets in Resources */,
				11BB40BF19F805F500AE4BF8 /* acsetup.cfg in Resources */,
				11FD018819DC86C000C4A61D /* audio.vox in Resources */,
				11FD02DB19DC872400C4A61D /* ac2game.dat in Resources */,
				11FD02DD19DC872A00C4A61D /* steam_appid.txt in Resources */,
				119DA6B719DD927D00E7F388 /* speech.vox in Resources */,
			);
			runOnlyForDeploymentPostprocessing = 0;
		};
		1D60588D0D05DD3D006BFB54 /* Resources */ = {
			isa = PBXResourcesBuildPhase;
			buildActionMask = 2147483647;
			files = (
				11B215D519B0FD3000E8FA42 /* Images.xcassets in Resources */,
				11BB40B919F7F05B00AE4BF8 /* acsetup.cfg in Resources */,
				110F58A81885B8450061BB0A /* audio.vox in Resources */,
				110F58A91885B8450061BB0A /* speech.vox in Resources */,
				11FD017D19DC85CE00C4A61D /* ac2game.dat in Resources */,
			);
			runOnlyForDeploymentPostprocessing = 0;
		};
/* End PBXResourcesBuildPhase section */

/* Begin PBXSourcesBuildPhase section */
		11617D4019C20D4100F5A88A /* Sources */ = {
			isa = PBXSourcesBuildPhase;
			buildActionMask = 2147483647;
			files = (
				52C5C0461D2784E6001E3B10 /* SteamAchievements.cpp in Sources */,
				52C5C0521D2784E6001E3B10 /* agswadjetutil.cpp in Sources */,
				52C5C04E1D2784E6001E3B10 /* win32fillin.cpp in Sources */,
				52C5C03E1D2784E6001E3B10 /* steam_plugin_registration.cpp in Sources */,
				52C5C04A1D2784E6001E3B10 /* SteamStats.cpp in Sources */,
				52C5C0421D2784E6001E3B10 /* AGSteam.cpp in Sources */,
			);
			runOnlyForDeploymentPostprocessing = 0;
		};
		11FD003119DC60F000C4A61D /* Sources */ = {
			isa = PBXSourcesBuildPhase;
			buildActionMask = 2147483647;
			files = (
				52C5C0531D2784E6001E3B10 /* agswadjetutil.cpp in Sources */,
				52C5C03B1D2784E6001E3B10 /* plugin_registration.cpp in Sources */,
			);
			runOnlyForDeploymentPostprocessing = 0;
		};
		11FD018B19DC86C000C4A61D /* Sources */ = {
			isa = PBXSourcesBuildPhase;
			buildActionMask = 2147483647;
			files = (
				52C5C0481D2784E6001E3B10 /* SteamAchievements.cpp in Sources */,
				52C5C0541D2784E6001E3B10 /* agswadjetutil.cpp in Sources */,
				52C5C0501D2784E6001E3B10 /* win32fillin.cpp in Sources */,
				52C5C0401D2784E6001E3B10 /* steam_plugin_registration.cpp in Sources */,
				52C5C04C1D2784E6001E3B10 /* SteamStats.cpp in Sources */,
				52C5C0441D2784E6001E3B10 /* AGSteam.cpp in Sources */,
			);
			runOnlyForDeploymentPostprocessing = 0;
		};
		1D60588E0D05DD3D006BFB54 /* Sources */ = {
			isa = PBXSourcesBuildPhase;
			buildActionMask = 2147483647;
			files = (
				52C5C0511D2784E6001E3B10 /* agswadjetutil.cpp in Sources */,
				52C5C0391D2784E6001E3B10 /* plugin_registration.cpp in Sources */,
			);
			runOnlyForDeploymentPostprocessing = 0;
		};
/* End PBXSourcesBuildPhase section */

/* Begin XCBuildConfiguration section */
		11617E8619C20D4100F5A88A /* Debug */ = {
			isa = XCBuildConfiguration;
			buildSettings = {
				ALWAYS_SEARCH_USER_PATHS = NO;
				ASSETCATALOG_COMPILER_APPICON_NAME = AppIcon;
				COMBINE_HIDPI_IMAGES = NO;
				GCC_DYNAMIC_NO_PIC = NO;
				GCC_PRECOMPILE_PREFIX_HEADER = YES;
				GCC_PREFIX_HEADER = GoldenWake_Prefix.pch;
				INFOPLIST_FILE = "GoldenWake_Steam-Info.plist";
				LD_RUNPATH_SEARCH_PATHS = "@executable_path/../Frameworks";
				LIBRARY_SEARCH_PATHS = "$(steamworks_sdk)/redistributable_bin/osx32";
				PRODUCT_NAME = GoldenWake;
				USER_HEADER_SEARCH_PATHS = "$(steamworks_sdk)/public";
			};
			name = Debug;
		};
		11617E8719C20D4100F5A88A /* Release */ = {
			isa = XCBuildConfiguration;
			buildSettings = {
				ALWAYS_SEARCH_USER_PATHS = NO;
				ASSETCATALOG_COMPILER_APPICON_NAME = AppIcon;
				COMBINE_HIDPI_IMAGES = NO;
				GCC_PRECOMPILE_PREFIX_HEADER = YES;
				GCC_PREFIX_HEADER = GoldenWake_Prefix.pch;
				INFOPLIST_FILE = "GoldenWake_Steam-Info.plist";
				LD_RUNPATH_SEARCH_PATHS = "@executable_path/../Frameworks";
				LIBRARY_SEARCH_PATHS = "$(steamworks_sdk)/redistributable_bin/osx32";
				PRODUCT_NAME = GoldenWake;
				USER_HEADER_SEARCH_PATHS = "$(steamworks_sdk)/public";
			};
			name = Release;
		};
		11FD017819DC60F000C4A61D /* Debug */ = {
			isa = XCBuildConfiguration;
			buildSettings = {
				ALWAYS_SEARCH_USER_PATHS = NO;
				ASSETCATALOG_COMPILER_APPICON_NAME = AppIcon;
				COMBINE_HIDPI_IMAGES = NO;
				GCC_DYNAMIC_NO_PIC = NO;
				GCC_PRECOMPILE_PREFIX_HEADER = YES;
				GCC_PREFIX_HEADER = GoldenWake_Prefix.pch;
				INFOPLIST_FILE = "GoldenWake_Demo-Info.plist";
				LD_RUNPATH_SEARCH_PATHS = "@executable_path/../Frameworks";
				PRODUCT_NAME = GoldenWake_Demo;
			};
			name = Debug;
		};
		11FD017919DC60F000C4A61D /* Release */ = {
			isa = XCBuildConfiguration;
			buildSettings = {
				ALWAYS_SEARCH_USER_PATHS = NO;
				ASSETCATALOG_COMPILER_APPICON_NAME = AppIcon;
				COMBINE_HIDPI_IMAGES = NO;
				GCC_PRECOMPILE_PREFIX_HEADER = YES;
				GCC_PREFIX_HEADER = GoldenWake_Prefix.pch;
				INFOPLIST_FILE = "GoldenWake_Demo-Info.plist";
				LD_RUNPATH_SEARCH_PATHS = "@executable_path/../Frameworks";
				PRODUCT_NAME = GoldenWake_Demo;
			};
			name = Release;
		};
		11FD02D619DC86C000C4A61D /* Debug */ = {
			isa = XCBuildConfiguration;
			buildSettings = {
				ALWAYS_SEARCH_USER_PATHS = NO;
				ASSETCATALOG_COMPILER_APPICON_NAME = AppIcon;
				COMBINE_HIDPI_IMAGES = NO;
				GCC_DYNAMIC_NO_PIC = NO;
				GCC_PRECOMPILE_PREFIX_HEADER = YES;
				GCC_PREFIX_HEADER = GoldenWake_Prefix.pch;
				INFOPLIST_FILE = "GoldenWake_Steam_Demo-Info.plist";
				LD_RUNPATH_SEARCH_PATHS = "@executable_path/../Frameworks";
				LIBRARY_SEARCH_PATHS = "$(steamworks_sdk)/redistributable_bin/osx32";
				PRODUCT_NAME = GoldenWake_Steam_Demo;
				USER_HEADER_SEARCH_PATHS = "$(steamworks_sdk)/public";
			};
			name = Debug;
		};
		11FD02D719DC86C000C4A61D /* Release */ = {
			isa = XCBuildConfiguration;
			buildSettings = {
				ALWAYS_SEARCH_USER_PATHS = NO;
				ASSETCATALOG_COMPILER_APPICON_NAME = AppIcon;
				COMBINE_HIDPI_IMAGES = NO;
				GCC_PRECOMPILE_PREFIX_HEADER = YES;
				GCC_PREFIX_HEADER = GoldenWake_Prefix.pch;
				INFOPLIST_FILE = "GoldenWake_Steam_Demo-Info.plist";
				LD_RUNPATH_SEARCH_PATHS = "@executable_path/../Frameworks";
				LIBRARY_SEARCH_PATHS = "$(steamworks_sdk)/redistributable_bin/osx32";
				PRODUCT_NAME = GoldenWake_Steam_Demo;
				USER_HEADER_SEARCH_PATHS = "$(steamworks_sdk)/public";
			};
			name = Release;
		};
		1D6058940D05DD3E006BFB54 /* Debug */ = {
			isa = XCBuildConfiguration;
			buildSettings = {
				ALWAYS_SEARCH_USER_PATHS = NO;
				ASSETCATALOG_COMPILER_APPICON_NAME = AppIcon;
				COMBINE_HIDPI_IMAGES = NO;
				GCC_DYNAMIC_NO_PIC = NO;
				GCC_PRECOMPILE_PREFIX_HEADER = YES;
				GCC_PREFIX_HEADER = GoldenWake_Prefix.pch;
				INFOPLIST_FILE = "GoldenWake-Info.plist";
				LD_RUNPATH_SEARCH_PATHS = "@executable_path/../Frameworks";
				PRODUCT_NAME = GoldenWake;
			};
			name = Debug;
		};
		1D6058950D05DD3E006BFB54 /* Release */ = {
			isa = XCBuildConfiguration;
			buildSettings = {
				ALWAYS_SEARCH_USER_PATHS = NO;
				ASSETCATALOG_COMPILER_APPICON_NAME = AppIcon;
				COMBINE_HIDPI_IMAGES = NO;
				GCC_PRECOMPILE_PREFIX_HEADER = YES;
				GCC_PREFIX_HEADER = GoldenWake_Prefix.pch;
				INFOPLIST_FILE = "GoldenWake-Info.plist";
				LD_RUNPATH_SEARCH_PATHS = "@executable_path/../Frameworks";
				PRODUCT_NAME = GoldenWake;
			};
			name = Release;
		};
		C01FCF4F08A954540054247B /* Debug */ = {
			isa = XCBuildConfiguration;
			buildSettings = {
				ALWAYS_SEARCH_USER_PATHS = NO;
				CLANG_CXX_LANGUAGE_STANDARD = "gnu++98";
				CLANG_WARN_BOOL_CONVERSION = YES;
				CLANG_WARN_CONSTANT_CONVERSION = YES;
				CLANG_WARN_DIRECT_OBJC_ISA_USAGE = YES_ERROR;
				CLANG_WARN_EMPTY_BODY = YES;
				CLANG_WARN_ENUM_CONVERSION = YES;
				CLANG_WARN_INT_CONVERSION = YES;
				CLANG_WARN_OBJC_ROOT_CLASS = YES_ERROR;
				CLANG_WARN_UNREACHABLE_CODE = YES;
				CLANG_WARN__DUPLICATE_METHOD_MATCH = YES;
				DEBUG_INFORMATION_FORMAT = dwarf;
				ENABLE_STRICT_OBJC_MSGSEND = YES;
				ENABLE_TESTABILITY = YES;
				GCC_C_LANGUAGE_STANDARD = gnu99;
				GCC_NO_COMMON_BLOCKS = YES;
				GCC_OPTIMIZATION_LEVEL = 0;
				GCC_PREPROCESSOR_DEFINITIONS = (
					DISABLE_MPEG_AUDIO,
					AGS_INVERTED_COLOR_ORDER,
					MAC_VERSION,
					BUILTIN_PLUGINS,
					DEBUG,
				);
				GCC_WARN_64_TO_32_BIT_CONVERSION = YES;
				GCC_WARN_ABOUT_RETURN_TYPE = YES_ERROR;
				GCC_WARN_UNDECLARED_SELECTOR = YES;
				GCC_WARN_UNINITIALIZED_AUTOS = YES_AGGRESSIVE;
				GCC_WARN_UNUSED_FUNCTION = YES;
				GCC_WARN_UNUSED_VARIABLE = YES;
				MACOSX_DEPLOYMENT_TARGET = 10.7;
				ONLY_ACTIVE_ARCH = YES;
				SDKROOT = macosx;
			};
			name = Debug;
		};
		C01FCF5008A954540054247B /* Release */ = {
			isa = XCBuildConfiguration;
			buildSettings = {
				ALWAYS_SEARCH_USER_PATHS = NO;
				CLANG_CXX_LANGUAGE_STANDARD = "gnu++98";
				CLANG_WARN_BOOL_CONVERSION = YES;
				CLANG_WARN_CONSTANT_CONVERSION = YES;
				CLANG_WARN_DIRECT_OBJC_ISA_USAGE = YES_ERROR;
				CLANG_WARN_EMPTY_BODY = YES;
				CLANG_WARN_ENUM_CONVERSION = YES;
				CLANG_WARN_INT_CONVERSION = YES;
				CLANG_WARN_OBJC_ROOT_CLASS = YES_ERROR;
				CLANG_WARN_UNREACHABLE_CODE = YES;
				CLANG_WARN__DUPLICATE_METHOD_MATCH = YES;
				DEBUG_INFORMATION_FORMAT = "dwarf-with-dsym";
				ENABLE_NS_ASSERTIONS = NO;
				ENABLE_STRICT_OBJC_MSGSEND = YES;
				GCC_C_LANGUAGE_STANDARD = gnu99;
				GCC_NO_COMMON_BLOCKS = YES;
				GCC_PREPROCESSOR_DEFINITIONS = (
					DISABLE_MPEG_AUDIO,
					AGS_INVERTED_COLOR_ORDER,
					MAC_VERSION,
					BUILTIN_PLUGINS,
				);
				GCC_WARN_64_TO_32_BIT_CONVERSION = YES;
				GCC_WARN_ABOUT_RETURN_TYPE = YES_ERROR;
				GCC_WARN_UNDECLARED_SELECTOR = YES;
				GCC_WARN_UNINITIALIZED_AUTOS = YES_AGGRESSIVE;
				GCC_WARN_UNUSED_FUNCTION = YES;
				GCC_WARN_UNUSED_VARIABLE = YES;
				MACOSX_DEPLOYMENT_TARGET = 10.7;
				OTHER_CFLAGS = "-DNS_BLOCK_ASSERTIONS=1";
				OTHER_CPLUSPLUSFLAGS = "$(OTHER_CFLAGS)";
				SDKROOT = macosx;
			};
			name = Release;
		};
/* End XCBuildConfiguration section */

/* Begin XCConfigurationList section */
		11617E8519C20D4100F5A88A /* Build configuration list for PBXNativeTarget "GoldenWake_Steam" */ = {
			isa = XCConfigurationList;
			buildConfigurations = (
				11617E8619C20D4100F5A88A /* Debug */,
				11617E8719C20D4100F5A88A /* Release */,
			);
			defaultConfigurationIsVisible = 0;
			defaultConfigurationName = Release;
		};
		11FD017719DC60F000C4A61D /* Build configuration list for PBXNativeTarget "GoldenWake_Demo" */ = {
			isa = XCConfigurationList;
			buildConfigurations = (
				11FD017819DC60F000C4A61D /* Debug */,
				11FD017919DC60F000C4A61D /* Release */,
			);
			defaultConfigurationIsVisible = 0;
			defaultConfigurationName = Release;
		};
		11FD02D519DC86C000C4A61D /* Build configuration list for PBXNativeTarget "GoldenWake_Steam_Demo" */ = {
			isa = XCConfigurationList;
			buildConfigurations = (
				11FD02D619DC86C000C4A61D /* Debug */,
				11FD02D719DC86C000C4A61D /* Release */,
			);
			defaultConfigurationIsVisible = 0;
			defaultConfigurationName = Release;
		};
		1D6058960D05DD3E006BFB54 /* Build configuration list for PBXNativeTarget "GoldenWake" */ = {
			isa = XCConfigurationList;
			buildConfigurations = (
				1D6058940D05DD3E006BFB54 /* Debug */,
				1D6058950D05DD3E006BFB54 /* Release */,
			);
			defaultConfigurationIsVisible = 0;
			defaultConfigurationName = Release;
		};
		C01FCF4E08A954540054247B /* Build configuration list for PBXProject "GoldenWake" */ = {
			isa = XCConfigurationList;
			buildConfigurations = (
				C01FCF4F08A954540054247B /* Debug */,
				C01FCF5008A954540054247B /* Release */,
			);
			defaultConfigurationIsVisible = 0;
			defaultConfigurationName = Release;
		};
/* End XCConfigurationList section */
	};
	rootObject = 29B97313FDCFA39411CA2CEA /* Project object */;
}
