// !$*UTF8*$!
{
	archiveVersion = 1;
	classes = {
	};
	objectVersion = 46;
	objects = {

/* Begin PBXBuildFile section */
		110F58A71885B8450061BB0A /* ac2game.dat in Resources */ = {isa = PBXBuildFile; fileRef = 110F58A21885B8450061BB0A /* ac2game.dat */; };
		110F58A81885B8450061BB0A /* audio.vox in Resources */ = {isa = PBXBuildFile; fileRef = 110F58A31885B8450061BB0A /* audio.vox */; };
		110F58A91885B8450061BB0A /* speech.vox in Resources */ = {isa = PBXBuildFile; fileRef = 110F58A41885B8450061BB0A /* speech.vox */; };
		1123B7581958B7BC0003CAD5 /* Images.xcassets in Resources */ = {isa = PBXBuildFile; fileRef = 1123B7571958B7BC0003CAD5 /* Images.xcassets */; };
		1150230319D8EBDF009FDFF6 /* Images.xcassets in Resources */ = {isa = PBXBuildFile; fileRef = 1123B7571958B7BC0003CAD5 /* Images.xcassets */; };
		1150230419D8EBDF009FDFF6 /* audio.vox in Resources */ = {isa = PBXBuildFile; fileRef = 110F58A31885B8450061BB0A /* audio.vox */; };
		1150230519D8EBDF009FDFF6 /* speech.vox in Resources */ = {isa = PBXBuildFile; fileRef = 110F58A41885B8450061BB0A /* speech.vox */; };
		1150245219D8ED01009FDFF6 /* ac2game.dat in Resources */ = {isa = PBXBuildFile; fileRef = 1150245119D8ED01009FDFF6 /* ac2game.dat */; };
		1150245419D8ED0D009FDFF6 /* steam_appid.txt in Resources */ = {isa = PBXBuildFile; fileRef = 1150245319D8ED0D009FDFF6 /* steam_appid.txt */; };
		52B8A5F91D27782100FA453F /* libsteam_api.dylib in Frameworks */ = {isa = PBXBuildFile; fileRef = 52B8A5EA1D27782100FA453F /* libsteam_api.dylib */; };
		52B8A5FA1D27782100FA453F /* AGSKit.framework in Frameworks */ = {isa = PBXBuildFile; fileRef = 52B8A5EB1D27782100FA453F /* AGSKit.framework */; };
		52B8A5FB1D27782100FA453F /* AGSKit.framework in Frameworks */ = {isa = PBXBuildFile; fileRef = 52B8A5EB1D27782100FA453F /* AGSKit.framework */; };
		52B8A5FC1D27782100FA453F /* libz.1.dylib in Frameworks */ = {isa = PBXBuildFile; fileRef = 52B8A5EC1D27782100FA453F /* libz.1.dylib */; };
		52B8A5FD1D27782100FA453F /* libz.1.dylib in Frameworks */ = {isa = PBXBuildFile; fileRef = 52B8A5EC1D27782100FA453F /* libz.1.dylib */; };
		52B8A5FE1D27782100FA453F /* libbz2.1.0.dylib in Frameworks */ = {isa = PBXBuildFile; fileRef = 52B8A5ED1D27782100FA453F /* libbz2.1.0.dylib */; };
		52B8A5FF1D27782100FA453F /* libbz2.1.0.dylib in Frameworks */ = {isa = PBXBuildFile; fileRef = 52B8A5ED1D27782100FA453F /* libbz2.1.0.dylib */; };
		52B8A6001D27782100FA453F /* CoreVideo.framework in Frameworks */ = {isa = PBXBuildFile; fileRef = 52B8A5EE1D27782100FA453F /* CoreVideo.framework */; };
		52B8A6011D27782100FA453F /* CoreVideo.framework in Frameworks */ = {isa = PBXBuildFile; fileRef = 52B8A5EE1D27782100FA453F /* CoreVideo.framework */; };
		52B8A6021D27782100FA453F /* Cocoa.framework in Frameworks */ = {isa = PBXBuildFile; fileRef = 52B8A5EF1D27782100FA453F /* Cocoa.framework */; };
		52B8A6031D27782100FA453F /* Cocoa.framework in Frameworks */ = {isa = PBXBuildFile; fileRef = 52B8A5EF1D27782100FA453F /* Cocoa.framework */; };
		52B8A6061D27782100FA453F /* IOKit.framework in Frameworks */ = {isa = PBXBuildFile; fileRef = 52B8A5F11D27782100FA453F /* IOKit.framework */; };
		52B8A6071D27782100FA453F /* IOKit.framework in Frameworks */ = {isa = PBXBuildFile; fileRef = 52B8A5F11D27782100FA453F /* IOKit.framework */; };
		52B8A6081D27782100FA453F /* CoreAudio.framework in Frameworks */ = {isa = PBXBuildFile; fileRef = 52B8A5F21D27782100FA453F /* CoreAudio.framework */; };
		52B8A6091D27782100FA453F /* CoreAudio.framework in Frameworks */ = {isa = PBXBuildFile; fileRef = 52B8A5F21D27782100FA453F /* CoreAudio.framework */; };
		52B8A60A1D27782100FA453F /* AudioUnit.framework in Frameworks */ = {isa = PBXBuildFile; fileRef = 52B8A5F31D27782100FA453F /* AudioUnit.framework */; };
		52B8A60B1D27782100FA453F /* AudioUnit.framework in Frameworks */ = {isa = PBXBuildFile; fileRef = 52B8A5F31D27782100FA453F /* AudioUnit.framework */; };
		52B8A60C1D27782100FA453F /* AppKit.framework in Frameworks */ = {isa = PBXBuildFile; fileRef = 52B8A5F41D27782100FA453F /* AppKit.framework */; };
		52B8A60D1D27782100FA453F /* AppKit.framework in Frameworks */ = {isa = PBXBuildFile; fileRef = 52B8A5F41D27782100FA453F /* AppKit.framework */; };
		52B8A60E1D27782100FA453F /* OpenGL.framework in Frameworks */ = {isa = PBXBuildFile; fileRef = 52B8A5F51D27782100FA453F /* OpenGL.framework */; };
		52B8A60F1D27782100FA453F /* OpenGL.framework in Frameworks */ = {isa = PBXBuildFile; fileRef = 52B8A5F51D27782100FA453F /* OpenGL.framework */; };
		52B8A6101D27782100FA453F /* AudioToolbox.framework in Frameworks */ = {isa = PBXBuildFile; fileRef = 52B8A5F61D27782100FA453F /* AudioToolbox.framework */; };
		52B8A6111D27782100FA453F /* AudioToolbox.framework in Frameworks */ = {isa = PBXBuildFile; fileRef = 52B8A5F61D27782100FA453F /* AudioToolbox.framework */; };
		52C5C06B1D2784EF001E3B10 /* steam_plugin_registration.cpp in Sources */ = {isa = PBXBuildFile; fileRef = 52C5C0571D2784EE001E3B10 /* steam_plugin_registration.cpp */; };
		52C5C06D1D2784EF001E3B10 /* AGSteam.cpp in Sources */ = {isa = PBXBuildFile; fileRef = 52C5C0591D2784EE001E3B10 /* AGSteam.cpp */; };
		52C5C06F1D2784EF001E3B10 /* SteamAchievements.cpp in Sources */ = {isa = PBXBuildFile; fileRef = 52C5C05B1D2784EE001E3B10 /* SteamAchievements.cpp */; };
		52C5C0711D2784EF001E3B10 /* SteamStats.cpp in Sources */ = {isa = PBXBuildFile; fileRef = 52C5C05D1D2784EE001E3B10 /* SteamStats.cpp */; };
		52C5C0731D2784EF001E3B10 /* win32fillin.cpp in Sources */ = {isa = PBXBuildFile; fileRef = 52C5C05F1D2784EE001E3B10 /* win32fillin.cpp */; };
		52C5C0741D2784EF001E3B10 /* agswadjetutil.cpp in Sources */ = {isa = PBXBuildFile; fileRef = 52C5C0641D2784EE001E3B10 /* agswadjetutil.cpp */; };
		52C5C0751D2784EF001E3B10 /* agswadjetutil.cpp in Sources */ = {isa = PBXBuildFile; fileRef = 52C5C0641D2784EE001E3B10 /* agswadjetutil.cpp */; };
		52C5C0761D278543001E3B10 /* plugin_registration.cpp in Sources */ = {isa = PBXBuildFile; fileRef = 52C5C0551D2784EE001E3B10 /* plugin_registration.cpp */; };
		52C5C0811D2785FD001E3B10 /* steam_appid.txt in CopyFiles */ = {isa = PBXBuildFile; fileRef = 1150245319D8ED0D009FDFF6 /* steam_appid.txt */; };
		52C5C0821D278601001E3B10 /* libsteam_api.dylib in CopyFiles */ = {isa = PBXBuildFile; fileRef = 52B8A5EA1D27782100FA453F /* libsteam_api.dylib */; settings = {ATTRIBUTES = (CodeSignOnCopy, ); }; };
/* End PBXBuildFile section */

/* Begin PBXCopyFilesBuildPhase section */
		1150244819D8EBDF009FDFF6 /* Copy Frameworks */ = {
			isa = PBXCopyFilesBuildPhase;
			buildActionMask = 2147483647;
			dstPath = "";
			dstSubfolderSpec = 10;
			files = (
			);
			name = "Copy Frameworks";
			runOnlyForDeploymentPostprocessing = 0;
		};
		52C5C0801D2785F7001E3B10 /* CopyFiles */ = {
			isa = PBXCopyFilesBuildPhase;
			buildActionMask = 2147483647;
			dstPath = "";
			dstSubfolderSpec = 6;
			files = (
				52C5C0811D2785FD001E3B10 /* steam_appid.txt in CopyFiles */,
				52C5C0821D278601001E3B10 /* libsteam_api.dylib in CopyFiles */,
			);
			runOnlyForDeploymentPostprocessing = 0;
		};
		DBCDB734180EDC2A00FF80B1 /* Copy Frameworks */ = {
			isa = PBXCopyFilesBuildPhase;
			buildActionMask = 2147483647;
			dstPath = "";
			dstSubfolderSpec = 10;
			files = (
			);
			name = "Copy Frameworks";
			runOnlyForDeploymentPostprocessing = 0;
		};
/* End PBXCopyFilesBuildPhase section */

/* Begin PBXFileReference section */
		110F58A21885B8450061BB0A /* ac2game.dat */ = {isa = PBXFileReference; lastKnownFileType = file; name = ac2game.dat; path = game_files/ac2game.dat; sourceTree = "<group>"; };
		110F58A31885B8450061BB0A /* audio.vox */ = {isa = PBXFileReference; lastKnownFileType = file; name = audio.vox; path = game_files/audio.vox; sourceTree = "<group>"; };
		110F58A41885B8450061BB0A /* speech.vox */ = {isa = PBXFileReference; lastKnownFileType = file; name = speech.vox; path = game_files/speech.vox; sourceTree = "<group>"; };
		1123B7571958B7BC0003CAD5 /* Images.xcassets */ = {isa = PBXFileReference; lastKnownFileType = folder.assetcatalog; name = Images.xcassets; path = Convergence/Images.xcassets; sourceTree = "<group>"; };
		1150244E19D8EBDF009FDFF6 /* Blackwell-Convergence.app */ = {isa = PBXFileReference; explicitFileType = wrapper.application; includeInIndex = 0; path = "Blackwell-Convergence.app"; sourceTree = BUILT_PRODUCTS_DIR; };
		1150245019D8ECF7009FDFF6 /* Convergence_Steam-Info.plist */ = {isa = PBXFileReference; lastKnownFileType = text.plist.xml; path = "Convergence_Steam-Info.plist"; sourceTree = "<group>"; };
		1150245119D8ED01009FDFF6 /* ac2game.dat */ = {isa = PBXFileReference; lastKnownFileType = file; name = ac2game.dat; path = game_files/Steam/ac2game.dat; sourceTree = "<group>"; };
		1150245319D8ED0D009FDFF6 /* steam_appid.txt */ = {isa = PBXFileReference; fileEncoding = 4; lastKnownFileType = text; name = steam_appid.txt; path = game_files/Steam/steam_appid.txt; sourceTree = "<group>"; };
		1D6058910D05DD3D006BFB54 /* Blackwell-Convergence.app */ = {isa = PBXFileReference; explicitFileType = wrapper.application; includeInIndex = 0; path = "Blackwell-Convergence.app"; sourceTree = BUILT_PRODUCTS_DIR; };
		32CA4F630368D1EE00C91783 /* Convergence_Prefix.pch */ = {isa = PBXFileReference; fileEncoding = 4; lastKnownFileType = sourcecode.c.h; path = Convergence_Prefix.pch; sourceTree = "<group>"; };
		52B8A5EA1D27782100FA453F /* libsteam_api.dylib */ = {isa = PBXFileReference; lastKnownFileType = "compiled.mach-o.dylib"; name = libsteam_api.dylib; path = redistributable_bin/osx32/libsteam_api.dylib; sourceTree = steamworks_sdk; };
		52B8A5EB1D27782100FA453F /* AGSKit.framework */ = {isa = PBXFileReference; lastKnownFileType = wrapper.framework; path = AGSKit.framework; sourceTree = BUILT_PRODUCTS_DIR; };
		52B8A5EC1D27782100FA453F /* libz.1.dylib */ = {isa = PBXFileReference; lastKnownFileType = "compiled.mach-o.dylib"; name = libz.1.dylib; path = /usr/lib/libz.1.dylib; sourceTree = "<absolute>"; };
		52B8A5ED1D27782100FA453F /* libbz2.1.0.dylib */ = {isa = PBXFileReference; lastKnownFileType = "compiled.mach-o.dylib"; name = libbz2.1.0.dylib; path = /usr/lib/libbz2.1.0.dylib; sourceTree = "<absolute>"; };
		52B8A5EE1D27782100FA453F /* CoreVideo.framework */ = {isa = PBXFileReference; lastKnownFileType = wrapper.framework; name = CoreVideo.framework; path = /Applications/Xcode.app/Contents/Developer/Platforms/MacOSX.platform/Developer/SDKs/MacOSX10.11.sdk/System/Library/Frameworks/CoreVideo.framework; sourceTree = "<absolute>"; };
		52B8A5EF1D27782100FA453F /* Cocoa.framework */ = {isa = PBXFileReference; lastKnownFileType = wrapper.framework; name = Cocoa.framework; path = /Applications/Xcode.app/Contents/Developer/Platforms/MacOSX.platform/Developer/SDKs/MacOSX10.11.sdk/System/Library/Frameworks/Cocoa.framework; sourceTree = "<absolute>"; };
		52B8A5F11D27782100FA453F /* IOKit.framework */ = {isa = PBXFileReference; lastKnownFileType = wrapper.framework; name = IOKit.framework; path = /Applications/Xcode.app/Contents/Developer/Platforms/MacOSX.platform/Developer/SDKs/MacOSX10.11.sdk/System/Library/Frameworks/IOKit.framework; sourceTree = "<absolute>"; };
		52B8A5F21D27782100FA453F /* CoreAudio.framework */ = {isa = PBXFileReference; lastKnownFileType = wrapper.framework; name = CoreAudio.framework; path = /Applications/Xcode.app/Contents/Developer/Platforms/MacOSX.platform/Developer/SDKs/MacOSX10.11.sdk/System/Library/Frameworks/CoreAudio.framework; sourceTree = "<absolute>"; };
		52B8A5F31D27782100FA453F /* AudioUnit.framework */ = {isa = PBXFileReference; lastKnownFileType = wrapper.framework; name = AudioUnit.framework; path = /Applications/Xcode.app/Contents/Developer/Platforms/MacOSX.platform/Developer/SDKs/MacOSX10.11.sdk/System/Library/Frameworks/AudioUnit.framework; sourceTree = "<absolute>"; };
		52B8A5F41D27782100FA453F /* AppKit.framework */ = {isa = PBXFileReference; lastKnownFileType = wrapper.framework; name = AppKit.framework; path = /Applications/Xcode.app/Contents/Developer/Platforms/MacOSX.platform/Developer/SDKs/MacOSX10.11.sdk/System/Library/Frameworks/AppKit.framework; sourceTree = "<absolute>"; };
		52B8A5F51D27782100FA453F /* OpenGL.framework */ = {isa = PBXFileReference; lastKnownFileType = wrapper.framework; name = OpenGL.framework; path = /Applications/Xcode.app/Contents/Developer/Platforms/MacOSX.platform/Developer/SDKs/MacOSX10.11.sdk/System/Library/Frameworks/OpenGL.framework; sourceTree = "<absolute>"; };
		52B8A5F61D27782100FA453F /* AudioToolbox.framework */ = {isa = PBXFileReference; lastKnownFileType = wrapper.framework; name = AudioToolbox.framework; path = /Applications/Xcode.app/Contents/Developer/Platforms/MacOSX.platform/Developer/SDKs/MacOSX10.11.sdk/System/Library/Frameworks/AudioToolbox.framework; sourceTree = "<absolute>"; };
		52C5C0551D2784EE001E3B10 /* plugin_registration.cpp */ = {isa = PBXFileReference; fileEncoding = 4; lastKnownFileType = sourcecode.cpp.cpp; name = plugin_registration.cpp; path = ../OSX/xcode/wadjetcommon/plugin_registration.cpp; sourceTree = "<group>"; };
		52C5C0561D2784EE001E3B10 /* plugin_registration.hpp */ = {isa = PBXFileReference; fileEncoding = 4; lastKnownFileType = sourcecode.cpp.h; name = plugin_registration.hpp; path = ../OSX/xcode/wadjetcommon/plugin_registration.hpp; sourceTree = "<group>"; };
		52C5C0571D2784EE001E3B10 /* steam_plugin_registration.cpp */ = {isa = PBXFileReference; fileEncoding = 4; lastKnownFileType = sourcecode.cpp.cpp; name = steam_plugin_registration.cpp; path = ../OSX/xcode/wadjetcommon/steam_plugin_registration.cpp; sourceTree = "<group>"; };
		52C5C0581D2784EE001E3B10 /* steam_plugin_registration.hpp */ = {isa = PBXFileReference; fileEncoding = 4; lastKnownFileType = sourcecode.cpp.h; name = steam_plugin_registration.hpp; path = ../OSX/xcode/wadjetcommon/steam_plugin_registration.hpp; sourceTree = "<group>"; };
		52C5C0591D2784EE001E3B10 /* AGSteam.cpp */ = {isa = PBXFileReference; fileEncoding = 4; lastKnownFileType = sourcecode.cpp.cpp; name = AGSteam.cpp; path = ../OSX/xcode/agsteam/AGSteam.cpp; sourceTree = "<group>"; };
		52C5C05A1D2784EE001E3B10 /* AGSteam.h */ = {isa = PBXFileReference; fileEncoding = 4; lastKnownFileType = sourcecode.c.h; name = AGSteam.h; path = ../OSX/xcode/agsteam/AGSteam.h; sourceTree = "<group>"; };
		52C5C05B1D2784EE001E3B10 /* SteamAchievements.cpp */ = {isa = PBXFileReference; fileEncoding = 4; lastKnownFileType = sourcecode.cpp.cpp; name = SteamAchievements.cpp; path = ../OSX/xcode/agsteam/SteamAchievements.cpp; sourceTree = "<group>"; };
		52C5C05C1D2784EE001E3B10 /* SteamAchievements.h */ = {isa = PBXFileReference; fileEncoding = 4; lastKnownFileType = sourcecode.c.h; name = SteamAchievements.h; path = ../OSX/xcode/agsteam/SteamAchievements.h; sourceTree = "<group>"; };
		52C5C05D1D2784EE001E3B10 /* SteamStats.cpp */ = {isa = PBXFileReference; fileEncoding = 4; lastKnownFileType = sourcecode.cpp.cpp; name = SteamStats.cpp; path = ../OSX/xcode/agsteam/SteamStats.cpp; sourceTree = "<group>"; };
		52C5C05E1D2784EE001E3B10 /* SteamStats.h */ = {isa = PBXFileReference; fileEncoding = 4; lastKnownFileType = sourcecode.c.h; name = SteamStats.h; path = ../OSX/xcode/agsteam/SteamStats.h; sourceTree = "<group>"; };
		52C5C05F1D2784EE001E3B10 /* win32fillin.cpp */ = {isa = PBXFileReference; fileEncoding = 4; lastKnownFileType = sourcecode.cpp.cpp; name = win32fillin.cpp; path = ../OSX/xcode/agsteam/win32fillin.cpp; sourceTree = "<group>"; };
		52C5C0601D2784EE001E3B10 /* win32fillin.hpp */ = {isa = PBXFileReference; fileEncoding = 4; lastKnownFileType = sourcecode.cpp.h; name = win32fillin.hpp; path = ../OSX/xcode/agsteam/win32fillin.hpp; sourceTree = "<group>"; };
		52C5C0621D2784EE001E3B10 /* agsplugin.h */ = {isa = PBXFileReference; fileEncoding = 4; lastKnownFileType = sourcecode.c.h; path = agsplugin.h; sourceTree = "<group>"; };
		52C5C0641D2784EE001E3B10 /* agswadjetutil.cpp */ = {isa = PBXFileReference; fileEncoding = 4; lastKnownFileType = sourcecode.cpp.cpp; path = agswadjetutil.cpp; sourceTree = "<group>"; };
		52C5C0651D2784EE001E3B10 /* agswadjetutil.h */ = {isa = PBXFileReference; fileEncoding = 4; lastKnownFileType = sourcecode.c.h; path = agswadjetutil.h; sourceTree = "<group>"; };
		8D1107310486CEB800E47090 /* Convergence-Info.plist */ = {isa = PBXFileReference; fileEncoding = 4; lastKnownFileType = text.plist.xml; path = "Convergence-Info.plist"; plistStructureDefinitionIdentifier = "com.apple.xcode.plist.structure-definition.iphone.info-plist"; sourceTree = "<group>"; };
/* End PBXFileReference section */

/* Begin PBXFrameworksBuildPhase section */
		1150243419D8EBDF009FDFF6 /* Frameworks */ = {
			isa = PBXFrameworksBuildPhase;
			buildActionMask = 2147483647;
			files = (
				52B8A6091D27782100FA453F /* CoreAudio.framework in Frameworks */,
				52B8A5FF1D27782100FA453F /* libbz2.1.0.dylib in Frameworks */,
				52B8A5F91D27782100FA453F /* libsteam_api.dylib in Frameworks */,
				52B8A6071D27782100FA453F /* IOKit.framework in Frameworks */,
				52B8A6111D27782100FA453F /* AudioToolbox.framework in Frameworks */,
				52B8A60F1D27782100FA453F /* OpenGL.framework in Frameworks */,
				52B8A60B1D27782100FA453F /* AudioUnit.framework in Frameworks */,
				52B8A60D1D27782100FA453F /* AppKit.framework in Frameworks */,
				52B8A6031D27782100FA453F /* Cocoa.framework in Frameworks */,
				52B8A5FD1D27782100FA453F /* libz.1.dylib in Frameworks */,
				52B8A5FB1D27782100FA453F /* AGSKit.framework in Frameworks */,
				52B8A6011D27782100FA453F /* CoreVideo.framework in Frameworks */,
			);
			runOnlyForDeploymentPostprocessing = 0;
		};
		1D60588F0D05DD3D006BFB54 /* Frameworks */ = {
			isa = PBXFrameworksBuildPhase;
			buildActionMask = 2147483647;
			files = (
				52B8A6081D27782100FA453F /* CoreAudio.framework in Frameworks */,
				52B8A5FE1D27782100FA453F /* libbz2.1.0.dylib in Frameworks */,
				52B8A6061D27782100FA453F /* IOKit.framework in Frameworks */,
				52B8A6101D27782100FA453F /* AudioToolbox.framework in Frameworks */,
				52B8A60E1D27782100FA453F /* OpenGL.framework in Frameworks */,
				52B8A60A1D27782100FA453F /* AudioUnit.framework in Frameworks */,
				52B8A60C1D27782100FA453F /* AppKit.framework in Frameworks */,
				52B8A6021D27782100FA453F /* Cocoa.framework in Frameworks */,
				52B8A5FC1D27782100FA453F /* libz.1.dylib in Frameworks */,
				52B8A5FA1D27782100FA453F /* AGSKit.framework in Frameworks */,
				52B8A6001D27782100FA453F /* CoreVideo.framework in Frameworks */,
			);
			runOnlyForDeploymentPostprocessing = 0;
		};
/* End PBXFrameworksBuildPhase section */

/* Begin PBXGroup section */
		080E96DDFE201D6D7F000001 /* Classes */ = {
			isa = PBXGroup;
			children = (
			);
			path = Classes;
			sourceTree = "<group>";
		};
		19C28FACFE9D520D11CA2CBB /* Products */ = {
			isa = PBXGroup;
			children = (
				1D6058910D05DD3D006BFB54 /* Blackwell-Convergence.app */,
				1150244E19D8EBDF009FDFF6 /* Blackwell-Convergence.app */,
			);
			name = Products;
			sourceTree = "<group>";
		};
		29B97314FDCFA39411CA2CEA /* CustomTemplate */ = {
			isa = PBXGroup;
			children = (
				52C5C0671D2784EE001E3B10 /* Plugins */,
				080E96DDFE201D6D7F000001 /* Classes */,
				29B97315FDCFA39411CA2CEA /* Other Sources */,
				29B97317FDCFA39411CA2CEA /* Resources */,
				29B97323FDCFA39411CA2CEA /* Frameworks */,
				19C28FACFE9D520D11CA2CBB /* Products */,
			);
			indentWidth = 2;
			name = CustomTemplate;
			sourceTree = "<group>";
			tabWidth = 2;
		};
		29B97315FDCFA39411CA2CEA /* Other Sources */ = {
			isa = PBXGroup;
			children = (
				32CA4F630368D1EE00C91783 /* Convergence_Prefix.pch */,
			);
			name = "Other Sources";
			sourceTree = "<group>";
		};
		29B97317FDCFA39411CA2CEA /* Resources */ = {
			isa = PBXGroup;
			children = (
				1150245319D8ED0D009FDFF6 /* steam_appid.txt */,
				1150245119D8ED01009FDFF6 /* ac2game.dat */,
				1150245019D8ECF7009FDFF6 /* Convergence_Steam-Info.plist */,
				1123B7571958B7BC0003CAD5 /* Images.xcassets */,
				110F58A21885B8450061BB0A /* ac2game.dat */,
				110F58A31885B8450061BB0A /* audio.vox */,
				110F58A41885B8450061BB0A /* speech.vox */,
				8D1107310486CEB800E47090 /* Convergence-Info.plist */,
			);
			name = Resources;
			sourceTree = "<group>";
		};
		29B97323FDCFA39411CA2CEA /* Frameworks */ = {
			isa = PBXGroup;
			children = (
				52B8A5EA1D27782100FA453F /* libsteam_api.dylib */,
				52B8A5EB1D27782100FA453F /* AGSKit.framework */,
				52B8A5F71D27782100FA453F /* System Frameworks */,
			);
			name = Frameworks;
			path = ../../lib;
			sourceTree = "<group>";
		};
		52B8A5F71D27782100FA453F /* System Frameworks */ = {
			isa = PBXGroup;
			children = (
				52B8A5EC1D27782100FA453F /* libz.1.dylib */,
				52B8A5ED1D27782100FA453F /* libbz2.1.0.dylib */,
				52B8A5EE1D27782100FA453F /* CoreVideo.framework */,
				52B8A5EF1D27782100FA453F /* Cocoa.framework */,
				52B8A5F11D27782100FA453F /* IOKit.framework */,
				52B8A5F21D27782100FA453F /* CoreAudio.framework */,
				52B8A5F31D27782100FA453F /* AudioUnit.framework */,
				52B8A5F41D27782100FA453F /* AppKit.framework */,
				52B8A5F51D27782100FA453F /* OpenGL.framework */,
				52B8A5F61D27782100FA453F /* AudioToolbox.framework */,
			);
			name = "System Frameworks";
			sourceTree = "<group>";
		};
		52C5C0611D2784EE001E3B10 /* AGSteam */ = {
			isa = PBXGroup;
			children = (
				52C5C0591D2784EE001E3B10 /* AGSteam.cpp */,
				52C5C05A1D2784EE001E3B10 /* AGSteam.h */,
				52C5C05B1D2784EE001E3B10 /* SteamAchievements.cpp */,
				52C5C05C1D2784EE001E3B10 /* SteamAchievements.h */,
				52C5C05D1D2784EE001E3B10 /* SteamStats.cpp */,
				52C5C05E1D2784EE001E3B10 /* SteamStats.h */,
				52C5C05F1D2784EE001E3B10 /* win32fillin.cpp */,
				52C5C0601D2784EE001E3B10 /* win32fillin.hpp */,
			);
			name = AGSteam;
			sourceTree = "<group>";
		};
		52C5C0631D2784EE001E3B10 /* plugin */ = {
			isa = PBXGroup;
			children = (
				52C5C0621D2784EE001E3B10 /* agsplugin.h */,
			);
			name = plugin;
			path = ../Engine/plugin;
			sourceTree = "<group>";
		};
		52C5C0661D2784EE001E3B10 /* agswadjetutil */ = {
			isa = PBXGroup;
			children = (
				52C5C0641D2784EE001E3B10 /* agswadjetutil.cpp */,
				52C5C0651D2784EE001E3B10 /* agswadjetutil.h */,
			);
			path = agswadjetutil;
			sourceTree = "<group>";
		};
		52C5C0671D2784EE001E3B10 /* Plugins */ = {
			isa = PBXGroup;
			children = (
				52C5C0551D2784EE001E3B10 /* plugin_registration.cpp */,
				52C5C0561D2784EE001E3B10 /* plugin_registration.hpp */,
				52C5C0571D2784EE001E3B10 /* steam_plugin_registration.cpp */,
				52C5C0581D2784EE001E3B10 /* steam_plugin_registration.hpp */,
				52C5C0611D2784EE001E3B10 /* AGSteam */,
				52C5C0631D2784EE001E3B10 /* plugin */,
				52C5C0661D2784EE001E3B10 /* agswadjetutil */,
			);
			name = Plugins;
			path = ../../../Plugins;
			sourceTree = "<group>";
		};
/* End PBXGroup section */

/* Begin PBXNativeTarget section */
		1150230019D8EBDF009FDFF6 /* Convergence_Steam */ = {
			isa = PBXNativeTarget;
			buildConfigurationList = 1150244B19D8EBDF009FDFF6 /* Build configuration list for PBXNativeTarget "Convergence_Steam" */;
			buildPhases = (
				1150230119D8EBDF009FDFF6 /* Resources */,
				1150230619D8EBDF009FDFF6 /* Sources */,
				1150243419D8EBDF009FDFF6 /* Frameworks */,
				1150244819D8EBDF009FDFF6 /* Copy Frameworks */,
				52C5C0801D2785F7001E3B10 /* CopyFiles */,
			);
			buildRules = (
			);
			dependencies = (
			);
			name = Convergence_Steam;
			productName = Legacy;
			productReference = 1150244E19D8EBDF009FDFF6 /* Blackwell-Convergence.app */;
			productType = "com.apple.product-type.application";
		};
		1D6058900D05DD3D006BFB54 /* Convergence */ = {
			isa = PBXNativeTarget;
			buildConfigurationList = 1D6058960D05DD3E006BFB54 /* Build configuration list for PBXNativeTarget "Convergence" */;
			buildPhases = (
				1D60588D0D05DD3D006BFB54 /* Resources */,
				1D60588E0D05DD3D006BFB54 /* Sources */,
				1D60588F0D05DD3D006BFB54 /* Frameworks */,
				DBCDB734180EDC2A00FF80B1 /* Copy Frameworks */,
			);
			buildRules = (
			);
			dependencies = (
			);
			name = Convergence;
			productName = Legacy;
			productReference = 1D6058910D05DD3D006BFB54 /* Blackwell-Convergence.app */;
			productType = "com.apple.product-type.application";
		};
/* End PBXNativeTarget section */

/* Begin PBXProject section */
		29B97313FDCFA39411CA2CEA /* Project object */ = {
			isa = PBXProject;
			attributes = {
				LastUpgradeCheck = 0910;
				TargetAttributes = {
					1D6058900D05DD3D006BFB54 = {
						DevelopmentTeam = 69P49K3LPW;
					};
				};
			};
			buildConfigurationList = C01FCF4E08A954540054247B /* Build configuration list for PBXProject "Convergence" */;
			compatibilityVersion = "Xcode 3.2";
			developmentRegion = English;
			hasScannedForEncodings = 1;
			knownRegions = (
				English,
				Japanese,
				French,
				German,
				en,
				Base,
			);
			mainGroup = 29B97314FDCFA39411CA2CEA /* CustomTemplate */;
			projectDirPath = "";
			projectRoot = "";
			targets = (
				1D6058900D05DD3D006BFB54 /* Convergence */,
				1150230019D8EBDF009FDFF6 /* Convergence_Steam */,
			);
		};
/* End PBXProject section */

/* Begin PBXResourcesBuildPhase section */
		1150230119D8EBDF009FDFF6 /* Resources */ = {
			isa = PBXResourcesBuildPhase;
			buildActionMask = 2147483647;
			files = (
				1150245419D8ED0D009FDFF6 /* steam_appid.txt in Resources */,
				1150230319D8EBDF009FDFF6 /* Images.xcassets in Resources */,
				1150230419D8EBDF009FDFF6 /* audio.vox in Resources */,
				1150230519D8EBDF009FDFF6 /* speech.vox in Resources */,
				1150245219D8ED01009FDFF6 /* ac2game.dat in Resources */,
			);
			runOnlyForDeploymentPostprocessing = 0;
		};
		1D60588D0D05DD3D006BFB54 /* Resources */ = {
			isa = PBXResourcesBuildPhase;
			buildActionMask = 2147483647;
			files = (
				110F58A71885B8450061BB0A /* ac2game.dat in Resources */,
				1123B7581958B7BC0003CAD5 /* Images.xcassets in Resources */,
				110F58A81885B8450061BB0A /* audio.vox in Resources */,
				110F58A91885B8450061BB0A /* speech.vox in Resources */,
			);
			runOnlyForDeploymentPostprocessing = 0;
		};
/* End PBXResourcesBuildPhase section */

/* Begin PBXSourcesBuildPhase section */
		1150230619D8EBDF009FDFF6 /* Sources */ = {
			isa = PBXSourcesBuildPhase;
			buildActionMask = 2147483647;
			files = (
				52C5C06F1D2784EF001E3B10 /* SteamAchievements.cpp in Sources */,
				52C5C0751D2784EF001E3B10 /* agswadjetutil.cpp in Sources */,
				52C5C0731D2784EF001E3B10 /* win32fillin.cpp in Sources */,
				52C5C06B1D2784EF001E3B10 /* steam_plugin_registration.cpp in Sources */,
				52C5C0711D2784EF001E3B10 /* SteamStats.cpp in Sources */,
				52C5C06D1D2784EF001E3B10 /* AGSteam.cpp in Sources */,
			);
			runOnlyForDeploymentPostprocessing = 0;
		};
		1D60588E0D05DD3D006BFB54 /* Sources */ = {
			isa = PBXSourcesBuildPhase;
			buildActionMask = 2147483647;
			files = (
				52C5C0741D2784EF001E3B10 /* agswadjetutil.cpp in Sources */,
				52C5C0761D278543001E3B10 /* plugin_registration.cpp in Sources */,
			);
			runOnlyForDeploymentPostprocessing = 0;
		};
/* End PBXSourcesBuildPhase section */

/* Begin XCBuildConfiguration section */
		1150244C19D8EBDF009FDFF6 /* Debug */ = {
			isa = XCBuildConfiguration;
			buildSettings = {
				ALWAYS_SEARCH_USER_PATHS = NO;
				ASSETCATALOG_COMPILER_APPICON_NAME = AppIcon;
				COMBINE_HIDPI_IMAGES = NO;
				GCC_DYNAMIC_NO_PIC = NO;
				GCC_PRECOMPILE_PREFIX_HEADER = YES;
				GCC_PREFIX_HEADER = Convergence_Prefix.pch;
				INFOPLIST_FILE = "Convergence_Steam-Info.plist";
				LD_RUNPATH_SEARCH_PATHS = "@executable_path/../Frameworks";
				LIBRARY_SEARCH_PATHS = "$(steamworks_sdk)/redistributable_bin/osx32";
				PRODUCT_BUNDLE_IDENTIFIER = "com.wadjeteyegames.mac.$(PRODUCT_NAME:rfc1034identifier)";
				PRODUCT_NAME = "Blackwell-Convergence";
				USER_HEADER_SEARCH_PATHS = "$(steamworks_sdk)/public";
			};
			name = Debug;
		};
		1150244D19D8EBDF009FDFF6 /* Release */ = {
			isa = XCBuildConfiguration;
			buildSettings = {
				ALWAYS_SEARCH_USER_PATHS = NO;
				ASSETCATALOG_COMPILER_APPICON_NAME = AppIcon;
				COMBINE_HIDPI_IMAGES = NO;
				GCC_PRECOMPILE_PREFIX_HEADER = YES;
				GCC_PREFIX_HEADER = Convergence_Prefix.pch;
				INFOPLIST_FILE = "Convergence_Steam-Info.plist";
				LD_RUNPATH_SEARCH_PATHS = "@executable_path/../Frameworks";
				LIBRARY_SEARCH_PATHS = "$(steamworks_sdk)/redistributable_bin/osx32";
				PRODUCT_BUNDLE_IDENTIFIER = "com.wadjeteyegames.mac.$(PRODUCT_NAME:rfc1034identifier)";
				PRODUCT_NAME = "Blackwell-Convergence";
				USER_HEADER_SEARCH_PATHS = "$(steamworks_sdk)/public";
			};
			name = Release;
		};
		1D6058940D05DD3E006BFB54 /* Debug */ = {
			isa = XCBuildConfiguration;
			buildSettings = {
				ALWAYS_SEARCH_USER_PATHS = NO;
				ASSETCATALOG_COMPILER_APPICON_NAME = AppIcon;
				COMBINE_HIDPI_IMAGES = NO;
				GCC_DYNAMIC_NO_PIC = NO;
				GCC_PRECOMPILE_PREFIX_HEADER = YES;
				GCC_PREFIX_HEADER = Convergence_Prefix.pch;
				INFOPLIST_FILE = "Convergence-Info.plist";
				LD_RUNPATH_SEARCH_PATHS = "@executable_path/../Frameworks";
				PRODUCT_BUNDLE_IDENTIFIER = "com.wadjeteyegames.mac.$(PRODUCT_NAME:rfc1034identifier)";
				PRODUCT_NAME = "Blackwell-Convergence";
			};
			name = Debug;
		};
		1D6058950D05DD3E006BFB54 /* Release */ = {
			isa = XCBuildConfiguration;
			buildSettings = {
				ALWAYS_SEARCH_USER_PATHS = NO;
				ASSETCATALOG_COMPILER_APPICON_NAME = AppIcon;
				COMBINE_HIDPI_IMAGES = NO;
				GCC_PRECOMPILE_PREFIX_HEADER = YES;
				GCC_PREFIX_HEADER = Convergence_Prefix.pch;
				INFOPLIST_FILE = "Convergence-Info.plist";
				LD_RUNPATH_SEARCH_PATHS = "@executable_path/../Frameworks";
				PRODUCT_BUNDLE_IDENTIFIER = "com.wadjeteyegames.mac.$(PRODUCT_NAME:rfc1034identifier)";
				PRODUCT_NAME = "Blackwell-Convergence";
			};
			name = Release;
		};
		C01FCF4F08A954540054247B /* Debug */ = {
			isa = XCBuildConfiguration;
			buildSettings = {
				ALWAYS_SEARCH_USER_PATHS = NO;
				CLANG_ANALYZER_LOCALIZABILITY_NONLOCALIZED = YES;
				CLANG_CXX_LANGUAGE_STANDARD = "gnu++98";
				CLANG_WARN_BLOCK_CAPTURE_AUTORELEASING = YES;
				CLANG_WARN_BOOL_CONVERSION = YES;
				CLANG_WARN_COMMA = YES;
				CLANG_WARN_CONSTANT_CONVERSION = YES;
				CLANG_WARN_DIRECT_OBJC_ISA_USAGE = YES_ERROR;
				CLANG_WARN_EMPTY_BODY = YES;
				CLANG_WARN_ENUM_CONVERSION = YES;
				CLANG_WARN_INFINITE_RECURSION = YES;
				CLANG_WARN_INT_CONVERSION = YES;
				CLANG_WARN_NON_LITERAL_NULL_CONVERSION = YES;
				CLANG_WARN_OBJC_LITERAL_CONVERSION = YES;
				CLANG_WARN_OBJC_ROOT_CLASS = YES_ERROR;
				CLANG_WARN_RANGE_LOOP_ANALYSIS = YES;
				CLANG_WARN_STRICT_PROTOTYPES = YES;
				CLANG_WARN_SUSPICIOUS_MOVE = YES;
				CLANG_WARN_UNREACHABLE_CODE = YES;
				CLANG_WARN__DUPLICATE_METHOD_MATCH = YES;
				DEBUG_INFORMATION_FORMAT = dwarf;
				ENABLE_STRICT_OBJC_MSGSEND = YES;
				ENABLE_TESTABILITY = YES;
				GCC_C_LANGUAGE_STANDARD = gnu99;
				GCC_NO_COMMON_BLOCKS = YES;
				GCC_OPTIMIZATION_LEVEL = 0;
				GCC_PREPROCESSOR_DEFINITIONS = (
					DISABLE_MPEG_AUDIO,
					AGS_INVERTED_COLOR_ORDER,
					MAC_VERSION,
					BUILTIN_PLUGINS,
					DEBUG,
				);
				GCC_WARN_64_TO_32_BIT_CONVERSION = YES;
				GCC_WARN_ABOUT_RETURN_TYPE = YES_ERROR;
				GCC_WARN_UNDECLARED_SELECTOR = YES;
				GCC_WARN_UNINITIALIZED_AUTOS = YES_AGGRESSIVE;
				GCC_WARN_UNUSED_FUNCTION = YES;
				GCC_WARN_UNUSED_VARIABLE = YES;
				MACOSX_DEPLOYMENT_TARGET = 10.7;
				ONLY_ACTIVE_ARCH = YES;
				SDKROOT = macosx;
			};
			name = Debug;
		};
		C01FCF5008A954540054247B /* Release */ = {
			isa = XCBuildConfiguration;
			buildSettings = {
				ALWAYS_SEARCH_USER_PATHS = NO;
				CLANG_ANALYZER_LOCALIZABILITY_NONLOCALIZED = YES;
				CLANG_CXX_LANGUAGE_STANDARD = "gnu++98";
				CLANG_WARN_BLOCK_CAPTURE_AUTORELEASING = YES;
				CLANG_WARN_BOOL_CONVERSION = YES;
				CLANG_WARN_COMMA = YES;
				CLANG_WARN_CONSTANT_CONVERSION = YES;
				CLANG_WARN_DIRECT_OBJC_ISA_USAGE = YES_ERROR;
				CLANG_WARN_EMPTY_BODY = YES;
				CLANG_WARN_ENUM_CONVERSION = YES;
				CLANG_WARN_INFINITE_RECURSION = YES;
				CLANG_WARN_INT_CONVERSION = YES;
				CLANG_WARN_NON_LITERAL_NULL_CONVERSION = YES;
				CLANG_WARN_OBJC_LITERAL_CONVERSION = YES;
				CLANG_WARN_OBJC_ROOT_CLASS = YES_ERROR;
				CLANG_WARN_RANGE_LOOP_ANALYSIS = YES;
				CLANG_WARN_STRICT_PROTOTYPES = YES;
				CLANG_WARN_SUSPICIOUS_MOVE = YES;
				CLANG_WARN_UNREACHABLE_CODE = YES;
				CLANG_WARN__DUPLICATE_METHOD_MATCH = YES;
				DEBUG_INFORMATION_FORMAT = "dwarf-with-dsym";
				ENABLE_NS_ASSERTIONS = NO;
				ENABLE_STRICT_OBJC_MSGSEND = YES;
				GCC_C_LANGUAGE_STANDARD = gnu99;
				GCC_NO_COMMON_BLOCKS = YES;
				GCC_PREPROCESSOR_DEFINITIONS = (
					DISABLE_MPEG_AUDIO,
					AGS_INVERTED_COLOR_ORDER,
					MAC_VERSION,
					BUILTIN_PLUGINS,
				);
				GCC_WARN_64_TO_32_BIT_CONVERSION = YES;
				GCC_WARN_ABOUT_RETURN_TYPE = YES_ERROR;
				GCC_WARN_UNDECLARED_SELECTOR = YES;
				GCC_WARN_UNINITIALIZED_AUTOS = YES_AGGRESSIVE;
				GCC_WARN_UNUSED_FUNCTION = YES;
				GCC_WARN_UNUSED_VARIABLE = YES;
				MACOSX_DEPLOYMENT_TARGET = 10.7;
				OTHER_CFLAGS = "-DNS_BLOCK_ASSERTIONS=1";
				OTHER_CPLUSPLUSFLAGS = "$(OTHER_CFLAGS)";
				SDKROOT = macosx;
			};
			name = Release;
		};
/* End XCBuildConfiguration section */

/* Begin XCConfigurationList section */
		1150244B19D8EBDF009FDFF6 /* Build configuration list for PBXNativeTarget "Convergence_Steam" */ = {
			isa = XCConfigurationList;
			buildConfigurations = (
				1150244C19D8EBDF009FDFF6 /* Debug */,
				1150244D19D8EBDF009FDFF6 /* Release */,
			);
			defaultConfigurationIsVisible = 0;
			defaultConfigurationName = Release;
		};
		1D6058960D05DD3E006BFB54 /* Build configuration list for PBXNativeTarget "Convergence" */ = {
			isa = XCConfigurationList;
			buildConfigurations = (
				1D6058940D05DD3E006BFB54 /* Debug */,
				1D6058950D05DD3E006BFB54 /* Release */,
			);
			defaultConfigurationIsVisible = 0;
			defaultConfigurationName = Release;
		};
		C01FCF4E08A954540054247B /* Build configuration list for PBXProject "Convergence" */ = {
			isa = XCConfigurationList;
			buildConfigurations = (
				C01FCF4F08A954540054247B /* Debug */,
				C01FCF5008A954540054247B /* Release */,
			);
			defaultConfigurationIsVisible = 0;
			defaultConfigurationName = Release;
		};
/* End XCConfigurationList section */
	};
	rootObject = 29B97313FDCFA39411CA2CEA /* Project object */;
}
